PODS:
  - ColorUtils (1.1.3)
  - JSONModel (1.0.1)
  - PureLayout (2.0.2)
  - UIView-Easing (0.0.1)

DEPENDENCIES:
  - ColorUtils
  - JSONModel
  - PureLayout
  - UIView-Easing (~> 0.0.1)

SPEC CHECKSUMS:
  ColorUtils: d99b38d2a7abf81df1698477b19f895576578738
  JSONModel: 634100aaacbd89811bc8a03da209356e5989c569
  PureLayout: 03fe8d5ab68f5871038b3b7065d28ac880d5f2a0
  UIView-Easing: 96b6088cfa5dde48970e74101de863d90c81dba1

COCOAPODS: 0.35.0
