// !$*UTF8*$!
{
	archiveVersion = 1;
	classes = {
	};
	objectVersion = 46;
	objects = {

/* Begin PBXBuildFile section */
		201F51261A24D1C900191CB3 /* PRTweenTimingFunctions.m in Sources */ = {isa = PBXBuildFile; fileRef = 201F51251A24D1C900191CB3 /* PRTweenTimingFunctions.m */; };
		202B7EEE1A3070F7000E13C7 /* CSSubtitleBlockTableViewCell.xib in Resources */ = {isa = PBXBuildFile; fileRef = 202B7EED1A3070F7000E13C7 /* CSSubtitleBlockTableViewCell.xib */; };
		202B7EF21A30BA13000E13C7 /* CSFigureBlockTableViewCell.m in Sources */ = {isa = PBXBuildFile; fileRef = 202B7EF11A30BA13000E13C7 /* CSFigureBlockTableViewCell.m */; };
		202B7EF41A30BA2C000E13C7 /* CSFigureBlockTableViewCell.xib in Resources */ = {isa = PBXBuildFile; fileRef = 202B7EF31A30BA2C000E13C7 /* CSFigureBlockTableViewCell.xib */; };
		203010381A25ECFC0088FD7C /* articles.json in Resources */ = {isa = PBXBuildFile; fileRef = 203010371A25ECFC0088FD7C /* articles.json */; };
		2030103E1A25FC1E0088FD7C /* CSArticleModel.m in Sources */ = {isa = PBXBuildFile; fileRef = 2030103D1A25FC1E0088FD7C /* CSArticleModel.m */; };
		203010411A25FD760088FD7C /* CSPartModel.m in Sources */ = {isa = PBXBuildFile; fileRef = 203010401A25FD760088FD7C /* CSPartModel.m */; };
		203010441A25FE140088FD7C /* CSBlockModel.m in Sources */ = {isa = PBXBuildFile; fileRef = 203010431A25FE140088FD7C /* CSBlockModel.m */; };
		203010471A26009B0088FD7C /* CSBlockContentModel.m in Sources */ = {isa = PBXBuildFile; fileRef = 203010461A26009B0088FD7C /* CSBlockContentModel.m */; };
		2030104B1A2605230088FD7C /* CSDataManager.m in Sources */ = {isa = PBXBuildFile; fileRef = 2030104A1A2605230088FD7C /* CSDataManager.m */; };
		2030104E1A2608330088FD7C /* CSArticlesModel.m in Sources */ = {isa = PBXBuildFile; fileRef = 2030104D1A2608330088FD7C /* CSArticlesModel.m */; };
		203EFFAF1A1658870085D493 /* QuartzCore.framework in Frameworks */ = {isa = PBXBuildFile; fileRef = 203EFFAD1A16578E0085D493 /* QuartzCore.framework */; };
		206C55EA1A16022400E2B152 /* CSArchivesHomeTransition.m in Sources */ = {isa = PBXBuildFile; fileRef = 206C55E91A16022400E2B152 /* CSArchivesHomeTransition.m */; };
		206FD85B1A30CE1700636737 /* CSAsideBlockTableViewCell.xib in Resources */ = {isa = PBXBuildFile; fileRef = 206FD85A1A30CE1700636737 /* CSAsideBlockTableViewCell.xib */; };
		206FD85E1A30CE4400636737 /* CSAsideBlockTableViewCell.m in Sources */ = {isa = PBXBuildFile; fileRef = 206FD85D1A30CE4400636737 /* CSAsideBlockTableViewCell.m */; };
		20801A7B1A23609600EF38F3 /* Leitura-Italic1.otf in Resources */ = {isa = PBXBuildFile; fileRef = 20801A751A23609600EF38F3 /* Leitura-Italic1.otf */; };
		20801A7C1A23609600EF38F3 /* Leitura-Italic2.otf in Resources */ = {isa = PBXBuildFile; fileRef = 20801A761A23609600EF38F3 /* Leitura-Italic2.otf */; };
		20801A7D1A23609600EF38F3 /* Leitura-NewsRoman1.otf in Resources */ = {isa = PBXBuildFile; fileRef = 20801A771A23609600EF38F3 /* Leitura-NewsRoman1.otf */; };
		20801A7E1A23609600EF38F3 /* Leitura-Roman1.otf in Resources */ = {isa = PBXBuildFile; fileRef = 20801A781A23609600EF38F3 /* Leitura-Roman1.otf */; };
		20801A7F1A23609600EF38F3 /* Leitura-Roman2.otf in Resources */ = {isa = PBXBuildFile; fileRef = 20801A791A23609600EF38F3 /* Leitura-Roman2.otf */; };
		20801A801A23609600EF38F3 /* Leitura-Roman3.otf in Resources */ = {isa = PBXBuildFile; fileRef = 20801A7A1A23609600EF38F3 /* Leitura-Roman3.otf */; };
		20801A851A2360A800EF38F3 /* Archer-Thin.otf in Resources */ = {isa = PBXBuildFile; fileRef = 20801A811A2360A800EF38F3 /* Archer-Thin.otf */; };
		20801A861A2360A800EF38F3 /* Archer-XLight.otf in Resources */ = {isa = PBXBuildFile; fileRef = 20801A821A2360A800EF38F3 /* Archer-XLight.otf */; };
		20801A871A2360A800EF38F3 /* Calibre-Light.otf in Resources */ = {isa = PBXBuildFile; fileRef = 20801A831A2360A800EF38F3 /* Calibre-Light.otf */; };
		20801A881A2360A800EF38F3 /* Calibre-Reg.otf in Resources */ = {isa = PBXBuildFile; fileRef = 20801A841A2360A800EF38F3 /* Calibre-Reg.otf */; };
		20801A8C1A23640200EF38F3 /* CSIssuesPreviewDescriptionViewCell.m in Sources */ = {isa = PBXBuildFile; fileRef = 20801A8B1A23640200EF38F3 /* CSIssuesPreviewDescriptionViewCell.m */; };
		20801A8F1A237F2E00EF38F3 /* CSIssuesPreviewCollectionView.m in Sources */ = {isa = PBXBuildFile; fileRef = 20801A8E1A237F2E00EF38F3 /* CSIssuesPreviewCollectionView.m */; };
		20801A921A237F3E00EF38F3 /* CSGradientIndicatorView.m in Sources */ = {isa = PBXBuildFile; fileRef = 20801A911A237F3E00EF38F3 /* CSGradientIndicatorView.m */; };
		208C9D051A10EFD000517B46 /* CSArchivesViewController.m in Sources */ = {isa = PBXBuildFile; fileRef = 208C9D041A10EFD000517B46 /* CSArchivesViewController.m */; };
		208C9D091A10F15E00517B46 /* CSHomeArchivesTransition.m in Sources */ = {isa = PBXBuildFile; fileRef = 208C9D081A10F15E00517B46 /* CSHomeArchivesTransition.m */; };
		2090603E1A10BB50001EC87E /* main.m in Sources */ = {isa = PBXBuildFile; fileRef = 2090603D1A10BB50001EC87E /* main.m */; };
		209060411A10BB50001EC87E /* AppDelegate.m in Sources */ = {isa = PBXBuildFile; fileRef = 209060401A10BB50001EC87E /* AppDelegate.m */; };
		209060471A10BB50001EC87E /* Main.storyboard in Resources */ = {isa = PBXBuildFile; fileRef = 209060451A10BB50001EC87E /* Main.storyboard */; };
		209060491A10BB50001EC87E /* Images.xcassets in Resources */ = {isa = PBXBuildFile; fileRef = 209060481A10BB50001EC87E /* Images.xcassets */; };
		2090604C1A10BB51001EC87E /* LaunchScreen.xib in Resources */ = {isa = PBXBuildFile; fileRef = 2090604A1A10BB51001EC87E /* LaunchScreen.xib */; };
		209060581A10BB51001EC87E /* reuters_widerTests.m in Sources */ = {isa = PBXBuildFile; fileRef = 209060571A10BB51001EC87E /* reuters_widerTests.m */; };
		20A55B0B1A222C46003B601B /* CSMainNavigationController.m in Sources */ = {isa = PBXBuildFile; fileRef = 20A55B0A1A222C46003B601B /* CSMainNavigationController.m */; };
		20A55B0F1A223B32003B601B /* CSIssuesPreviewFlowLayout.m in Sources */ = {isa = PBXBuildFile; fileRef = 20A55B0E1A223B32003B601B /* CSIssuesPreviewFlowLayout.m */; };
		20BACB7B1A1AA33C00EB78CC /* CSHomeViewController.m in Sources */ = {isa = PBXBuildFile; fileRef = 20BACB7A1A1AA33C00EB78CC /* CSHomeViewController.m */; };
		20BBDFEA1A2E6B6B00F2A8C4 /* CSAttributedLabel.m in Sources */ = {isa = PBXBuildFile; fileRef = 20BBDFE91A2E6B6B00F2A8C4 /* CSAttributedLabel.m */; };
		20C0E79F1A2FC4890019C874 /* CSSubtitleBlockTableViewCell.m in Sources */ = {isa = PBXBuildFile; fileRef = 20C0E79E1A2FC4890019C874 /* CSSubtitleBlockTableViewCell.m */; };
		20CABEA61A27239E00462EE4 /* CSArticlePartTableViewController.m in Sources */ = {isa = PBXBuildFile; fileRef = 20CABEA51A27239E00462EE4 /* CSArticlePartTableViewController.m */; };
		20CABEB41A27253A00462EE4 /* CSIssuesPreviewPictureViewCell.m in Sources */ = {isa = PBXBuildFile; fileRef = 20CABEB31A27253A00462EE4 /* CSIssuesPreviewPictureViewCell.m */; };
		20CABEBB1A27257E00462EE4 /* CSTestBlockTableViewCell.m in Sources */ = {isa = PBXBuildFile; fileRef = 20CABEB91A27257E00462EE4 /* CSTestBlockTableViewCell.m */; };
		20CABEBC1A27257E00462EE4 /* CSTestBlockTableViewCell.xib in Resources */ = {isa = PBXBuildFile; fileRef = 20CABEBA1A27257E00462EE4 /* CSTestBlockTableViewCell.xib */; };
		20CABEC01A272ED700462EE4 /* CSAbstractArticleViewCellTableViewCell.m in Sources */ = {isa = PBXBuildFile; fileRef = 20CABEBF1A272ED700462EE4 /* CSAbstractArticleViewCellTableViewCell.m */; };
		EB469E3B1A2733A7001C7B02 /* CSHeadingBlockTableViewCell.m in Sources */ = {isa = PBXBuildFile; fileRef = EB469E3A1A2733A7001C7B02 /* CSHeadingBlockTableViewCell.m */; };
		EB469E3F1A2733F5001C7B02 /* CSHeadingBlockTableViewCell.xib in Resources */ = {isa = PBXBuildFile; fileRef = EB469E3E1A2733F5001C7B02 /* CSHeadingBlockTableViewCell.xib */; };
		EB469E481A27582E001C7B02 /* CSMetaBlockTableViewCell.m in Sources */ = {isa = PBXBuildFile; fileRef = EB469E471A27582E001C7B02 /* CSMetaBlockTableViewCell.m */; };
		EB469E4A1A275841001C7B02 /* CSMetaBlockTableViewCell.xib in Resources */ = {isa = PBXBuildFile; fileRef = EB469E491A275841001C7B02 /* CSMetaBlockTableViewCell.xib */; };
		EB469E4E1A275A5F001C7B02 /* CSTeasingBlockTableViewCell.m in Sources */ = {isa = PBXBuildFile; fileRef = EB469E4D1A275A5F001C7B02 /* CSTeasingBlockTableViewCell.m */; };
		EB469E501A275A70001C7B02 /* CSTeasingBlockTableViewCell.xib in Resources */ = {isa = PBXBuildFile; fileRef = EB469E4F1A275A70001C7B02 /* CSTeasingBlockTableViewCell.xib */; };
		EB469E541A275CBC001C7B02 /* CSParagraphBlockTableViewCell.m in Sources */ = {isa = PBXBuildFile; fileRef = EB469E531A275CBC001C7B02 /* CSParagraphBlockTableViewCell.m */; };
		EB469E561A275CD1001C7B02 /* CSParagraphBlockTableViewCell.xib in Resources */ = {isa = PBXBuildFile; fileRef = EB469E551A275CD1001C7B02 /* CSParagraphBlockTableViewCell.xib */; };
		EB469E5A1A275F9A001C7B02 /* CSStatementBlockTableViewCell.m in Sources */ = {isa = PBXBuildFile; fileRef = EB469E591A275F9A001C7B02 /* CSStatementBlockTableViewCell.m */; };
		EB469E5C1A275FAB001C7B02 /* CSStatementBlockTableViewCell.xib in Resources */ = {isa = PBXBuildFile; fileRef = EB469E5B1A275FAB001C7B02 /* CSStatementBlockTableViewCell.xib */; };
		F76C03B76B2A679466431906 /* libPods.a in Frameworks */ = {isa = PBXBuildFile; fileRef = 0DE9C5460100CC02C50B3172 /* libPods.a */; };
/* End PBXBuildFile section */

/* Begin PBXContainerItemProxy section */
		209060521A10BB51001EC87E /* PBXContainerItemProxy */ = {
			isa = PBXContainerItemProxy;
			containerPortal = 209060301A10BB50001EC87E /* Project object */;
			proxyType = 1;
			remoteGlobalIDString = 209060371A10BB50001EC87E;
			remoteInfo = "reuters-wider";
		};
/* End PBXContainerItemProxy section */

/* Begin PBXFileReference section */
		0DE9C5460100CC02C50B3172 /* libPods.a */ = {isa = PBXFileReference; explicitFileType = archive.ar; includeInIndex = 0; path = libPods.a; sourceTree = BUILT_PRODUCTS_DIR; };
		201F51241A24D1C900191CB3 /* PRTweenTimingFunctions.h */ = {isa = PBXFileReference; fileEncoding = 4; lastKnownFileType = sourcecode.c.h; path = PRTweenTimingFunctions.h; sourceTree = "<group>"; };
		201F51251A24D1C900191CB3 /* PRTweenTimingFunctions.m */ = {isa = PBXFileReference; fileEncoding = 4; lastKnownFileType = sourcecode.c.objc; path = PRTweenTimingFunctions.m; sourceTree = "<group>"; };
		202B7EED1A3070F7000E13C7 /* CSSubtitleBlockTableViewCell.xib */ = {isa = PBXFileReference; fileEncoding = 4; lastKnownFileType = file.xib; name = CSSubtitleBlockTableViewCell.xib; path = "reuters-wider/CSSubtitleBlockTableViewCell.xib"; sourceTree = "<group>"; };
		202B7EF01A30BA13000E13C7 /* CSFigureBlockTableViewCell.h */ = {isa = PBXFileReference; fileEncoding = 4; lastKnownFileType = sourcecode.c.h; name = CSFigureBlockTableViewCell.h; path = "reuters-wider/CSFigureBlockTableViewCell.h"; sourceTree = "<group>"; };
		202B7EF11A30BA13000E13C7 /* CSFigureBlockTableViewCell.m */ = {isa = PBXFileReference; fileEncoding = 4; lastKnownFileType = sourcecode.c.objc; name = CSFigureBlockTableViewCell.m; path = "reuters-wider/CSFigureBlockTableViewCell.m"; sourceTree = "<group>"; };
		202B7EF31A30BA2C000E13C7 /* CSFigureBlockTableViewCell.xib */ = {isa = PBXFileReference; fileEncoding = 4; lastKnownFileType = file.xib; name = CSFigureBlockTableViewCell.xib; path = "reuters-wider/CSFigureBlockTableViewCell.xib"; sourceTree = "<group>"; };
		203010371A25ECFC0088FD7C /* articles.json */ = {isa = PBXFileReference; fileEncoding = 4; lastKnownFileType = text.json; path = articles.json; sourceTree = "<group>"; };
		2030103C1A25FC1E0088FD7C /* CSArticleModel.h */ = {isa = PBXFileReference; fileEncoding = 4; lastKnownFileType = sourcecode.c.h; path = CSArticleModel.h; sourceTree = "<group>"; };
		2030103D1A25FC1E0088FD7C /* CSArticleModel.m */ = {isa = PBXFileReference; fileEncoding = 4; lastKnownFileType = sourcecode.c.objc; path = CSArticleModel.m; sourceTree = "<group>"; };
		2030103F1A25FD760088FD7C /* CSPartModel.h */ = {isa = PBXFileReference; fileEncoding = 4; lastKnownFileType = sourcecode.c.h; path = CSPartModel.h; sourceTree = "<group>"; };
		203010401A25FD760088FD7C /* CSPartModel.m */ = {isa = PBXFileReference; fileEncoding = 4; lastKnownFileType = sourcecode.c.objc; path = CSPartModel.m; sourceTree = "<group>"; };
		203010421A25FE140088FD7C /* CSBlockModel.h */ = {isa = PBXFileReference; fileEncoding = 4; lastKnownFileType = sourcecode.c.h; path = CSBlockModel.h; sourceTree = "<group>"; };
		203010431A25FE140088FD7C /* CSBlockModel.m */ = {isa = PBXFileReference; fileEncoding = 4; lastKnownFileType = sourcecode.c.objc; path = CSBlockModel.m; sourceTree = "<group>"; };
		203010451A26009B0088FD7C /* CSBlockContentModel.h */ = {isa = PBXFileReference; fileEncoding = 4; lastKnownFileType = sourcecode.c.h; path = CSBlockContentModel.h; sourceTree = "<group>"; };
		203010461A26009B0088FD7C /* CSBlockContentModel.m */ = {isa = PBXFileReference; fileEncoding = 4; lastKnownFileType = sourcecode.c.objc; path = CSBlockContentModel.m; sourceTree = "<group>"; };
		203010491A2605230088FD7C /* CSDataManager.h */ = {isa = PBXFileReference; fileEncoding = 4; lastKnownFileType = sourcecode.c.h; path = CSDataManager.h; sourceTree = "<group>"; };
		2030104A1A2605230088FD7C /* CSDataManager.m */ = {isa = PBXFileReference; fileEncoding = 4; lastKnownFileType = sourcecode.c.objc; path = CSDataManager.m; sourceTree = "<group>"; };
		2030104C1A2608330088FD7C /* CSArticlesModel.h */ = {isa = PBXFileReference; fileEncoding = 4; lastKnownFileType = sourcecode.c.h; path = CSArticlesModel.h; sourceTree = "<group>"; };
		2030104D1A2608330088FD7C /* CSArticlesModel.m */ = {isa = PBXFileReference; fileEncoding = 4; lastKnownFileType = sourcecode.c.objc; path = CSArticlesModel.m; sourceTree = "<group>"; };
		203EFFAD1A16578E0085D493 /* QuartzCore.framework */ = {isa = PBXFileReference; lastKnownFileType = wrapper.framework; name = QuartzCore.framework; path = System/Library/Frameworks/QuartzCore.framework; sourceTree = SDKROOT; };
		206C55E81A16022400E2B152 /* CSArchivesHomeTransition.h */ = {isa = PBXFileReference; fileEncoding = 4; lastKnownFileType = sourcecode.c.h; path = CSArchivesHomeTransition.h; sourceTree = "<group>"; };
		206C55E91A16022400E2B152 /* CSArchivesHomeTransition.m */ = {isa = PBXFileReference; fileEncoding = 4; lastKnownFileType = sourcecode.c.objc; path = CSArchivesHomeTransition.m; sourceTree = "<group>"; };
		206C55EC1A163B0400E2B152 /* reuters-wider-Prefix.pch */ = {isa = PBXFileReference; lastKnownFileType = sourcecode.c.h; path = "reuters-wider-Prefix.pch"; sourceTree = "<group>"; };
		206FD85A1A30CE1700636737 /* CSAsideBlockTableViewCell.xib */ = {isa = PBXFileReference; fileEncoding = 4; lastKnownFileType = file.xib; name = CSAsideBlockTableViewCell.xib; path = "reuters-wider/CSAsideBlockTableViewCell.xib"; sourceTree = "<group>"; };
		206FD85C1A30CE4400636737 /* CSAsideBlockTableViewCell.h */ = {isa = PBXFileReference; fileEncoding = 4; lastKnownFileType = sourcecode.c.h; name = CSAsideBlockTableViewCell.h; path = "reuters-wider/CSAsideBlockTableViewCell.h"; sourceTree = "<group>"; };
		206FD85D1A30CE4400636737 /* CSAsideBlockTableViewCell.m */ = {isa = PBXFileReference; fileEncoding = 4; lastKnownFileType = sourcecode.c.objc; name = CSAsideBlockTableViewCell.m; path = "reuters-wider/CSAsideBlockTableViewCell.m"; sourceTree = "<group>"; };
		20801A741A235FED00EF38F3 /* CSVariables.h */ = {isa = PBXFileReference; fileEncoding = 4; lastKnownFileType = sourcecode.c.h; path = CSVariables.h; sourceTree = "<group>"; };
		20801A751A23609600EF38F3 /* Leitura-Italic1.otf */ = {isa = PBXFileReference; lastKnownFileType = file; path = "Leitura-Italic1.otf"; sourceTree = "<group>"; };
		20801A761A23609600EF38F3 /* Leitura-Italic2.otf */ = {isa = PBXFileReference; lastKnownFileType = file; path = "Leitura-Italic2.otf"; sourceTree = "<group>"; };
		20801A771A23609600EF38F3 /* Leitura-NewsRoman1.otf */ = {isa = PBXFileReference; lastKnownFileType = file; path = "Leitura-NewsRoman1.otf"; sourceTree = "<group>"; };
		20801A781A23609600EF38F3 /* Leitura-Roman1.otf */ = {isa = PBXFileReference; lastKnownFileType = file; path = "Leitura-Roman1.otf"; sourceTree = "<group>"; };
		20801A791A23609600EF38F3 /* Leitura-Roman2.otf */ = {isa = PBXFileReference; lastKnownFileType = file; path = "Leitura-Roman2.otf"; sourceTree = "<group>"; };
		20801A7A1A23609600EF38F3 /* Leitura-Roman3.otf */ = {isa = PBXFileReference; lastKnownFileType = file; path = "Leitura-Roman3.otf"; sourceTree = "<group>"; };
		20801A811A2360A800EF38F3 /* Archer-Thin.otf */ = {isa = PBXFileReference; lastKnownFileType = file; path = "Archer-Thin.otf"; sourceTree = "<group>"; };
		20801A821A2360A800EF38F3 /* Archer-XLight.otf */ = {isa = PBXFileReference; lastKnownFileType = file; path = "Archer-XLight.otf"; sourceTree = "<group>"; };
		20801A831A2360A800EF38F3 /* Calibre-Light.otf */ = {isa = PBXFileReference; lastKnownFileType = file; path = "Calibre-Light.otf"; sourceTree = "<group>"; };
		20801A841A2360A800EF38F3 /* Calibre-Reg.otf */ = {isa = PBXFileReference; lastKnownFileType = file; path = "Calibre-Reg.otf"; sourceTree = "<group>"; };
		20801A8A1A23640200EF38F3 /* CSIssuesPreviewDescriptionViewCell.h */ = {isa = PBXFileReference; fileEncoding = 4; lastKnownFileType = sourcecode.c.h; name = CSIssuesPreviewDescriptionViewCell.h; path = "reuters-wider/CSIssuesPreviewDescriptionViewCell.h"; sourceTree = "<group>"; };
		20801A8B1A23640200EF38F3 /* CSIssuesPreviewDescriptionViewCell.m */ = {isa = PBXFileReference; fileEncoding = 4; lastKnownFileType = sourcecode.c.objc; name = CSIssuesPreviewDescriptionViewCell.m; path = "reuters-wider/CSIssuesPreviewDescriptionViewCell.m"; sourceTree = "<group>"; };
		20801A8D1A237F2E00EF38F3 /* CSIssuesPreviewCollectionView.h */ = {isa = PBXFileReference; fileEncoding = 4; lastKnownFileType = sourcecode.c.h; name = CSIssuesPreviewCollectionView.h; path = "reuters-wider/CSIssuesPreviewCollectionView.h"; sourceTree = "<group>"; };
		20801A8E1A237F2E00EF38F3 /* CSIssuesPreviewCollectionView.m */ = {isa = PBXFileReference; fileEncoding = 4; lastKnownFileType = sourcecode.c.objc; name = CSIssuesPreviewCollectionView.m; path = "reuters-wider/CSIssuesPreviewCollectionView.m"; sourceTree = "<group>"; };
		20801A901A237F3E00EF38F3 /* CSGradientIndicatorView.h */ = {isa = PBXFileReference; fileEncoding = 4; lastKnownFileType = sourcecode.c.h; name = CSGradientIndicatorView.h; path = "reuters-wider/CSGradientIndicatorView.h"; sourceTree = "<group>"; };
		20801A911A237F3E00EF38F3 /* CSGradientIndicatorView.m */ = {isa = PBXFileReference; fileEncoding = 4; lastKnownFileType = sourcecode.c.objc; name = CSGradientIndicatorView.m; path = "reuters-wider/CSGradientIndicatorView.m"; sourceTree = "<group>"; };
		208C9D031A10EFD000517B46 /* CSArchivesViewController.h */ = {isa = PBXFileReference; fileEncoding = 4; lastKnownFileType = sourcecode.c.h; path = CSArchivesViewController.h; sourceTree = "<group>"; };
		208C9D041A10EFD000517B46 /* CSArchivesViewController.m */ = {isa = PBXFileReference; fileEncoding = 4; lastKnownFileType = sourcecode.c.objc; path = CSArchivesViewController.m; sourceTree = "<group>"; };
		208C9D071A10F15E00517B46 /* CSHomeArchivesTransition.h */ = {isa = PBXFileReference; fileEncoding = 4; lastKnownFileType = sourcecode.c.h; path = CSHomeArchivesTransition.h; sourceTree = "<group>"; };
		208C9D081A10F15E00517B46 /* CSHomeArchivesTransition.m */ = {isa = PBXFileReference; fileEncoding = 4; lastKnownFileType = sourcecode.c.objc; path = CSHomeArchivesTransition.m; sourceTree = "<group>"; };
		209060381A10BB50001EC87E /* reuters-wider.app */ = {isa = PBXFileReference; explicitFileType = wrapper.application; includeInIndex = 0; path = "reuters-wider.app"; sourceTree = BUILT_PRODUCTS_DIR; };
		2090603C1A10BB50001EC87E /* Info.plist */ = {isa = PBXFileReference; lastKnownFileType = text.plist.xml; path = Info.plist; sourceTree = "<group>"; };
		2090603D1A10BB50001EC87E /* main.m */ = {isa = PBXFileReference; lastKnownFileType = sourcecode.c.objc; path = main.m; sourceTree = "<group>"; };
		2090603F1A10BB50001EC87E /* AppDelegate.h */ = {isa = PBXFileReference; lastKnownFileType = sourcecode.c.h; path = AppDelegate.h; sourceTree = "<group>"; };
		209060401A10BB50001EC87E /* AppDelegate.m */ = {isa = PBXFileReference; lastKnownFileType = sourcecode.c.objc; path = AppDelegate.m; sourceTree = "<group>"; };
		209060461A10BB50001EC87E /* Base */ = {isa = PBXFileReference; lastKnownFileType = file.storyboard; name = Base; path = Base.lproj/Main.storyboard; sourceTree = "<group>"; };
		209060481A10BB50001EC87E /* Images.xcassets */ = {isa = PBXFileReference; lastKnownFileType = folder.assetcatalog; path = Images.xcassets; sourceTree = "<group>"; };
		2090604B1A10BB51001EC87E /* Base */ = {isa = PBXFileReference; lastKnownFileType = file.xib; name = Base; path = Base.lproj/LaunchScreen.xib; sourceTree = "<group>"; };
		209060511A10BB51001EC87E /* reuters-widerTests.xctest */ = {isa = PBXFileReference; explicitFileType = wrapper.cfbundle; includeInIndex = 0; path = "reuters-widerTests.xctest"; sourceTree = BUILT_PRODUCTS_DIR; };
		209060561A10BB51001EC87E /* Info.plist */ = {isa = PBXFileReference; lastKnownFileType = text.plist.xml; path = Info.plist; sourceTree = "<group>"; };
		209060571A10BB51001EC87E /* reuters_widerTests.m */ = {isa = PBXFileReference; lastKnownFileType = sourcecode.c.objc; path = reuters_widerTests.m; sourceTree = "<group>"; };
		20A55B091A222C46003B601B /* CSMainNavigationController.h */ = {isa = PBXFileReference; fileEncoding = 4; lastKnownFileType = sourcecode.c.h; path = CSMainNavigationController.h; sourceTree = "<group>"; };
		20A55B0A1A222C46003B601B /* CSMainNavigationController.m */ = {isa = PBXFileReference; fileEncoding = 4; lastKnownFileType = sourcecode.c.objc; path = CSMainNavigationController.m; sourceTree = "<group>"; };
		20A55B0D1A223B32003B601B /* CSIssuesPreviewFlowLayout.h */ = {isa = PBXFileReference; fileEncoding = 4; lastKnownFileType = sourcecode.c.h; path = CSIssuesPreviewFlowLayout.h; sourceTree = "<group>"; };
		20A55B0E1A223B32003B601B /* CSIssuesPreviewFlowLayout.m */ = {isa = PBXFileReference; fileEncoding = 4; lastKnownFileType = sourcecode.c.objc; path = CSIssuesPreviewFlowLayout.m; sourceTree = "<group>"; };
		20BACB791A1AA33C00EB78CC /* CSHomeViewController.h */ = {isa = PBXFileReference; fileEncoding = 4; lastKnownFileType = sourcecode.c.h; path = CSHomeViewController.h; sourceTree = "<group>"; };
		20BACB7A1A1AA33C00EB78CC /* CSHomeViewController.m */ = {isa = PBXFileReference; fileEncoding = 4; lastKnownFileType = sourcecode.c.objc; path = CSHomeViewController.m; sourceTree = "<group>"; };
		20BBDFE81A2E6B6B00F2A8C4 /* CSAttributedLabel.h */ = {isa = PBXFileReference; fileEncoding = 4; lastKnownFileType = sourcecode.c.h; name = CSAttributedLabel.h; path = "reuters-wider/CSAttributedLabel.h"; sourceTree = "<group>"; };
		20BBDFE91A2E6B6B00F2A8C4 /* CSAttributedLabel.m */ = {isa = PBXFileReference; fileEncoding = 4; lastKnownFileType = sourcecode.c.objc; name = CSAttributedLabel.m; path = "reuters-wider/CSAttributedLabel.m"; sourceTree = "<group>"; };
		20C0E79D1A2FC4890019C874 /* CSSubtitleBlockTableViewCell.h */ = {isa = PBXFileReference; fileEncoding = 4; lastKnownFileType = sourcecode.c.h; name = CSSubtitleBlockTableViewCell.h; path = "reuters-wider/CSSubtitleBlockTableViewCell.h"; sourceTree = "<group>"; };
		20C0E79E1A2FC4890019C874 /* CSSubtitleBlockTableViewCell.m */ = {isa = PBXFileReference; fileEncoding = 4; lastKnownFileType = sourcecode.c.objc; name = CSSubtitleBlockTableViewCell.m; path = "reuters-wider/CSSubtitleBlockTableViewCell.m"; sourceTree = "<group>"; };
		20C34B9B1A23293400B9D856 /* CSEnums.h */ = {isa = PBXFileReference; lastKnownFileType = sourcecode.c.h; path = CSEnums.h; sourceTree = "<group>"; };
		20CABEA41A27239E00462EE4 /* CSArticlePartTableViewController.h */ = {isa = PBXFileReference; fileEncoding = 4; lastKnownFileType = sourcecode.c.h; path = CSArticlePartTableViewController.h; sourceTree = "<group>"; };
		20CABEA51A27239E00462EE4 /* CSArticlePartTableViewController.m */ = {isa = PBXFileReference; fileEncoding = 4; lastKnownFileType = sourcecode.c.objc; path = CSArticlePartTableViewController.m; sourceTree = "<group>"; };
		20CABEB21A27253A00462EE4 /* CSIssuesPreviewPictureViewCell.h */ = {isa = PBXFileReference; fileEncoding = 4; lastKnownFileType = sourcecode.c.h; name = CSIssuesPreviewPictureViewCell.h; path = "reuters-wider/CSIssuesPreviewPictureViewCell.h"; sourceTree = "<group>"; };
		20CABEB31A27253A00462EE4 /* CSIssuesPreviewPictureViewCell.m */ = {isa = PBXFileReference; fileEncoding = 4; lastKnownFileType = sourcecode.c.objc; name = CSIssuesPreviewPictureViewCell.m; path = "reuters-wider/CSIssuesPreviewPictureViewCell.m"; sourceTree = "<group>"; };
		20CABEB81A27257E00462EE4 /* CSTestBlockTableViewCell.h */ = {isa = PBXFileReference; fileEncoding = 4; lastKnownFileType = sourcecode.c.h; name = CSTestBlockTableViewCell.h; path = "reuters-wider/CSTestBlockTableViewCell.h"; sourceTree = "<group>"; };
		20CABEB91A27257E00462EE4 /* CSTestBlockTableViewCell.m */ = {isa = PBXFileReference; fileEncoding = 4; lastKnownFileType = sourcecode.c.objc; name = CSTestBlockTableViewCell.m; path = "reuters-wider/CSTestBlockTableViewCell.m"; sourceTree = "<group>"; };
		20CABEBA1A27257E00462EE4 /* CSTestBlockTableViewCell.xib */ = {isa = PBXFileReference; fileEncoding = 4; lastKnownFileType = file.xib; name = CSTestBlockTableViewCell.xib; path = "reuters-wider/CSTestBlockTableViewCell.xib"; sourceTree = "<group>"; };
		20CABEBE1A272ED700462EE4 /* CSAbstractArticleViewCellTableViewCell.h */ = {isa = PBXFileReference; fileEncoding = 4; lastKnownFileType = sourcecode.c.h; name = CSAbstractArticleViewCellTableViewCell.h; path = "reuters-wider/CSAbstractArticleViewCellTableViewCell.h"; sourceTree = "<group>"; };
		20CABEBF1A272ED700462EE4 /* CSAbstractArticleViewCellTableViewCell.m */ = {isa = PBXFileReference; fileEncoding = 4; lastKnownFileType = sourcecode.c.objc; name = CSAbstractArticleViewCellTableViewCell.m; path = "reuters-wider/CSAbstractArticleViewCellTableViewCell.m"; sourceTree = "<group>"; };
		88E1419E8DE38584B52B073B /* Pods.release.xcconfig */ = {isa = PBXFileReference; includeInIndex = 1; lastKnownFileType = text.xcconfig; name = Pods.release.xcconfig; path = "Pods/Target Support Files/Pods/Pods.release.xcconfig"; sourceTree = "<group>"; };
		CF6F3471471999C3208FDAAE /* Pods.debug.xcconfig */ = {isa = PBXFileReference; includeInIndex = 1; lastKnownFileType = text.xcconfig; name = Pods.debug.xcconfig; path = "Pods/Target Support Files/Pods/Pods.debug.xcconfig"; sourceTree = "<group>"; };
		EB469E391A2733A7001C7B02 /* CSHeadingBlockTableViewCell.h */ = {isa = PBXFileReference; fileEncoding = 4; lastKnownFileType = sourcecode.c.h; name = CSHeadingBlockTableViewCell.h; path = "reuters-wider/CSHeadingBlockTableViewCell.h"; sourceTree = "<group>"; };
		EB469E3A1A2733A7001C7B02 /* CSHeadingBlockTableViewCell.m */ = {isa = PBXFileReference; fileEncoding = 4; lastKnownFileType = sourcecode.c.objc; name = CSHeadingBlockTableViewCell.m; path = "reuters-wider/CSHeadingBlockTableViewCell.m"; sourceTree = "<group>"; };
		EB469E3E1A2733F5001C7B02 /* CSHeadingBlockTableViewCell.xib */ = {isa = PBXFileReference; fileEncoding = 4; lastKnownFileType = file.xib; name = CSHeadingBlockTableViewCell.xib; path = "reuters-wider/CSHeadingBlockTableViewCell.xib"; sourceTree = "<group>"; };
		EB469E461A27582E001C7B02 /* CSMetaBlockTableViewCell.h */ = {isa = PBXFileReference; fileEncoding = 4; lastKnownFileType = sourcecode.c.h; name = CSMetaBlockTableViewCell.h; path = "reuters-wider/CSMetaBlockTableViewCell.h"; sourceTree = "<group>"; };
		EB469E471A27582E001C7B02 /* CSMetaBlockTableViewCell.m */ = {isa = PBXFileReference; fileEncoding = 4; lastKnownFileType = sourcecode.c.objc; name = CSMetaBlockTableViewCell.m; path = "reuters-wider/CSMetaBlockTableViewCell.m"; sourceTree = "<group>"; };
		EB469E491A275841001C7B02 /* CSMetaBlockTableViewCell.xib */ = {isa = PBXFileReference; fileEncoding = 4; lastKnownFileType = file.xib; name = CSMetaBlockTableViewCell.xib; path = "reuters-wider/CSMetaBlockTableViewCell.xib"; sourceTree = "<group>"; };
		EB469E4C1A275A5F001C7B02 /* CSTeasingBlockTableViewCell.h */ = {isa = PBXFileReference; fileEncoding = 4; lastKnownFileType = sourcecode.c.h; name = CSTeasingBlockTableViewCell.h; path = "reuters-wider/CSTeasingBlockTableViewCell.h"; sourceTree = "<group>"; };
		EB469E4D1A275A5F001C7B02 /* CSTeasingBlockTableViewCell.m */ = {isa = PBXFileReference; fileEncoding = 4; lastKnownFileType = sourcecode.c.objc; name = CSTeasingBlockTableViewCell.m; path = "reuters-wider/CSTeasingBlockTableViewCell.m"; sourceTree = "<group>"; };
		EB469E4F1A275A70001C7B02 /* CSTeasingBlockTableViewCell.xib */ = {isa = PBXFileReference; fileEncoding = 4; lastKnownFileType = file.xib; name = CSTeasingBlockTableViewCell.xib; path = "reuters-wider/CSTeasingBlockTableViewCell.xib"; sourceTree = "<group>"; };
		EB469E521A275CBC001C7B02 /* CSParagraphBlockTableViewCell.h */ = {isa = PBXFileReference; fileEncoding = 4; lastKnownFileType = sourcecode.c.h; name = CSParagraphBlockTableViewCell.h; path = "reuters-wider/CSParagraphBlockTableViewCell.h"; sourceTree = "<group>"; };
		EB469E531A275CBC001C7B02 /* CSParagraphBlockTableViewCell.m */ = {isa = PBXFileReference; fileEncoding = 4; lastKnownFileType = sourcecode.c.objc; name = CSParagraphBlockTableViewCell.m; path = "reuters-wider/CSParagraphBlockTableViewCell.m"; sourceTree = "<group>"; };
		EB469E551A275CD1001C7B02 /* CSParagraphBlockTableViewCell.xib */ = {isa = PBXFileReference; fileEncoding = 4; lastKnownFileType = file.xib; name = CSParagraphBlockTableViewCell.xib; path = "reuters-wider/CSParagraphBlockTableViewCell.xib"; sourceTree = "<group>"; };
		EB469E581A275F9A001C7B02 /* CSStatementBlockTableViewCell.h */ = {isa = PBXFileReference; fileEncoding = 4; lastKnownFileType = sourcecode.c.h; name = CSStatementBlockTableViewCell.h; path = "reuters-wider/CSStatementBlockTableViewCell.h"; sourceTree = "<group>"; };
		EB469E591A275F9A001C7B02 /* CSStatementBlockTableViewCell.m */ = {isa = PBXFileReference; fileEncoding = 4; lastKnownFileType = sourcecode.c.objc; name = CSStatementBlockTableViewCell.m; path = "reuters-wider/CSStatementBlockTableViewCell.m"; sourceTree = "<group>"; };
		EB469E5B1A275FAB001C7B02 /* CSStatementBlockTableViewCell.xib */ = {isa = PBXFileReference; fileEncoding = 4; lastKnownFileType = file.xib; name = CSStatementBlockTableViewCell.xib; path = "reuters-wider/CSStatementBlockTableViewCell.xib"; sourceTree = "<group>"; };
/* End PBXFileReference section */

/* Begin PBXFrameworksBuildPhase section */
		209060351A10BB50001EC87E /* Frameworks */ = {
			isa = PBXFrameworksBuildPhase;
			buildActionMask = 2147483647;
			files = (
				203EFFAF1A1658870085D493 /* QuartzCore.framework in Frameworks */,
				F76C03B76B2A679466431906 /* libPods.a in Frameworks */,
			);
			runOnlyForDeploymentPostprocessing = 0;
		};
		2090604E1A10BB51001EC87E /* Frameworks */ = {
			isa = PBXFrameworksBuildPhase;
			buildActionMask = 2147483647;
			files = (
			);
			runOnlyForDeploymentPostprocessing = 0;
		};
/* End PBXFrameworksBuildPhase section */

/* Begin PBXGroup section */
		202B7EEF1A30B9EA000E13C7 /* FigureBlock */ = {
			isa = PBXGroup;
			children = (
				202B7EF01A30BA13000E13C7 /* CSFigureBlockTableViewCell.h */,
				202B7EF11A30BA13000E13C7 /* CSFigureBlockTableViewCell.m */,
				202B7EF31A30BA2C000E13C7 /* CSFigureBlockTableViewCell.xib */,
			);
			name = FigureBlock;
			sourceTree = "<group>";
		};
		203010391A25FBB70088FD7C /* Models */ = {
			isa = PBXGroup;
			children = (
				2030103C1A25FC1E0088FD7C /* CSArticleModel.h */,
				2030103D1A25FC1E0088FD7C /* CSArticleModel.m */,
				2030103F1A25FD760088FD7C /* CSPartModel.h */,
				203010401A25FD760088FD7C /* CSPartModel.m */,
				203010421A25FE140088FD7C /* CSBlockModel.h */,
				203010431A25FE140088FD7C /* CSBlockModel.m */,
				203010451A26009B0088FD7C /* CSBlockContentModel.h */,
				203010461A26009B0088FD7C /* CSBlockContentModel.m */,
				2030104C1A2608330088FD7C /* CSArticlesModel.h */,
				2030104D1A2608330088FD7C /* CSArticlesModel.m */,
			);
			name = Models;
			sourceTree = "<group>";
		};
		203010481A2604EF0088FD7C /* Data */ = {
			isa = PBXGroup;
			children = (
				203010491A2605230088FD7C /* CSDataManager.h */,
				2030104A1A2605230088FD7C /* CSDataManager.m */,
			);
			name = Data;
			sourceTree = "<group>";
		};
		206FD8591A30CE0100636737 /* AsideBlock */ = {
			isa = PBXGroup;
			children = (
				206FD85C1A30CE4400636737 /* CSAsideBlockTableViewCell.h */,
				206FD85D1A30CE4400636737 /* CSAsideBlockTableViewCell.m */,
				206FD85A1A30CE1700636737 /* CSAsideBlockTableViewCell.xib */,
			);
			name = AsideBlock;
			sourceTree = "<group>";
		};
		20801A711A235FBD00EF38F3 /* Utils */ = {
			isa = PBXGroup;
			children = (
				20801A741A235FED00EF38F3 /* CSVariables.h */,
				20C34B9B1A23293400B9D856 /* CSEnums.h */,
				201F51241A24D1C900191CB3 /* PRTweenTimingFunctions.h */,
				201F51251A24D1C900191CB3 /* PRTweenTimingFunctions.m */,
			);
			name = Utils;
			sourceTree = "<group>";
		};
		20801A721A235FC300EF38F3 /* Assets */ = {
			isa = PBXGroup;
			children = (
				20801A731A235FD100EF38F3 /* Fonts */,
			);
			name = Assets;
			sourceTree = "<group>";
		};
		20801A731A235FD100EF38F3 /* Fonts */ = {
			isa = PBXGroup;
			children = (
				20801A811A2360A800EF38F3 /* Archer-Thin.otf */,
				20801A821A2360A800EF38F3 /* Archer-XLight.otf */,
				20801A831A2360A800EF38F3 /* Calibre-Light.otf */,
				20801A841A2360A800EF38F3 /* Calibre-Reg.otf */,
				20801A751A23609600EF38F3 /* Leitura-Italic1.otf */,
				20801A761A23609600EF38F3 /* Leitura-Italic2.otf */,
				20801A771A23609600EF38F3 /* Leitura-NewsRoman1.otf */,
				20801A781A23609600EF38F3 /* Leitura-Roman1.otf */,
				20801A791A23609600EF38F3 /* Leitura-Roman2.otf */,
				20801A7A1A23609600EF38F3 /* Leitura-Roman3.otf */,
			);
			name = Fonts;
			sourceTree = "<group>";
		};
		20801A891A2363C700EF38F3 /* IssuesDescription */ = {
			isa = PBXGroup;
			children = (
				20801A8A1A23640200EF38F3 /* CSIssuesPreviewDescriptionViewCell.h */,
				20801A8B1A23640200EF38F3 /* CSIssuesPreviewDescriptionViewCell.m */,
			);
			name = IssuesDescription;
			sourceTree = "<group>";
		};
		208C9CF51A10C62E00517B46 /* Views */ = {
			isa = PBXGroup;
			children = (
				20BBDFE71A2E6B4E00F2A8C4 /* AttributedLabel */,
				20CABEAD1A2724EB00462EE4 /* ArticleCells */,
				20E37A9A1A26221100CE441B /* IssuesPreviewPicture */,
				20801A891A2363C700EF38F3 /* IssuesDescription */,
				20A55B141A228712003B601B /* GradientIndicator */,
				20A55B131A2286E1003B601B /* IssuesPreview */,
			);
			name = Views;
			path = ..;
			sourceTree = "<group>";
		};
		208C9CF61A10D09B00517B46 /* ViewControllers */ = {
			isa = PBXGroup;
			children = (
				20CABEA01A27234400462EE4 /* ArticlePart */,
				20BACB7E1A1AA3A400EB78CC /* Archives */,
				20BACB7C1A1AA38700EB78CC /* Home */,
			);
			name = ViewControllers;
			sourceTree = "<group>";
		};
		208C9D061A10F0E100517B46 /* Segues */ = {
			isa = PBXGroup;
			children = (
				20BACB7F1A1AA3D200EB78CC /* HomeArchives */,
			);
			name = Segues;
			sourceTree = "<group>";
		};
		2090602F1A10BB50001EC87E = {
			isa = PBXGroup;
			children = (
				2090603A1A10BB50001EC87E /* reuters-wider */,
				209060541A10BB51001EC87E /* reuters-widerTests */,
				209060391A10BB50001EC87E /* Products */,
				64A33D5A2E0AB9C3CB7B1951 /* Pods */,
				FEE8AF2D9C66F999A4901A4F /* Frameworks */,
			);
			sourceTree = "<group>";
		};
		209060391A10BB50001EC87E /* Products */ = {
			isa = PBXGroup;
			children = (
				209060381A10BB50001EC87E /* reuters-wider.app */,
				209060511A10BB51001EC87E /* reuters-widerTests.xctest */,
			);
			name = Products;
			sourceTree = "<group>";
		};
		2090603A1A10BB50001EC87E /* reuters-wider */ = {
			isa = PBXGroup;
			children = (
				203010481A2604EF0088FD7C /* Data */,
				203010391A25FBB70088FD7C /* Models */,
				20801A721A235FC300EF38F3 /* Assets */,
				20801A711A235FBD00EF38F3 /* Utils */,
				20C34B9A1A23290400B9D856 /* Resources */,
				20A55B0C1A223B0A003B601B /* Layouts */,
				2090603F1A10BB50001EC87E /* AppDelegate.h */,
				209060401A10BB50001EC87E /* AppDelegate.m */,
				209060451A10BB50001EC87E /* Main.storyboard */,
				209060481A10BB50001EC87E /* Images.xcassets */,
				2090604A1A10BB51001EC87E /* LaunchScreen.xib */,
				208C9D061A10F0E100517B46 /* Segues */,
				208C9CF61A10D09B00517B46 /* ViewControllers */,
				208C9CF51A10C62E00517B46 /* Views */,
				2090603B1A10BB50001EC87E /* Supporting Files */,
				20A55B091A222C46003B601B /* CSMainNavigationController.h */,
				20A55B0A1A222C46003B601B /* CSMainNavigationController.m */,
			);
			path = "reuters-wider";
			sourceTree = "<group>";
		};
		2090603B1A10BB50001EC87E /* Supporting Files */ = {
			isa = PBXGroup;
			children = (
				2090603C1A10BB50001EC87E /* Info.plist */,
				2090603D1A10BB50001EC87E /* main.m */,
				206C55EC1A163B0400E2B152 /* reuters-wider-Prefix.pch */,
			);
			name = "Supporting Files";
			sourceTree = "<group>";
		};
		209060541A10BB51001EC87E /* reuters-widerTests */ = {
			isa = PBXGroup;
			children = (
				209060571A10BB51001EC87E /* reuters_widerTests.m */,
				209060551A10BB51001EC87E /* Supporting Files */,
			);
			path = "reuters-widerTests";
			sourceTree = "<group>";
		};
		209060551A10BB51001EC87E /* Supporting Files */ = {
			isa = PBXGroup;
			children = (
				209060561A10BB51001EC87E /* Info.plist */,
			);
			name = "Supporting Files";
			sourceTree = "<group>";
		};
		20A55B0C1A223B0A003B601B /* Layouts */ = {
			isa = PBXGroup;
			children = (
				20A55B0D1A223B32003B601B /* CSIssuesPreviewFlowLayout.h */,
				20A55B0E1A223B32003B601B /* CSIssuesPreviewFlowLayout.m */,
			);
			name = Layouts;
			sourceTree = "<group>";
		};
		20A55B131A2286E1003B601B /* IssuesPreview */ = {
			isa = PBXGroup;
			children = (
				20801A8D1A237F2E00EF38F3 /* CSIssuesPreviewCollectionView.h */,
				20801A8E1A237F2E00EF38F3 /* CSIssuesPreviewCollectionView.m */,
			);
			name = IssuesPreview;
			sourceTree = "<group>";
		};
		20A55B141A228712003B601B /* GradientIndicator */ = {
			isa = PBXGroup;
			children = (
				20801A901A237F3E00EF38F3 /* CSGradientIndicatorView.h */,
				20801A911A237F3E00EF38F3 /* CSGradientIndicatorView.m */,
			);
			name = GradientIndicator;
			sourceTree = "<group>";
		};
		20BACB7C1A1AA38700EB78CC /* Home */ = {
			isa = PBXGroup;
			children = (
				20BACB791A1AA33C00EB78CC /* CSHomeViewController.h */,
				20BACB7A1A1AA33C00EB78CC /* CSHomeViewController.m */,
			);
			name = Home;
			sourceTree = "<group>";
		};
		20BACB7E1A1AA3A400EB78CC /* Archives */ = {
			isa = PBXGroup;
			children = (
				208C9D031A10EFD000517B46 /* CSArchivesViewController.h */,
				208C9D041A10EFD000517B46 /* CSArchivesViewController.m */,
			);
			name = Archives;
			sourceTree = "<group>";
		};
		20BACB7F1A1AA3D200EB78CC /* HomeArchives */ = {
			isa = PBXGroup;
			children = (
				208C9D071A10F15E00517B46 /* CSHomeArchivesTransition.h */,
				208C9D081A10F15E00517B46 /* CSHomeArchivesTransition.m */,
				206C55E81A16022400E2B152 /* CSArchivesHomeTransition.h */,
				206C55E91A16022400E2B152 /* CSArchivesHomeTransition.m */,
			);
			name = HomeArchives;
			sourceTree = "<group>";
		};
		20BBDFE71A2E6B4E00F2A8C4 /* AttributedLabel */ = {
			isa = PBXGroup;
			children = (
				20BBDFE81A2E6B6B00F2A8C4 /* CSAttributedLabel.h */,
				20BBDFE91A2E6B6B00F2A8C4 /* CSAttributedLabel.m */,
			);
			name = AttributedLabel;
			sourceTree = "<group>";
		};
		20C0E79C1A2FC4520019C874 /* SubtitleBlock */ = {
			isa = PBXGroup;
			children = (
				202B7EED1A3070F7000E13C7 /* CSSubtitleBlockTableViewCell.xib */,
				20C0E79D1A2FC4890019C874 /* CSSubtitleBlockTableViewCell.h */,
				20C0E79E1A2FC4890019C874 /* CSSubtitleBlockTableViewCell.m */,
			);
			name = SubtitleBlock;
			sourceTree = "<group>";
		};
		20C34B9A1A23290400B9D856 /* Resources */ = {
			isa = PBXGroup;
			children = (
				203010371A25ECFC0088FD7C /* articles.json */,
			);
			name = Resources;
			sourceTree = "<group>";
		};
		20CABEA01A27234400462EE4 /* ArticlePart */ = {
			isa = PBXGroup;
			children = (
				20CABEA41A27239E00462EE4 /* CSArticlePartTableViewController.h */,
				20CABEA51A27239E00462EE4 /* CSArticlePartTableViewController.m */,
			);
			name = ArticlePart;
			sourceTree = "<group>";
		};
		20CABEAD1A2724EB00462EE4 /* ArticleCells */ = {
			isa = PBXGroup;
			children = (
				206FD8591A30CE0100636737 /* AsideBlock */,
				202B7EEF1A30B9EA000E13C7 /* FigureBlock */,
				20C0E79C1A2FC4520019C874 /* SubtitleBlock */,
				EB469E571A275F6E001C7B02 /* StatementBlock */,
				EB469E511A275CA5001C7B02 /* ParagraphBlock */,
				EB469E4B1A275A45001C7B02 /* TeasingBlock */,
				EB469E401A2757BE001C7B02 /* MetaBlock */,
				EB469E381A273390001C7B02 /* HeadingBlock */,
				20CABEBD1A272EBD00462EE4 /* AbstractArticleViewCell */,
				20CABEAE1A2724F800462EE4 /* TestBlock */,
			);
			name = ArticleCells;
			sourceTree = "<group>";
		};
		20CABEAE1A2724F800462EE4 /* TestBlock */ = {
			isa = PBXGroup;
			children = (
				20CABEB81A27257E00462EE4 /* CSTestBlockTableViewCell.h */,
				20CABEB91A27257E00462EE4 /* CSTestBlockTableViewCell.m */,
				20CABEBA1A27257E00462EE4 /* CSTestBlockTableViewCell.xib */,
			);
			name = TestBlock;
			sourceTree = "<group>";
		};
		20CABEBD1A272EBD00462EE4 /* AbstractArticleViewCell */ = {
			isa = PBXGroup;
			children = (
				20CABEBE1A272ED700462EE4 /* CSAbstractArticleViewCellTableViewCell.h */,
				20CABEBF1A272ED700462EE4 /* CSAbstractArticleViewCellTableViewCell.m */,
			);
			name = AbstractArticleViewCell;
			sourceTree = "<group>";
		};
		20E37A9A1A26221100CE441B /* IssuesPreviewPicture */ = {
			isa = PBXGroup;
			children = (
				20CABEB21A27253A00462EE4 /* CSIssuesPreviewPictureViewCell.h */,
				20CABEB31A27253A00462EE4 /* CSIssuesPreviewPictureViewCell.m */,
			);
			name = IssuesPreviewPicture;
			sourceTree = "<group>";
		};
		64A33D5A2E0AB9C3CB7B1951 /* Pods */ = {
			isa = PBXGroup;
			children = (
				CF6F3471471999C3208FDAAE /* Pods.debug.xcconfig */,
				88E1419E8DE38584B52B073B /* Pods.release.xcconfig */,
			);
			name = Pods;
			sourceTree = "<group>";
		};
		EB469E381A273390001C7B02 /* HeadingBlock */ = {
			isa = PBXGroup;
			children = (
				EB469E391A2733A7001C7B02 /* CSHeadingBlockTableViewCell.h */,
				EB469E3A1A2733A7001C7B02 /* CSHeadingBlockTableViewCell.m */,
				EB469E3E1A2733F5001C7B02 /* CSHeadingBlockTableViewCell.xib */,
			);
			name = HeadingBlock;
			sourceTree = "<group>";
		};
		EB469E401A2757BE001C7B02 /* MetaBlock */ = {
			isa = PBXGroup;
			children = (
				EB469E461A27582E001C7B02 /* CSMetaBlockTableViewCell.h */,
				EB469E471A27582E001C7B02 /* CSMetaBlockTableViewCell.m */,
				EB469E491A275841001C7B02 /* CSMetaBlockTableViewCell.xib */,
			);
			name = MetaBlock;
			sourceTree = "<group>";
		};
		EB469E4B1A275A45001C7B02 /* TeasingBlock */ = {
			isa = PBXGroup;
			children = (
				EB469E4C1A275A5F001C7B02 /* CSTeasingBlockTableViewCell.h */,
				EB469E4D1A275A5F001C7B02 /* CSTeasingBlockTableViewCell.m */,
				EB469E4F1A275A70001C7B02 /* CSTeasingBlockTableViewCell.xib */,
			);
			name = TeasingBlock;
			sourceTree = "<group>";
		};
		EB469E511A275CA5001C7B02 /* ParagraphBlock */ = {
			isa = PBXGroup;
			children = (
				EB469E521A275CBC001C7B02 /* CSParagraphBlockTableViewCell.h */,
				EB469E531A275CBC001C7B02 /* CSParagraphBlockTableViewCell.m */,
				EB469E551A275CD1001C7B02 /* CSParagraphBlockTableViewCell.xib */,
			);
			name = ParagraphBlock;
			sourceTree = "<group>";
		};
		EB469E571A275F6E001C7B02 /* StatementBlock */ = {
			isa = PBXGroup;
			children = (
				EB469E581A275F9A001C7B02 /* CSStatementBlockTableViewCell.h */,
				EB469E591A275F9A001C7B02 /* CSStatementBlockTableViewCell.m */,
				EB469E5B1A275FAB001C7B02 /* CSStatementBlockTableViewCell.xib */,
			);
			name = StatementBlock;
			sourceTree = "<group>";
		};
		FEE8AF2D9C66F999A4901A4F /* Frameworks */ = {
			isa = PBXGroup;
			children = (
				203EFFAD1A16578E0085D493 /* QuartzCore.framework */,
				0DE9C5460100CC02C50B3172 /* libPods.a */,
			);
			name = Frameworks;
			sourceTree = "<group>";
		};
/* End PBXGroup section */

/* Begin PBXNativeTarget section */
		209060371A10BB50001EC87E /* reuters-wider */ = {
			isa = PBXNativeTarget;
			buildConfigurationList = 2090605B1A10BB51001EC87E /* Build configuration list for PBXNativeTarget "reuters-wider" */;
			buildPhases = (
				73CD3EE236D6514C38AB80C9 /* Check Pods Manifest.lock */,
				209060341A10BB50001EC87E /* Sources */,
				209060351A10BB50001EC87E /* Frameworks */,
				209060361A10BB50001EC87E /* Resources */,
				2E50AA44F2F1294BBF5B784D /* Copy Pods Resources */,
			);
			buildRules = (
			);
			dependencies = (
			);
			name = "reuters-wider";
			productName = "reuters-wider";
			productReference = 209060381A10BB50001EC87E /* reuters-wider.app */;
			productType = "com.apple.product-type.application";
		};
		209060501A10BB51001EC87E /* reuters-widerTests */ = {
			isa = PBXNativeTarget;
			buildConfigurationList = 2090605E1A10BB51001EC87E /* Build configuration list for PBXNativeTarget "reuters-widerTests" */;
			buildPhases = (
				2090604D1A10BB51001EC87E /* Sources */,
				2090604E1A10BB51001EC87E /* Frameworks */,
				2090604F1A10BB51001EC87E /* Resources */,
			);
			buildRules = (
			);
			dependencies = (
				209060531A10BB51001EC87E /* PBXTargetDependency */,
			);
			name = "reuters-widerTests";
			productName = "reuters-widerTests";
			productReference = 209060511A10BB51001EC87E /* reuters-widerTests.xctest */;
			productType = "com.apple.product-type.bundle.unit-test";
		};
/* End PBXNativeTarget section */

/* Begin PBXProject section */
		209060301A10BB50001EC87E /* Project object */ = {
			isa = PBXProject;
			attributes = {
				CLASSPREFIX = CS;
				LastUpgradeCheck = 0610;
				ORGANIZATIONNAME = Gobelins;
				TargetAttributes = {
					209060371A10BB50001EC87E = {
						CreatedOnToolsVersion = 6.1;
						DevelopmentTeam = 3RQFQA54Q5;
					};
					209060501A10BB51001EC87E = {
						CreatedOnToolsVersion = 6.1;
						TestTargetID = 209060371A10BB50001EC87E;
					};
				};
			};
			buildConfigurationList = 209060331A10BB50001EC87E /* Build configuration list for PBXProject "reuters-wider" */;
			compatibilityVersion = "Xcode 3.2";
			developmentRegion = English;
			hasScannedForEncodings = 0;
			knownRegions = (
				en,
				Base,
			);
			mainGroup = 2090602F1A10BB50001EC87E;
			productRefGroup = 209060391A10BB50001EC87E /* Products */;
			projectDirPath = "";
			projectRoot = "";
			targets = (
				209060371A10BB50001EC87E /* reuters-wider */,
				209060501A10BB51001EC87E /* reuters-widerTests */,
			);
		};
/* End PBXProject section */

/* Begin PBXResourcesBuildPhase section */
		209060361A10BB50001EC87E /* Resources */ = {
			isa = PBXResourcesBuildPhase;
			buildActionMask = 2147483647;
			files = (
				20801A7B1A23609600EF38F3 /* Leitura-Italic1.otf in Resources */,
				EB469E5C1A275FAB001C7B02 /* CSStatementBlockTableViewCell.xib in Resources */,
				20801A801A23609600EF38F3 /* Leitura-Roman3.otf in Resources */,
				EB469E561A275CD1001C7B02 /* CSParagraphBlockTableViewCell.xib in Resources */,
				20801A7C1A23609600EF38F3 /* Leitura-Italic2.otf in Resources */,
				20801A871A2360A800EF38F3 /* Calibre-Light.otf in Resources */,
				EB469E3F1A2733F5001C7B02 /* CSHeadingBlockTableViewCell.xib in Resources */,
				202B7EF41A30BA2C000E13C7 /* CSFigureBlockTableViewCell.xib in Resources */,
				EB469E501A275A70001C7B02 /* CSTeasingBlockTableViewCell.xib in Resources */,
				20801A851A2360A800EF38F3 /* Archer-Thin.otf in Resources */,
				20801A7E1A23609600EF38F3 /* Leitura-Roman1.otf in Resources */,
				20801A7F1A23609600EF38F3 /* Leitura-Roman2.otf in Resources */,
				20CABEBC1A27257E00462EE4 /* CSTestBlockTableViewCell.xib in Resources */,
				209060471A10BB50001EC87E /* Main.storyboard in Resources */,
				206FD85B1A30CE1700636737 /* CSAsideBlockTableViewCell.xib in Resources */,
				20801A881A2360A800EF38F3 /* Calibre-Reg.otf in Resources */,
				20801A7D1A23609600EF38F3 /* Leitura-NewsRoman1.otf in Resources */,
				EB469E4A1A275841001C7B02 /* CSMetaBlockTableViewCell.xib in Resources */,
				20801A861A2360A800EF38F3 /* Archer-XLight.otf in Resources */,
				2090604C1A10BB51001EC87E /* LaunchScreen.xib in Resources */,
				203010381A25ECFC0088FD7C /* articles.json in Resources */,
				202B7EEE1A3070F7000E13C7 /* CSSubtitleBlockTableViewCell.xib in Resources */,
				209060491A10BB50001EC87E /* Images.xcassets in Resources */,
			);
			runOnlyForDeploymentPostprocessing = 0;
		};
		2090604F1A10BB51001EC87E /* Resources */ = {
			isa = PBXResourcesBuildPhase;
			buildActionMask = 2147483647;
			files = (
			);
			runOnlyForDeploymentPostprocessing = 0;
		};
/* End PBXResourcesBuildPhase section */

/* Begin PBXShellScriptBuildPhase section */
		2E50AA44F2F1294BBF5B784D /* Copy Pods Resources */ = {
			isa = PBXShellScriptBuildPhase;
			buildActionMask = 2147483647;
			files = (
			);
			inputPaths = (
			);
			name = "Copy Pods Resources";
			outputPaths = (
			);
			runOnlyForDeploymentPostprocessing = 0;
			shellPath = /bin/sh;
			shellScript = "\"${SRCROOT}/Pods/Target Support Files/Pods/Pods-resources.sh\"\n";
			showEnvVarsInLog = 0;
		};
		73CD3EE236D6514C38AB80C9 /* Check Pods Manifest.lock */ = {
			isa = PBXShellScriptBuildPhase;
			buildActionMask = 2147483647;
			files = (
			);
			inputPaths = (
			);
			name = "Check Pods Manifest.lock";
			outputPaths = (
			);
			runOnlyForDeploymentPostprocessing = 0;
			shellPath = /bin/sh;
			shellScript = "diff \"${PODS_ROOT}/../Podfile.lock\" \"${PODS_ROOT}/Manifest.lock\" > /dev/null\nif [[ $? != 0 ]] ; then\n    cat << EOM\nerror: The sandbox is not in sync with the Podfile.lock. Run 'pod install' or update your CocoaPods installation.\nEOM\n    exit 1\nfi\n";
			showEnvVarsInLog = 0;
		};
/* End PBXShellScriptBuildPhase section */

/* Begin PBXSourcesBuildPhase section */
		209060341A10BB50001EC87E /* Sources */ = {
			isa = PBXSourcesBuildPhase;
			buildActionMask = 2147483647;
			files = (
				EB469E481A27582E001C7B02 /* CSMetaBlockTableViewCell.m in Sources */,
				20A55B0F1A223B32003B601B /* CSIssuesPreviewFlowLayout.m in Sources */,
				201F51261A24D1C900191CB3 /* PRTweenTimingFunctions.m in Sources */,
				EB469E3B1A2733A7001C7B02 /* CSHeadingBlockTableViewCell.m in Sources */,
				208C9D091A10F15E00517B46 /* CSHomeArchivesTransition.m in Sources */,
				20801A8F1A237F2E00EF38F3 /* CSIssuesPreviewCollectionView.m in Sources */,
				EB469E4E1A275A5F001C7B02 /* CSTeasingBlockTableViewCell.m in Sources */,
				209060411A10BB50001EC87E /* AppDelegate.m in Sources */,
				EB469E541A275CBC001C7B02 /* CSParagraphBlockTableViewCell.m in Sources */,
				2090603E1A10BB50001EC87E /* main.m in Sources */,
				206FD85E1A30CE4400636737 /* CSAsideBlockTableViewCell.m in Sources */,
				203010441A25FE140088FD7C /* CSBlockModel.m in Sources */,
				20BACB7B1A1AA33C00EB78CC /* CSHomeViewController.m in Sources */,
				2030104B1A2605230088FD7C /* CSDataManager.m in Sources */,
				20A55B0B1A222C46003B601B /* CSMainNavigationController.m in Sources */,
				20CABEB41A27253A00462EE4 /* CSIssuesPreviewPictureViewCell.m in Sources */,
				2030104E1A2608330088FD7C /* CSArticlesModel.m in Sources */,
				20BBDFEA1A2E6B6B00F2A8C4 /* CSAttributedLabel.m in Sources */,
				20801A8C1A23640200EF38F3 /* CSIssuesPreviewDescriptionViewCell.m in Sources */,
				20C0E79F1A2FC4890019C874 /* CSSubtitleBlockTableViewCell.m in Sources */,
				EB469E5A1A275F9A001C7B02 /* CSStatementBlockTableViewCell.m in Sources */,
				2030103E1A25FC1E0088FD7C /* CSArticleModel.m in Sources */,
				20CABEA61A27239E00462EE4 /* CSArticlePartTableViewController.m in Sources */,
				20CABEBB1A27257E00462EE4 /* CSTestBlockTableViewCell.m in Sources */,
				202B7EF21A30BA13000E13C7 /* CSFigureBlockTableViewCell.m in Sources */,
				203010411A25FD760088FD7C /* CSPartModel.m in Sources */,
				208C9D051A10EFD000517B46 /* CSArchivesViewController.m in Sources */,
				203010471A26009B0088FD7C /* CSBlockContentModel.m in Sources */,
				206C55EA1A16022400E2B152 /* CSArchivesHomeTransition.m in Sources */,
				20801A921A237F3E00EF38F3 /* CSGradientIndicatorView.m in Sources */,
				20CABEC01A272ED700462EE4 /* CSAbstractArticleViewCellTableViewCell.m in Sources */,
			);
			runOnlyForDeploymentPostprocessing = 0;
		};
		2090604D1A10BB51001EC87E /* Sources */ = {
			isa = PBXSourcesBuildPhase;
			buildActionMask = 2147483647;
			files = (
				209060581A10BB51001EC87E /* reuters_widerTests.m in Sources */,
			);
			runOnlyForDeploymentPostprocessing = 0;
		};
/* End PBXSourcesBuildPhase section */

/* Begin PBXTargetDependency section */
		209060531A10BB51001EC87E /* PBXTargetDependency */ = {
			isa = PBXTargetDependency;
			target = 209060371A10BB50001EC87E /* reuters-wider */;
			targetProxy = 209060521A10BB51001EC87E /* PBXContainerItemProxy */;
		};
/* End PBXTargetDependency section */

/* Begin PBXVariantGroup section */
		209060451A10BB50001EC87E /* Main.storyboard */ = {
			isa = PBXVariantGroup;
			children = (
				209060461A10BB50001EC87E /* Base */,
			);
			name = Main.storyboard;
			sourceTree = "<group>";
		};
		2090604A1A10BB51001EC87E /* LaunchScreen.xib */ = {
			isa = PBXVariantGroup;
			children = (
				2090604B1A10BB51001EC87E /* Base */,
			);
			name = LaunchScreen.xib;
			sourceTree = "<group>";
		};
/* End PBXVariantGroup section */

/* Begin XCBuildConfiguration section */
		209060591A10BB51001EC87E /* Debug */ = {
			isa = XCBuildConfiguration;
			buildSettings = {
				ALWAYS_SEARCH_USER_PATHS = NO;
				CLANG_CXX_LANGUAGE_STANDARD = "gnu++0x";
				CLANG_CXX_LIBRARY = "libc++";
				CLANG_ENABLE_MODULES = YES;
				CLANG_ENABLE_OBJC_ARC = YES;
				CLANG_WARN_BOOL_CONVERSION = YES;
				CLANG_WARN_CONSTANT_CONVERSION = YES;
				CLANG_WARN_DIRECT_OBJC_ISA_USAGE = YES_ERROR;
				CLANG_WARN_EMPTY_BODY = YES;
				CLANG_WARN_ENUM_CONVERSION = YES;
				CLANG_WARN_INT_CONVERSION = YES;
				CLANG_WARN_OBJC_ROOT_CLASS = YES_ERROR;
				CLANG_WARN_UNREACHABLE_CODE = YES;
				CLANG_WARN__DUPLICATE_METHOD_MATCH = YES;
				"CODE_SIGN_IDENTITY[sdk=iphoneos*]" = "iPhone Developer";
				COPY_PHASE_STRIP = NO;
				ENABLE_STRICT_OBJC_MSGSEND = YES;
				GCC_C_LANGUAGE_STANDARD = gnu99;
				GCC_DYNAMIC_NO_PIC = NO;
				GCC_OPTIMIZATION_LEVEL = 0;
				GCC_PREPROCESSOR_DEFINITIONS = (
					"DEBUG=1",
					"$(inherited)",
				);
				GCC_SYMBOLS_PRIVATE_EXTERN = NO;
				GCC_WARN_64_TO_32_BIT_CONVERSION = YES;
				GCC_WARN_ABOUT_RETURN_TYPE = YES_ERROR;
				GCC_WARN_UNDECLARED_SELECTOR = YES;
				GCC_WARN_UNINITIALIZED_AUTOS = YES_AGGRESSIVE;
				GCC_WARN_UNUSED_FUNCTION = YES;
				GCC_WARN_UNUSED_VARIABLE = YES;
				IPHONEOS_DEPLOYMENT_TARGET = 8.1;
				MTL_ENABLE_DEBUG_INFO = YES;
				ONLY_ACTIVE_ARCH = YES;
				SDKROOT = iphoneos;
			};
			name = Debug;
		};
		2090605A1A10BB51001EC87E /* Release */ = {
			isa = XCBuildConfiguration;
			buildSettings = {
				ALWAYS_SEARCH_USER_PATHS = NO;
				CLANG_CXX_LANGUAGE_STANDARD = "gnu++0x";
				CLANG_CXX_LIBRARY = "libc++";
				CLANG_ENABLE_MODULES = YES;
				CLANG_ENABLE_OBJC_ARC = YES;
				CLANG_WARN_BOOL_CONVERSION = YES;
				CLANG_WARN_CONSTANT_CONVERSION = YES;
				CLANG_WARN_DIRECT_OBJC_ISA_USAGE = YES_ERROR;
				CLANG_WARN_EMPTY_BODY = YES;
				CLANG_WARN_ENUM_CONVERSION = YES;
				CLANG_WARN_INT_CONVERSION = YES;
				CLANG_WARN_OBJC_ROOT_CLASS = YES_ERROR;
				CLANG_WARN_UNREACHABLE_CODE = YES;
				CLANG_WARN__DUPLICATE_METHOD_MATCH = YES;
				"CODE_SIGN_IDENTITY[sdk=iphoneos*]" = "iPhone Developer";
				COPY_PHASE_STRIP = YES;
				ENABLE_NS_ASSERTIONS = NO;
				ENABLE_STRICT_OBJC_MSGSEND = YES;
				GCC_C_LANGUAGE_STANDARD = gnu99;
				GCC_WARN_64_TO_32_BIT_CONVERSION = YES;
				GCC_WARN_ABOUT_RETURN_TYPE = YES_ERROR;
				GCC_WARN_UNDECLARED_SELECTOR = YES;
				GCC_WARN_UNINITIALIZED_AUTOS = YES_AGGRESSIVE;
				GCC_WARN_UNUSED_FUNCTION = YES;
				GCC_WARN_UNUSED_VARIABLE = YES;
				IPHONEOS_DEPLOYMENT_TARGET = 8.1;
				MTL_ENABLE_DEBUG_INFO = NO;
				SDKROOT = iphoneos;
				VALIDATE_PRODUCT = YES;
			};
			name = Release;
		};
		2090605C1A10BB51001EC87E /* Debug */ = {
			isa = XCBuildConfiguration;
			baseConfigurationReference = CF6F3471471999C3208FDAAE /* Pods.debug.xcconfig */;
			buildSettings = {
				ASSETCATALOG_COMPILER_APPICON_NAME = AppIcon;
				CODE_SIGN_IDENTITY = "iPhone Developer";
				GCC_PRECOMPILE_PREFIX_HEADER = YES;
				GCC_PREFIX_HEADER = "$(SRCROOT)/$(PROJECT_NAME)/reuters-wider-Prefix.pch";
				INFOPLIST_FILE = "reuters-wider/Info.plist";
				LD_RUNPATH_SEARCH_PATHS = "$(inherited) @executable_path/Frameworks";
				PRODUCT_NAME = "$(TARGET_NAME)";
			};
			name = Debug;
		};
		2090605D1A10BB51001EC87E /* Release */ = {
			isa = XCBuildConfiguration;
			baseConfigurationReference = 88E1419E8DE38584B52B073B /* Pods.release.xcconfig */;
			buildSettings = {
				ASSETCATALOG_COMPILER_APPICON_NAME = AppIcon;
				CODE_SIGN_IDENTITY = "iPhone Developer";
				GCC_PRECOMPILE_PREFIX_HEADER = YES;
				GCC_PREFIX_HEADER = "$(SRCROOT)/$(PROJECT_NAME)/reuters-wider-Prefix.pch";
				INFOPLIST_FILE = "reuters-wider/Info.plist";
				LD_RUNPATH_SEARCH_PATHS = "$(inherited) @executable_path/Frameworks";
				PRODUCT_NAME = "$(TARGET_NAME)";
			};
			name = Release;
		};
		2090605F1A10BB51001EC87E /* Debug */ = {
			isa = XCBuildConfiguration;
			buildSettings = {
				BUNDLE_LOADER = "$(TEST_HOST)";
				FRAMEWORK_SEARCH_PATHS = (
					"$(SDKROOT)/Developer/Library/Frameworks",
					"$(inherited)",
				);
				GCC_PREPROCESSOR_DEFINITIONS = (
					"DEBUG=1",
					"$(inherited)",
				);
				INFOPLIST_FILE = "reuters-widerTests/Info.plist";
				LD_RUNPATH_SEARCH_PATHS = "$(inherited) @executable_path/Frameworks @loader_path/Frameworks";
				PRODUCT_NAME = "$(TARGET_NAME)";
				TEST_HOST = "$(BUILT_PRODUCTS_DIR)/reuters-wider.app/reuters-wider";
			};
			name = Debug;
		};
		209060601A10BB51001EC87E /* Release */ = {
			isa = XCBuildConfiguration;
			buildSettings = {
				BUNDLE_LOADER = "$(TEST_HOST)";
				FRAMEWORK_SEARCH_PATHS = (
					"$(SDKROOT)/Developer/Library/Frameworks",
					"$(inherited)",
				);
				INFOPLIST_FILE = "reuters-widerTests/Info.plist";
				LD_RUNPATH_SEARCH_PATHS = "$(inherited) @executable_path/Frameworks @loader_path/Frameworks";
				PRODUCT_NAME = "$(TARGET_NAME)";
				TEST_HOST = "$(BUILT_PRODUCTS_DIR)/reuters-wider.app/reuters-wider";
			};
			name = Release;
		};
/* End XCBuildConfiguration section */

/* Begin XCConfigurationList section */
		209060331A10BB50001EC87E /* Build configuration list for PBXProject "reuters-wider" */ = {
			isa = XCConfigurationList;
			buildConfigurations = (
				209060591A10BB51001EC87E /* Debug */,
				2090605A1A10BB51001EC87E /* Release */,
			);
			defaultConfigurationIsVisible = 0;
			defaultConfigurationName = Release;
		};
		2090605B1A10BB51001EC87E /* Build configuration list for PBXNativeTarget "reuters-wider" */ = {
			isa = XCConfigurationList;
			buildConfigurations = (
				2090605C1A10BB51001EC87E /* Debug */,
				2090605D1A10BB51001EC87E /* Release */,
			);
			defaultConfigurationIsVisible = 0;
			defaultConfigurationName = Release;
		};
		2090605E1A10BB51001EC87E /* Build configuration list for PBXNativeTarget "reuters-widerTests" */ = {
			isa = XCConfigurationList;
			buildConfigurations = (
				2090605F1A10BB51001EC87E /* Debug */,
				209060601A10BB51001EC87E /* Release */,
			);
			defaultConfigurationIsVisible = 0;
			defaultConfigurationName = Release;
		};
/* End XCConfigurationList section */
	};
	rootObject = 209060301A10BB50001EC87E /* Project object */;
}
