// !$*UTF8*$!
{
	archiveVersion = 1;
	classes = {
	};
	objectVersion = 46;
	objects = {

/* Begin PBXBuildFile section */
		2027E9761A530A14007B5E92 /* CSTween.m in Sources */ = {isa = PBXBuildFile; fileRef = 2027E9731A530A14007B5E92 /* CSTween.m */; };
		2027E9771A530A14007B5E92 /* CSTweenTimingFunctions.m in Sources */ = {isa = PBXBuildFile; fileRef = 2027E9751A530A14007B5E92 /* CSTweenTimingFunctions.m */; };
		202833371A3DE528002DCA1C /* CSInArticleGlossaryDefinition.m in Sources */ = {isa = PBXBuildFile; fileRef = 202833361A3DE528002DCA1C /* CSInArticleGlossaryDefinition.m */; };
		202833391A3DE728002DCA1C /* CSInArticleGlossaryDefinition.xib in Resources */ = {isa = PBXBuildFile; fileRef = 202833381A3DE728002DCA1C /* CSInArticleGlossaryDefinition.xib */; };
		202B7EEE1A3070F7000E13C7 /* CSSubtitleBlockTableViewCell.xib in Resources */ = {isa = PBXBuildFile; fileRef = 202B7EED1A3070F7000E13C7 /* CSSubtitleBlockTableViewCell.xib */; };
		202B7EF21A30BA13000E13C7 /* CSFigureBlockTableViewCell.m in Sources */ = {isa = PBXBuildFile; fileRef = 202B7EF11A30BA13000E13C7 /* CSFigureBlockTableViewCell.m */; };
		202B7EF41A30BA2C000E13C7 /* CSFigureBlockTableViewCell.xib in Resources */ = {isa = PBXBuildFile; fileRef = 202B7EF31A30BA2C000E13C7 /* CSFigureBlockTableViewCell.xib */; };
		203010381A25ECFC0088FD7C /* articles.json in Resources */ = {isa = PBXBuildFile; fileRef = 203010371A25ECFC0088FD7C /* articles.json */; };
		2030103E1A25FC1E0088FD7C /* CSArticleModel.m in Sources */ = {isa = PBXBuildFile; fileRef = 2030103D1A25FC1E0088FD7C /* CSArticleModel.m */; };
		203010441A25FE140088FD7C /* CSBlockModel.m in Sources */ = {isa = PBXBuildFile; fileRef = 203010431A25FE140088FD7C /* CSBlockModel.m */; };
		203010471A26009B0088FD7C /* CSBlockContentModel.m in Sources */ = {isa = PBXBuildFile; fileRef = 203010461A26009B0088FD7C /* CSBlockContentModel.m */; };
		2030104B1A2605230088FD7C /* CSArticleData.m in Sources */ = {isa = PBXBuildFile; fileRef = 2030104A1A2605230088FD7C /* CSArticleData.m */; };
		2030104E1A2608330088FD7C /* CSArticlesModel.m in Sources */ = {isa = PBXBuildFile; fileRef = 2030104D1A2608330088FD7C /* CSArticlesModel.m */; };
		203EFFAF1A1658870085D493 /* QuartzCore.framework in Frameworks */ = {isa = PBXBuildFile; fileRef = 203EFFAD1A16578E0085D493 /* QuartzCore.framework */; };
		205A428B1A5DE52900BD5185 /* CSBoucingView.m in Sources */ = {isa = PBXBuildFile; fileRef = 205A428A1A5DE52900BD5185 /* CSBoucingView.m */; };
		205A428E1A5F4DF100BD5185 /* CSGlobalData.m in Sources */ = {isa = PBXBuildFile; fileRef = 205A428D1A5F4DF100BD5185 /* CSGlobalData.m */; };
		206C55EA1A16022400E2B152 /* CSArchivesHomeTransition.m in Sources */ = {isa = PBXBuildFile; fileRef = 206C55E91A16022400E2B152 /* CSArchivesHomeTransition.m */; };
		206FD85B1A30CE1700636737 /* CSAsideBlockTableViewCell.xib in Resources */ = {isa = PBXBuildFile; fileRef = 206FD85A1A30CE1700636737 /* CSAsideBlockTableViewCell.xib */; };
		206FD85E1A30CE4400636737 /* CSAsideBlockTableViewCell.m in Sources */ = {isa = PBXBuildFile; fileRef = 206FD85D1A30CE4400636737 /* CSAsideBlockTableViewCell.m */; };
		20801A7B1A23609600EF38F3 /* Leitura-Italic1.otf in Resources */ = {isa = PBXBuildFile; fileRef = 20801A751A23609600EF38F3 /* Leitura-Italic1.otf */; };
		20801A7C1A23609600EF38F3 /* Leitura-Italic2.otf in Resources */ = {isa = PBXBuildFile; fileRef = 20801A761A23609600EF38F3 /* Leitura-Italic2.otf */; };
		20801A7E1A23609600EF38F3 /* Leitura-Roman1.otf in Resources */ = {isa = PBXBuildFile; fileRef = 20801A781A23609600EF38F3 /* Leitura-Roman1.otf */; };
		20801A7F1A23609600EF38F3 /* Leitura-Roman2.otf in Resources */ = {isa = PBXBuildFile; fileRef = 20801A791A23609600EF38F3 /* Leitura-Roman2.otf */; };
		20801A801A23609600EF38F3 /* Leitura-Roman3.otf in Resources */ = {isa = PBXBuildFile; fileRef = 20801A7A1A23609600EF38F3 /* Leitura-Roman3.otf */; };
		20801A851A2360A800EF38F3 /* Archer-Thin.otf in Resources */ = {isa = PBXBuildFile; fileRef = 20801A811A2360A800EF38F3 /* Archer-Thin.otf */; };
		20801A871A2360A800EF38F3 /* Calibre-Light.otf in Resources */ = {isa = PBXBuildFile; fileRef = 20801A831A2360A800EF38F3 /* Calibre-Light.otf */; };
		20801A881A2360A800EF38F3 /* Calibre-Reg.otf in Resources */ = {isa = PBXBuildFile; fileRef = 20801A841A2360A800EF38F3 /* Calibre-Reg.otf */; };
		20801A8C1A23640200EF38F3 /* CSIssuesPreviewDescriptionViewCell.m in Sources */ = {isa = PBXBuildFile; fileRef = 20801A8B1A23640200EF38F3 /* CSIssuesPreviewDescriptionViewCell.m */; };
		20801A8F1A237F2E00EF38F3 /* CSIssuesPreviewCollectionView.m in Sources */ = {isa = PBXBuildFile; fileRef = 20801A8E1A237F2E00EF38F3 /* CSIssuesPreviewCollectionView.m */; };
		20801A921A237F3E00EF38F3 /* CSGradientIndicatorView.m in Sources */ = {isa = PBXBuildFile; fileRef = 20801A911A237F3E00EF38F3 /* CSGradientIndicatorView.m */; };
		2088A6841A5D955F00EB2B57 /* Leitura-Italic3.otf in Resources */ = {isa = PBXBuildFile; fileRef = 2088A6831A5D955F00EB2B57 /* Leitura-Italic3.otf */; };
		208B5F521A5343FA003D4718 /* CSStickyMenu.m in Sources */ = {isa = PBXBuildFile; fileRef = 208B5F511A5343FA003D4718 /* CSStickyMenu.m */; };
		208B5F541A534822003D4718 /* CSStickyMenu.xib in Resources */ = {isa = PBXBuildFile; fileRef = 208B5F531A534822003D4718 /* CSStickyMenu.xib */; };
		208B5F591A53793A003D4718 /* CSKeywordsBlockTableViewCell.m in Sources */ = {isa = PBXBuildFile; fileRef = 208B5F581A53793A003D4718 /* CSKeywordsBlockTableViewCell.m */; };
		208B5F5B1A537950003D4718 /* CSKeywordsBlockTableViewCell.xib in Resources */ = {isa = PBXBuildFile; fileRef = 208B5F5A1A537950003D4718 /* CSKeywordsBlockTableViewCell.xib */; };
		208B5F5E1A537974003D4718 /* CSTransitionBlockTableViewCell.xib in Resources */ = {isa = PBXBuildFile; fileRef = 208B5F5D1A537974003D4718 /* CSTransitionBlockTableViewCell.xib */; };
		208B5F611A537980003D4718 /* CSTransitionBlockTableViewCell.m in Sources */ = {isa = PBXBuildFile; fileRef = 208B5F601A537980003D4718 /* CSTransitionBlockTableViewCell.m */; };
		208B5F651A537BBB003D4718 /* CSKeyfiguresBlockTableViewCell.m in Sources */ = {isa = PBXBuildFile; fileRef = 208B5F641A537BBB003D4718 /* CSKeyfiguresBlockTableViewCell.m */; };
		208B5F671A537BD0003D4718 /* CSKeyfiguresBlockTableViewCell.xib in Resources */ = {isa = PBXBuildFile; fileRef = 208B5F661A537BD0003D4718 /* CSKeyfiguresBlockTableViewCell.xib */; };
		208B5F6A1A538144003D4718 /* CSImageBlockTableViewCell.xib in Resources */ = {isa = PBXBuildFile; fileRef = 208B5F691A538144003D4718 /* CSImageBlockTableViewCell.xib */; };
		208B5F6D1A538154003D4718 /* CSImageBlockTableViewCell.m in Sources */ = {isa = PBXBuildFile; fileRef = 208B5F6C1A538154003D4718 /* CSImageBlockTableViewCell.m */; };
		208B5FAC1A55E7D8003D4718 /* CSArticleSummaryTransition.m in Sources */ = {isa = PBXBuildFile; fileRef = 208B5FAB1A55E7D8003D4718 /* CSArticleSummaryTransition.m */; };
		208B5FB21A55F894003D4718 /* CSSummaryViewController.m in Sources */ = {isa = PBXBuildFile; fileRef = 208B5FB11A55F894003D4718 /* CSSummaryViewController.m */; };
		208B5FB61A55FB35003D4718 /* CSSummaryGlossaryTransition.m in Sources */ = {isa = PBXBuildFile; fileRef = 208B5FB51A55FB35003D4718 /* CSSummaryGlossaryTransition.m */; };
		208B5FB91A55FBA4003D4718 /* CSAbstractInteractiveTransition.m in Sources */ = {isa = PBXBuildFile; fileRef = 208B5FB81A55FBA4003D4718 /* CSAbstractInteractiveTransition.m */; };
		208C9D051A10EFD000517B46 /* CSArchivesViewController.m in Sources */ = {isa = PBXBuildFile; fileRef = 208C9D041A10EFD000517B46 /* CSArchivesViewController.m */; };
		208C9D091A10F15E00517B46 /* CSHomeArchivesTransition.m in Sources */ = {isa = PBXBuildFile; fileRef = 208C9D081A10F15E00517B46 /* CSHomeArchivesTransition.m */; };
		2090603E1A10BB50001EC87E /* main.m in Sources */ = {isa = PBXBuildFile; fileRef = 2090603D1A10BB50001EC87E /* main.m */; };
		209060411A10BB50001EC87E /* AppDelegate.m in Sources */ = {isa = PBXBuildFile; fileRef = 209060401A10BB50001EC87E /* AppDelegate.m */; };
		209060471A10BB50001EC87E /* Main.storyboard in Resources */ = {isa = PBXBuildFile; fileRef = 209060451A10BB50001EC87E /* Main.storyboard */; };
		209060491A10BB50001EC87E /* Images.xcassets in Resources */ = {isa = PBXBuildFile; fileRef = 209060481A10BB50001EC87E /* Images.xcassets */; };
		2090604C1A10BB51001EC87E /* LaunchScreen.xib in Resources */ = {isa = PBXBuildFile; fileRef = 2090604A1A10BB51001EC87E /* LaunchScreen.xib */; };
		209060581A10BB51001EC87E /* reuters_widerTests.m in Sources */ = {isa = PBXBuildFile; fileRef = 209060571A10BB51001EC87E /* reuters_widerTests.m */; };
		20965A951A5BF63A008DDCA6 /* CSPagingScrollViewContainerView.m in Sources */ = {isa = PBXBuildFile; fileRef = 20965A941A5BF63A008DDCA6 /* CSPagingScrollViewContainerView.m */; };
		20965A991A5C191A008DDCA6 /* CSKeyfigureKeyView.m in Sources */ = {isa = PBXBuildFile; fileRef = 20965A981A5C191A008DDCA6 /* CSKeyfigureKeyView.m */; };
		20965A9B1A5C193C008DDCA6 /* CSKeyfigureKeyView.xib in Resources */ = {isa = PBXBuildFile; fileRef = 20965A9A1A5C193C008DDCA6 /* CSKeyfigureKeyView.xib */; };
		20965A9D1A5C1DF1008DDCA6 /* Calibre-Medium.otf in Resources */ = {isa = PBXBuildFile; fileRef = 20965A9C1A5C1DF1008DDCA6 /* Calibre-Medium.otf */; };
		209CF3051A58394200A8A954 /* CSSummaryEntryTableViewCell.m in Sources */ = {isa = PBXBuildFile; fileRef = 209CF3041A58394200A8A954 /* CSSummaryEntryTableViewCell.m */; };
		209CF3081A583AD500A8A954 /* CSPartModel.m in Sources */ = {isa = PBXBuildFile; fileRef = 209CF3071A583AD500A8A954 /* CSPartModel.m */; };
		209CF30C1A59AD8700A8A954 /* CSProgressionBarView.m in Sources */ = {isa = PBXBuildFile; fileRef = 209CF30B1A59AD8700A8A954 /* CSProgressionBarView.m */; };
		209CF3111A59E66400A8A954 /* cover-hong-kong-for-democracy.mp4 in Resources */ = {isa = PBXBuildFile; fileRef = 209CF3101A59E52E00A8A954 /* cover-hong-kong-for-democracy.mp4 */; };
		209CF3121A59E66400A8A954 /* cover-future-energy-in-cities.mp4 in Resources */ = {isa = PBXBuildFile; fileRef = 209CF30E1A59D33B00A8A954 /* cover-future-energy-in-cities.mp4 */; };
		209CF3131A59E66400A8A954 /* cover-social-impact-investing.mp4 in Resources */ = {isa = PBXBuildFile; fileRef = 209CF30F1A59D33B00A8A954 /* cover-social-impact-investing.mp4 */; };
		20A55B0B1A222C46003B601B /* CSMainNavigationController.m in Sources */ = {isa = PBXBuildFile; fileRef = 20A55B0A1A222C46003B601B /* CSMainNavigationController.m */; };
		20A55B0F1A223B32003B601B /* CSIssuesPreviewFlowLayout.m in Sources */ = {isa = PBXBuildFile; fileRef = 20A55B0E1A223B32003B601B /* CSIssuesPreviewFlowLayout.m */; };
		20A9A3B01A5FEC260080E9AE /* honk-kong-interview.mp4 in Resources */ = {isa = PBXBuildFile; fileRef = 20A9A3AF1A5FEC260080E9AE /* honk-kong-interview.mp4 */; };
		20B2A7FB1A50AD5E00A9E5A8 /* CSHomeArticleTransition.m in Sources */ = {isa = PBXBuildFile; fileRef = 20B2A7FA1A50AD5E00A9E5A8 /* CSHomeArticleTransition.m */; };
		20B2A7FF1A51BC2900A9E5A8 /* CSScrollViewNavigationControl.m in Sources */ = {isa = PBXBuildFile; fileRef = 20B2A7FE1A51BC2900A9E5A8 /* CSScrollViewNavigationControl.m */; };
		20B2A8031A521F2300A9E5A8 /* CSArticleHomeTransition.m in Sources */ = {isa = PBXBuildFile; fileRef = 20B2A8021A521F2300A9E5A8 /* CSArticleHomeTransition.m */; };
		20BACB7B1A1AA33C00EB78CC /* CSHomeViewController.m in Sources */ = {isa = PBXBuildFile; fileRef = 20BACB7A1A1AA33C00EB78CC /* CSHomeViewController.m */; };
		20BBDFEA1A2E6B6B00F2A8C4 /* CSAttributedLabel.m in Sources */ = {isa = PBXBuildFile; fileRef = 20BBDFE91A2E6B6B00F2A8C4 /* CSAttributedLabel.m */; };
		20C0E79F1A2FC4890019C874 /* CSSubtitleBlockTableViewCell.m in Sources */ = {isa = PBXBuildFile; fileRef = 20C0E79E1A2FC4890019C874 /* CSSubtitleBlockTableViewCell.m */; };
		20C176C61A347E0E0021C64C /* CSGlossaryDefinitionTableViewCell.m in Sources */ = {isa = PBXBuildFile; fileRef = 20C176C51A347E0E0021C64C /* CSGlossaryDefinitionTableViewCell.m */; };
		20C176C91A347F550021C64C /* CSDefinitionModel.m in Sources */ = {isa = PBXBuildFile; fileRef = 20C176C81A347F550021C64C /* CSDefinitionModel.m */; };
		20C176D31A349D730021C64C /* CSGlossaryTableViewController.m in Sources */ = {isa = PBXBuildFile; fileRef = 20C176D21A349D730021C64C /* CSGlossaryTableViewController.m */; };
		20C176E71A34DCAE0021C64C /* CSPartBlockTableViewCell.m in Sources */ = {isa = PBXBuildFile; fileRef = 20C176E61A34DCAE0021C64C /* CSPartBlockTableViewCell.m */; };
		20C176EB1A34E1180021C64C /* CSPartBlockTableViewCell.xib in Resources */ = {isa = PBXBuildFile; fileRef = 20C176EA1A34E1180021C64C /* CSPartBlockTableViewCell.xib */; };
		20C176EE1A3506690021C64C /* CSArticlePartViewController.m in Sources */ = {isa = PBXBuildFile; fileRef = 20C176ED1A3506690021C64C /* CSArticlePartViewController.m */; };
		20CABEB41A27253A00462EE4 /* CSIssuesPreviewPictureViewCell.m in Sources */ = {isa = PBXBuildFile; fileRef = 20CABEB31A27253A00462EE4 /* CSIssuesPreviewPictureViewCell.m */; };
		20CABEC01A272ED700462EE4 /* CSAbstractArticleViewCellTableViewCell.m in Sources */ = {isa = PBXBuildFile; fileRef = 20CABEBF1A272ED700462EE4 /* CSAbstractArticleViewCellTableViewCell.m */; };
		EB3B871F1A5AD1E000DB58AD /* CSInterviewBlockTableViewCell.xib in Resources */ = {isa = PBXBuildFile; fileRef = EB3B871E1A5AD1E000DB58AD /* CSInterviewBlockTableViewCell.xib */; };
		EB3B87221A5AD1F800DB58AD /* CSInterviewBlockTableViewCell.m in Sources */ = {isa = PBXBuildFile; fileRef = EB3B87211A5AD1F800DB58AD /* CSInterviewBlockTableViewCell.m */; };
		EB469E481A27582E001C7B02 /* CSMetaBlockTableViewCell.m in Sources */ = {isa = PBXBuildFile; fileRef = EB469E471A27582E001C7B02 /* CSMetaBlockTableViewCell.m */; };
		EB469E4A1A275841001C7B02 /* CSMetaBlockTableViewCell.xib in Resources */ = {isa = PBXBuildFile; fileRef = EB469E491A275841001C7B02 /* CSMetaBlockTableViewCell.xib */; };
		EB469E4E1A275A5F001C7B02 /* CSTeasingBlockTableViewCell.m in Sources */ = {isa = PBXBuildFile; fileRef = EB469E4D1A275A5F001C7B02 /* CSTeasingBlockTableViewCell.m */; };
		EB469E501A275A70001C7B02 /* CSTeasingBlockTableViewCell.xib in Resources */ = {isa = PBXBuildFile; fileRef = EB469E4F1A275A70001C7B02 /* CSTeasingBlockTableViewCell.xib */; };
		EB469E541A275CBC001C7B02 /* CSParagraphBlockTableViewCell.m in Sources */ = {isa = PBXBuildFile; fileRef = EB469E531A275CBC001C7B02 /* CSParagraphBlockTableViewCell.m */; };
		EB469E561A275CD1001C7B02 /* CSParagraphBlockTableViewCell.xib in Resources */ = {isa = PBXBuildFile; fileRef = EB469E551A275CD1001C7B02 /* CSParagraphBlockTableViewCell.xib */; };
		EB469E5A1A275F9A001C7B02 /* CSStatementBlockTableViewCell.m in Sources */ = {isa = PBXBuildFile; fileRef = EB469E591A275F9A001C7B02 /* CSStatementBlockTableViewCell.m */; };
		EB469E5C1A275FAB001C7B02 /* CSStatementBlockTableViewCell.xib in Resources */ = {isa = PBXBuildFile; fileRef = EB469E5B1A275FAB001C7B02 /* CSStatementBlockTableViewCell.xib */; };
		EB469E601A2764C9001C7B02 /* CSPovBlockTableViewCell.m in Sources */ = {isa = PBXBuildFile; fileRef = EB469E5F1A2764C9001C7B02 /* CSPovBlockTableViewCell.m */; };
		EB469E621A276508001C7B02 /* CSPovBlockTableViewCell.xib in Resources */ = {isa = PBXBuildFile; fileRef = EB469E611A276508001C7B02 /* CSPovBlockTableViewCell.xib */; };
		EB9BC7FE1A5C301B00A7BFA7 /* CSImplicationBlockTableViewCell.xib in Resources */ = {isa = PBXBuildFile; fileRef = EB9BC7FD1A5C301B00A7BFA7 /* CSImplicationBlockTableViewCell.xib */; };
		EB9BC8011A5C303900A7BFA7 /* CSImplicationBlockTableViewCell.m in Sources */ = {isa = PBXBuildFile; fileRef = EB9BC8001A5C303900A7BFA7 /* CSImplicationBlockTableViewCell.m */; };
		EBA936921A5D34B400689F5E /* CSNightModeLayer.xib in Resources */ = {isa = PBXBuildFile; fileRef = EBA936911A5D34B400689F5E /* CSNightModeLayer.xib */; };
		EBA936951A5D34CC00689F5E /* CSNightModeLayer.m in Sources */ = {isa = PBXBuildFile; fileRef = EBA936941A5D34CC00689F5E /* CSNightModeLayer.m */; };
		F76C03B76B2A679466431906 /* libPods.a in Frameworks */ = {isa = PBXBuildFile; fileRef = 0DE9C5460100CC02C50B3172 /* libPods.a */; };
/* End PBXBuildFile section */

/* Begin PBXContainerItemProxy section */
		209060521A10BB51001EC87E /* PBXContainerItemProxy */ = {
			isa = PBXContainerItemProxy;
			containerPortal = 209060301A10BB50001EC87E /* Project object */;
			proxyType = 1;
			remoteGlobalIDString = 209060371A10BB50001EC87E;
			remoteInfo = "reuters-wider";
		};
/* End PBXContainerItemProxy section */

/* Begin PBXFileReference section */
		0DE9C5460100CC02C50B3172 /* libPods.a */ = {isa = PBXFileReference; explicitFileType = archive.ar; includeInIndex = 0; path = libPods.a; sourceTree = BUILT_PRODUCTS_DIR; };
		2027E9721A530A14007B5E92 /* CSTween.h */ = {isa = PBXFileReference; fileEncoding = 4; lastKnownFileType = sourcecode.c.h; path = CSTween.h; sourceTree = "<group>"; };
		2027E9731A530A14007B5E92 /* CSTween.m */ = {isa = PBXFileReference; fileEncoding = 4; lastKnownFileType = sourcecode.c.objc; path = CSTween.m; sourceTree = "<group>"; };
		2027E9741A530A14007B5E92 /* CSTweenTimingFunctions.h */ = {isa = PBXFileReference; fileEncoding = 4; lastKnownFileType = sourcecode.c.h; path = CSTweenTimingFunctions.h; sourceTree = "<group>"; };
		2027E9751A530A14007B5E92 /* CSTweenTimingFunctions.m */ = {isa = PBXFileReference; fileEncoding = 4; lastKnownFileType = sourcecode.c.objc; path = CSTweenTimingFunctions.m; sourceTree = "<group>"; };
		202833351A3DE528002DCA1C /* CSInArticleGlossaryDefinition.h */ = {isa = PBXFileReference; fileEncoding = 4; lastKnownFileType = sourcecode.c.h; name = CSInArticleGlossaryDefinition.h; path = "reuters-wider/CSInArticleGlossaryDefinition.h"; sourceTree = "<group>"; };
		202833361A3DE528002DCA1C /* CSInArticleGlossaryDefinition.m */ = {isa = PBXFileReference; fileEncoding = 4; lastKnownFileType = sourcecode.c.objc; name = CSInArticleGlossaryDefinition.m; path = "reuters-wider/CSInArticleGlossaryDefinition.m"; sourceTree = "<group>"; };
		202833381A3DE728002DCA1C /* CSInArticleGlossaryDefinition.xib */ = {isa = PBXFileReference; fileEncoding = 4; lastKnownFileType = file.xib; name = CSInArticleGlossaryDefinition.xib; path = "reuters-wider/CSInArticleGlossaryDefinition.xib"; sourceTree = "<group>"; };
		202B7EED1A3070F7000E13C7 /* CSSubtitleBlockTableViewCell.xib */ = {isa = PBXFileReference; fileEncoding = 4; lastKnownFileType = file.xib; name = CSSubtitleBlockTableViewCell.xib; path = "reuters-wider/CSSubtitleBlockTableViewCell.xib"; sourceTree = "<group>"; };
		202B7EF01A30BA13000E13C7 /* CSFigureBlockTableViewCell.h */ = {isa = PBXFileReference; fileEncoding = 4; lastKnownFileType = sourcecode.c.h; name = CSFigureBlockTableViewCell.h; path = "reuters-wider/CSFigureBlockTableViewCell.h"; sourceTree = "<group>"; };
		202B7EF11A30BA13000E13C7 /* CSFigureBlockTableViewCell.m */ = {isa = PBXFileReference; fileEncoding = 4; lastKnownFileType = sourcecode.c.objc; name = CSFigureBlockTableViewCell.m; path = "reuters-wider/CSFigureBlockTableViewCell.m"; sourceTree = "<group>"; };
		202B7EF31A30BA2C000E13C7 /* CSFigureBlockTableViewCell.xib */ = {isa = PBXFileReference; fileEncoding = 4; lastKnownFileType = file.xib; name = CSFigureBlockTableViewCell.xib; path = "reuters-wider/CSFigureBlockTableViewCell.xib"; sourceTree = "<group>"; };
		203010371A25ECFC0088FD7C /* articles.json */ = {isa = PBXFileReference; fileEncoding = 4; lastKnownFileType = text.json; path = articles.json; sourceTree = "<group>"; };
		2030103C1A25FC1E0088FD7C /* CSArticleModel.h */ = {isa = PBXFileReference; fileEncoding = 4; lastKnownFileType = sourcecode.c.h; path = CSArticleModel.h; sourceTree = "<group>"; };
		2030103D1A25FC1E0088FD7C /* CSArticleModel.m */ = {isa = PBXFileReference; fileEncoding = 4; lastKnownFileType = sourcecode.c.objc; path = CSArticleModel.m; sourceTree = "<group>"; };
		203010421A25FE140088FD7C /* CSBlockModel.h */ = {isa = PBXFileReference; fileEncoding = 4; lastKnownFileType = sourcecode.c.h; path = CSBlockModel.h; sourceTree = "<group>"; };
		203010431A25FE140088FD7C /* CSBlockModel.m */ = {isa = PBXFileReference; fileEncoding = 4; lastKnownFileType = sourcecode.c.objc; path = CSBlockModel.m; sourceTree = "<group>"; };
		203010451A26009B0088FD7C /* CSBlockContentModel.h */ = {isa = PBXFileReference; fileEncoding = 4; lastKnownFileType = sourcecode.c.h; path = CSBlockContentModel.h; sourceTree = "<group>"; };
		203010461A26009B0088FD7C /* CSBlockContentModel.m */ = {isa = PBXFileReference; fileEncoding = 4; lastKnownFileType = sourcecode.c.objc; path = CSBlockContentModel.m; sourceTree = "<group>"; };
		203010491A2605230088FD7C /* CSArticleData.h */ = {isa = PBXFileReference; fileEncoding = 4; lastKnownFileType = sourcecode.c.h; path = CSArticleData.h; sourceTree = "<group>"; };
		2030104A1A2605230088FD7C /* CSArticleData.m */ = {isa = PBXFileReference; fileEncoding = 4; lastKnownFileType = sourcecode.c.objc; path = CSArticleData.m; sourceTree = "<group>"; };
		2030104C1A2608330088FD7C /* CSArticlesModel.h */ = {isa = PBXFileReference; fileEncoding = 4; lastKnownFileType = sourcecode.c.h; path = CSArticlesModel.h; sourceTree = "<group>"; };
		2030104D1A2608330088FD7C /* CSArticlesModel.m */ = {isa = PBXFileReference; fileEncoding = 4; lastKnownFileType = sourcecode.c.objc; path = CSArticlesModel.m; sourceTree = "<group>"; };
		203EFFAD1A16578E0085D493 /* QuartzCore.framework */ = {isa = PBXFileReference; lastKnownFileType = wrapper.framework; name = QuartzCore.framework; path = System/Library/Frameworks/QuartzCore.framework; sourceTree = SDKROOT; };
		205A42891A5DE52900BD5185 /* CSBoucingView.h */ = {isa = PBXFileReference; fileEncoding = 4; lastKnownFileType = sourcecode.c.h; name = CSBoucingView.h; path = "reuters-wider/CSBoucingView.h"; sourceTree = "<group>"; };
		205A428A1A5DE52900BD5185 /* CSBoucingView.m */ = {isa = PBXFileReference; fileEncoding = 4; lastKnownFileType = sourcecode.c.objc; name = CSBoucingView.m; path = "reuters-wider/CSBoucingView.m"; sourceTree = "<group>"; };
		205A428C1A5F4DF100BD5185 /* CSGlobalData.h */ = {isa = PBXFileReference; fileEncoding = 4; lastKnownFileType = sourcecode.c.h; path = CSGlobalData.h; sourceTree = "<group>"; };
		205A428D1A5F4DF100BD5185 /* CSGlobalData.m */ = {isa = PBXFileReference; fileEncoding = 4; lastKnownFileType = sourcecode.c.objc; path = CSGlobalData.m; sourceTree = "<group>"; };
		206C55E81A16022400E2B152 /* CSArchivesHomeTransition.h */ = {isa = PBXFileReference; fileEncoding = 4; lastKnownFileType = sourcecode.c.h; path = CSArchivesHomeTransition.h; sourceTree = "<group>"; };
		206C55E91A16022400E2B152 /* CSArchivesHomeTransition.m */ = {isa = PBXFileReference; fileEncoding = 4; lastKnownFileType = sourcecode.c.objc; path = CSArchivesHomeTransition.m; sourceTree = "<group>"; };
		206C55EC1A163B0400E2B152 /* reuters-wider-Prefix.pch */ = {isa = PBXFileReference; lastKnownFileType = sourcecode.c.h; path = "reuters-wider-Prefix.pch"; sourceTree = "<group>"; };
		206FD85A1A30CE1700636737 /* CSAsideBlockTableViewCell.xib */ = {isa = PBXFileReference; fileEncoding = 4; lastKnownFileType = file.xib; name = CSAsideBlockTableViewCell.xib; path = "reuters-wider/CSAsideBlockTableViewCell.xib"; sourceTree = "<group>"; };
		206FD85C1A30CE4400636737 /* CSAsideBlockTableViewCell.h */ = {isa = PBXFileReference; fileEncoding = 4; lastKnownFileType = sourcecode.c.h; name = CSAsideBlockTableViewCell.h; path = "reuters-wider/CSAsideBlockTableViewCell.h"; sourceTree = "<group>"; };
		206FD85D1A30CE4400636737 /* CSAsideBlockTableViewCell.m */ = {isa = PBXFileReference; fileEncoding = 4; lastKnownFileType = sourcecode.c.objc; name = CSAsideBlockTableViewCell.m; path = "reuters-wider/CSAsideBlockTableViewCell.m"; sourceTree = "<group>"; };
		20801A741A235FED00EF38F3 /* CSVariables.h */ = {isa = PBXFileReference; fileEncoding = 4; lastKnownFileType = sourcecode.c.h; path = CSVariables.h; sourceTree = "<group>"; };
		20801A751A23609600EF38F3 /* Leitura-Italic1.otf */ = {isa = PBXFileReference; lastKnownFileType = file; path = "Leitura-Italic1.otf"; sourceTree = "<group>"; };
		20801A761A23609600EF38F3 /* Leitura-Italic2.otf */ = {isa = PBXFileReference; lastKnownFileType = file; path = "Leitura-Italic2.otf"; sourceTree = "<group>"; };
		20801A781A23609600EF38F3 /* Leitura-Roman1.otf */ = {isa = PBXFileReference; lastKnownFileType = file; path = "Leitura-Roman1.otf"; sourceTree = "<group>"; };
		20801A791A23609600EF38F3 /* Leitura-Roman2.otf */ = {isa = PBXFileReference; lastKnownFileType = file; path = "Leitura-Roman2.otf"; sourceTree = "<group>"; };
		20801A7A1A23609600EF38F3 /* Leitura-Roman3.otf */ = {isa = PBXFileReference; lastKnownFileType = file; path = "Leitura-Roman3.otf"; sourceTree = "<group>"; };
		20801A811A2360A800EF38F3 /* Archer-Thin.otf */ = {isa = PBXFileReference; lastKnownFileType = file; path = "Archer-Thin.otf"; sourceTree = "<group>"; };
		20801A831A2360A800EF38F3 /* Calibre-Light.otf */ = {isa = PBXFileReference; lastKnownFileType = file; path = "Calibre-Light.otf"; sourceTree = "<group>"; };
		20801A841A2360A800EF38F3 /* Calibre-Reg.otf */ = {isa = PBXFileReference; lastKnownFileType = file; path = "Calibre-Reg.otf"; sourceTree = "<group>"; };
		20801A8A1A23640200EF38F3 /* CSIssuesPreviewDescriptionViewCell.h */ = {isa = PBXFileReference; fileEncoding = 4; lastKnownFileType = sourcecode.c.h; name = CSIssuesPreviewDescriptionViewCell.h; path = "reuters-wider/CSIssuesPreviewDescriptionViewCell.h"; sourceTree = "<group>"; };
		20801A8B1A23640200EF38F3 /* CSIssuesPreviewDescriptionViewCell.m */ = {isa = PBXFileReference; fileEncoding = 4; lastKnownFileType = sourcecode.c.objc; name = CSIssuesPreviewDescriptionViewCell.m; path = "reuters-wider/CSIssuesPreviewDescriptionViewCell.m"; sourceTree = "<group>"; };
		20801A8D1A237F2E00EF38F3 /* CSIssuesPreviewCollectionView.h */ = {isa = PBXFileReference; fileEncoding = 4; lastKnownFileType = sourcecode.c.h; name = CSIssuesPreviewCollectionView.h; path = "reuters-wider/CSIssuesPreviewCollectionView.h"; sourceTree = "<group>"; };
		20801A8E1A237F2E00EF38F3 /* CSIssuesPreviewCollectionView.m */ = {isa = PBXFileReference; fileEncoding = 4; lastKnownFileType = sourcecode.c.objc; name = CSIssuesPreviewCollectionView.m; path = "reuters-wider/CSIssuesPreviewCollectionView.m"; sourceTree = "<group>"; };
		20801A901A237F3E00EF38F3 /* CSGradientIndicatorView.h */ = {isa = PBXFileReference; fileEncoding = 4; lastKnownFileType = sourcecode.c.h; name = CSGradientIndicatorView.h; path = "reuters-wider/CSGradientIndicatorView.h"; sourceTree = "<group>"; };
		20801A911A237F3E00EF38F3 /* CSGradientIndicatorView.m */ = {isa = PBXFileReference; fileEncoding = 4; lastKnownFileType = sourcecode.c.objc; name = CSGradientIndicatorView.m; path = "reuters-wider/CSGradientIndicatorView.m"; sourceTree = "<group>"; };
		2088A6831A5D955F00EB2B57 /* Leitura-Italic3.otf */ = {isa = PBXFileReference; lastKnownFileType = file; path = "Leitura-Italic3.otf"; sourceTree = "<group>"; };
		208B5F501A5343FA003D4718 /* CSStickyMenu.h */ = {isa = PBXFileReference; fileEncoding = 4; lastKnownFileType = sourcecode.c.h; name = CSStickyMenu.h; path = "reuters-wider/CSStickyMenu.h"; sourceTree = "<group>"; };
		208B5F511A5343FA003D4718 /* CSStickyMenu.m */ = {isa = PBXFileReference; fileEncoding = 4; lastKnownFileType = sourcecode.c.objc; name = CSStickyMenu.m; path = "reuters-wider/CSStickyMenu.m"; sourceTree = "<group>"; };
		208B5F531A534822003D4718 /* CSStickyMenu.xib */ = {isa = PBXFileReference; fileEncoding = 4; lastKnownFileType = file.xib; name = CSStickyMenu.xib; path = "reuters-wider/CSStickyMenu.xib"; sourceTree = "<group>"; };
		208B5F571A53793A003D4718 /* CSKeywordsBlockTableViewCell.h */ = {isa = PBXFileReference; fileEncoding = 4; lastKnownFileType = sourcecode.c.h; name = CSKeywordsBlockTableViewCell.h; path = "reuters-wider/CSKeywordsBlockTableViewCell.h"; sourceTree = "<group>"; };
		208B5F581A53793A003D4718 /* CSKeywordsBlockTableViewCell.m */ = {isa = PBXFileReference; fileEncoding = 4; lastKnownFileType = sourcecode.c.objc; name = CSKeywordsBlockTableViewCell.m; path = "reuters-wider/CSKeywordsBlockTableViewCell.m"; sourceTree = "<group>"; };
		208B5F5A1A537950003D4718 /* CSKeywordsBlockTableViewCell.xib */ = {isa = PBXFileReference; fileEncoding = 4; lastKnownFileType = file.xib; name = CSKeywordsBlockTableViewCell.xib; path = "reuters-wider/CSKeywordsBlockTableViewCell.xib"; sourceTree = "<group>"; };
		208B5F5D1A537974003D4718 /* CSTransitionBlockTableViewCell.xib */ = {isa = PBXFileReference; fileEncoding = 4; lastKnownFileType = file.xib; name = CSTransitionBlockTableViewCell.xib; path = "reuters-wider/CSTransitionBlockTableViewCell.xib"; sourceTree = "<group>"; };
		208B5F5F1A537980003D4718 /* CSTransitionBlockTableViewCell.h */ = {isa = PBXFileReference; fileEncoding = 4; lastKnownFileType = sourcecode.c.h; name = CSTransitionBlockTableViewCell.h; path = "reuters-wider/CSTransitionBlockTableViewCell.h"; sourceTree = "<group>"; };
		208B5F601A537980003D4718 /* CSTransitionBlockTableViewCell.m */ = {isa = PBXFileReference; fileEncoding = 4; lastKnownFileType = sourcecode.c.objc; name = CSTransitionBlockTableViewCell.m; path = "reuters-wider/CSTransitionBlockTableViewCell.m"; sourceTree = "<group>"; };
		208B5F631A537BBB003D4718 /* CSKeyfiguresBlockTableViewCell.h */ = {isa = PBXFileReference; fileEncoding = 4; lastKnownFileType = sourcecode.c.h; name = CSKeyfiguresBlockTableViewCell.h; path = "reuters-wider/CSKeyfiguresBlockTableViewCell.h"; sourceTree = "<group>"; };
		208B5F641A537BBB003D4718 /* CSKeyfiguresBlockTableViewCell.m */ = {isa = PBXFileReference; fileEncoding = 4; lastKnownFileType = sourcecode.c.objc; name = CSKeyfiguresBlockTableViewCell.m; path = "reuters-wider/CSKeyfiguresBlockTableViewCell.m"; sourceTree = "<group>"; };
		208B5F661A537BD0003D4718 /* CSKeyfiguresBlockTableViewCell.xib */ = {isa = PBXFileReference; fileEncoding = 4; lastKnownFileType = file.xib; name = CSKeyfiguresBlockTableViewCell.xib; path = "reuters-wider/CSKeyfiguresBlockTableViewCell.xib"; sourceTree = "<group>"; };
		208B5F691A538144003D4718 /* CSImageBlockTableViewCell.xib */ = {isa = PBXFileReference; fileEncoding = 4; lastKnownFileType = file.xib; name = CSImageBlockTableViewCell.xib; path = "reuters-wider/CSImageBlockTableViewCell.xib"; sourceTree = "<group>"; };
		208B5F6B1A538154003D4718 /* CSImageBlockTableViewCell.h */ = {isa = PBXFileReference; fileEncoding = 4; lastKnownFileType = sourcecode.c.h; name = CSImageBlockTableViewCell.h; path = "reuters-wider/CSImageBlockTableViewCell.h"; sourceTree = "<group>"; };
		208B5F6C1A538154003D4718 /* CSImageBlockTableViewCell.m */ = {isa = PBXFileReference; fileEncoding = 4; lastKnownFileType = sourcecode.c.objc; name = CSImageBlockTableViewCell.m; path = "reuters-wider/CSImageBlockTableViewCell.m"; sourceTree = "<group>"; };
		208B5F6F1A53847B003D4718 /* CSLocales.h */ = {isa = PBXFileReference; lastKnownFileType = sourcecode.c.h; path = CSLocales.h; sourceTree = "<group>"; };
		208B5FAA1A55E7D8003D4718 /* CSArticleSummaryTransition.h */ = {isa = PBXFileReference; fileEncoding = 4; lastKnownFileType = sourcecode.c.h; path = CSArticleSummaryTransition.h; sourceTree = "<group>"; };
		208B5FAB1A55E7D8003D4718 /* CSArticleSummaryTransition.m */ = {isa = PBXFileReference; fileEncoding = 4; lastKnownFileType = sourcecode.c.objc; path = CSArticleSummaryTransition.m; sourceTree = "<group>"; };
		208B5FB01A55F894003D4718 /* CSSummaryViewController.h */ = {isa = PBXFileReference; fileEncoding = 4; lastKnownFileType = sourcecode.c.h; path = CSSummaryViewController.h; sourceTree = "<group>"; };
		208B5FB11A55F894003D4718 /* CSSummaryViewController.m */ = {isa = PBXFileReference; fileEncoding = 4; lastKnownFileType = sourcecode.c.objc; path = CSSummaryViewController.m; sourceTree = "<group>"; };
		208B5FB41A55FB35003D4718 /* CSSummaryGlossaryTransition.h */ = {isa = PBXFileReference; fileEncoding = 4; lastKnownFileType = sourcecode.c.h; path = CSSummaryGlossaryTransition.h; sourceTree = "<group>"; };
		208B5FB51A55FB35003D4718 /* CSSummaryGlossaryTransition.m */ = {isa = PBXFileReference; fileEncoding = 4; lastKnownFileType = sourcecode.c.objc; path = CSSummaryGlossaryTransition.m; sourceTree = "<group>"; };
		208B5FB71A55FBA4003D4718 /* CSAbstractInteractiveTransition.h */ = {isa = PBXFileReference; fileEncoding = 4; lastKnownFileType = sourcecode.c.h; path = CSAbstractInteractiveTransition.h; sourceTree = "<group>"; };
		208B5FB81A55FBA4003D4718 /* CSAbstractInteractiveTransition.m */ = {isa = PBXFileReference; fileEncoding = 4; lastKnownFileType = sourcecode.c.objc; path = CSAbstractInteractiveTransition.m; sourceTree = "<group>"; };
		208C9D031A10EFD000517B46 /* CSArchivesViewController.h */ = {isa = PBXFileReference; fileEncoding = 4; lastKnownFileType = sourcecode.c.h; path = CSArchivesViewController.h; sourceTree = "<group>"; };
		208C9D041A10EFD000517B46 /* CSArchivesViewController.m */ = {isa = PBXFileReference; fileEncoding = 4; lastKnownFileType = sourcecode.c.objc; path = CSArchivesViewController.m; sourceTree = "<group>"; };
		208C9D071A10F15E00517B46 /* CSHomeArchivesTransition.h */ = {isa = PBXFileReference; fileEncoding = 4; lastKnownFileType = sourcecode.c.h; path = CSHomeArchivesTransition.h; sourceTree = "<group>"; };
		208C9D081A10F15E00517B46 /* CSHomeArchivesTransition.m */ = {isa = PBXFileReference; fileEncoding = 4; lastKnownFileType = sourcecode.c.objc; path = CSHomeArchivesTransition.m; sourceTree = "<group>"; };
		209060381A10BB50001EC87E /* reuters-wider.app */ = {isa = PBXFileReference; explicitFileType = wrapper.application; includeInIndex = 0; path = "reuters-wider.app"; sourceTree = BUILT_PRODUCTS_DIR; };
		2090603C1A10BB50001EC87E /* Info.plist */ = {isa = PBXFileReference; lastKnownFileType = text.plist.xml; path = Info.plist; sourceTree = "<group>"; };
		2090603D1A10BB50001EC87E /* main.m */ = {isa = PBXFileReference; lastKnownFileType = sourcecode.c.objc; path = main.m; sourceTree = "<group>"; };
		2090603F1A10BB50001EC87E /* AppDelegate.h */ = {isa = PBXFileReference; lastKnownFileType = sourcecode.c.h; path = AppDelegate.h; sourceTree = "<group>"; };
		209060401A10BB50001EC87E /* AppDelegate.m */ = {isa = PBXFileReference; lastKnownFileType = sourcecode.c.objc; path = AppDelegate.m; sourceTree = "<group>"; };
		209060461A10BB50001EC87E /* Base */ = {isa = PBXFileReference; lastKnownFileType = file.storyboard; name = Base; path = Base.lproj/Main.storyboard; sourceTree = "<group>"; };
		209060481A10BB50001EC87E /* Images.xcassets */ = {isa = PBXFileReference; lastKnownFileType = folder.assetcatalog; path = Images.xcassets; sourceTree = "<group>"; };
		2090604B1A10BB51001EC87E /* Base */ = {isa = PBXFileReference; lastKnownFileType = file.xib; name = Base; path = Base.lproj/LaunchScreen.xib; sourceTree = "<group>"; };
		209060511A10BB51001EC87E /* reuters-widerTests.xctest */ = {isa = PBXFileReference; explicitFileType = wrapper.cfbundle; includeInIndex = 0; path = "reuters-widerTests.xctest"; sourceTree = BUILT_PRODUCTS_DIR; };
		209060561A10BB51001EC87E /* Info.plist */ = {isa = PBXFileReference; lastKnownFileType = text.plist.xml; path = Info.plist; sourceTree = "<group>"; };
		209060571A10BB51001EC87E /* reuters_widerTests.m */ = {isa = PBXFileReference; lastKnownFileType = sourcecode.c.objc; path = reuters_widerTests.m; sourceTree = "<group>"; };
		20965A931A5BF63A008DDCA6 /* CSPagingScrollViewContainerView.h */ = {isa = PBXFileReference; fileEncoding = 4; lastKnownFileType = sourcecode.c.h; name = CSPagingScrollViewContainerView.h; path = "reuters-wider/CSPagingScrollViewContainerView.h"; sourceTree = "<group>"; };
		20965A941A5BF63A008DDCA6 /* CSPagingScrollViewContainerView.m */ = {isa = PBXFileReference; fileEncoding = 4; lastKnownFileType = sourcecode.c.objc; name = CSPagingScrollViewContainerView.m; path = "reuters-wider/CSPagingScrollViewContainerView.m"; sourceTree = "<group>"; };
		20965A971A5C191A008DDCA6 /* CSKeyfigureKeyView.h */ = {isa = PBXFileReference; fileEncoding = 4; lastKnownFileType = sourcecode.c.h; name = CSKeyfigureKeyView.h; path = "reuters-wider/CSKeyfigureKeyView.h"; sourceTree = "<group>"; };
		20965A981A5C191A008DDCA6 /* CSKeyfigureKeyView.m */ = {isa = PBXFileReference; fileEncoding = 4; lastKnownFileType = sourcecode.c.objc; name = CSKeyfigureKeyView.m; path = "reuters-wider/CSKeyfigureKeyView.m"; sourceTree = "<group>"; };
		20965A9A1A5C193C008DDCA6 /* CSKeyfigureKeyView.xib */ = {isa = PBXFileReference; fileEncoding = 4; lastKnownFileType = file.xib; name = CSKeyfigureKeyView.xib; path = "reuters-wider/CSKeyfigureKeyView.xib"; sourceTree = "<group>"; };
		20965A9C1A5C1DF1008DDCA6 /* Calibre-Medium.otf */ = {isa = PBXFileReference; lastKnownFileType = file; path = "Calibre-Medium.otf"; sourceTree = "<group>"; };
		209CF3031A58394200A8A954 /* CSSummaryEntryTableViewCell.h */ = {isa = PBXFileReference; fileEncoding = 4; lastKnownFileType = sourcecode.c.h; name = CSSummaryEntryTableViewCell.h; path = "reuters-wider/CSSummaryEntryTableViewCell.h"; sourceTree = "<group>"; };
		209CF3041A58394200A8A954 /* CSSummaryEntryTableViewCell.m */ = {isa = PBXFileReference; fileEncoding = 4; lastKnownFileType = sourcecode.c.objc; name = CSSummaryEntryTableViewCell.m; path = "reuters-wider/CSSummaryEntryTableViewCell.m"; sourceTree = "<group>"; };
		209CF3061A583AD500A8A954 /* CSPartModel.h */ = {isa = PBXFileReference; fileEncoding = 4; lastKnownFileType = sourcecode.c.h; path = CSPartModel.h; sourceTree = "<group>"; };
		209CF3071A583AD500A8A954 /* CSPartModel.m */ = {isa = PBXFileReference; fileEncoding = 4; lastKnownFileType = sourcecode.c.objc; path = CSPartModel.m; sourceTree = "<group>"; };
		209CF30A1A59AD8700A8A954 /* CSProgressionBarView.h */ = {isa = PBXFileReference; fileEncoding = 4; lastKnownFileType = sourcecode.c.h; name = CSProgressionBarView.h; path = "reuters-wider/CSProgressionBarView.h"; sourceTree = "<group>"; };
		209CF30B1A59AD8700A8A954 /* CSProgressionBarView.m */ = {isa = PBXFileReference; fileEncoding = 4; lastKnownFileType = sourcecode.c.objc; name = CSProgressionBarView.m; path = "reuters-wider/CSProgressionBarView.m"; sourceTree = "<group>"; };
		209CF30E1A59D33B00A8A954 /* cover-future-energy-in-cities.mp4 */ = {isa = PBXFileReference; lastKnownFileType = file; path = "cover-future-energy-in-cities.mp4"; sourceTree = "<group>"; };
		209CF30F1A59D33B00A8A954 /* cover-social-impact-investing.mp4 */ = {isa = PBXFileReference; lastKnownFileType = file; path = "cover-social-impact-investing.mp4"; sourceTree = "<group>"; };
		209CF3101A59E52E00A8A954 /* cover-hong-kong-for-democracy.mp4 */ = {isa = PBXFileReference; lastKnownFileType = file; path = "cover-hong-kong-for-democracy.mp4"; sourceTree = "<group>"; };
		20A55B091A222C46003B601B /* CSMainNavigationController.h */ = {isa = PBXFileReference; fileEncoding = 4; lastKnownFileType = sourcecode.c.h; path = CSMainNavigationController.h; sourceTree = "<group>"; };
		20A55B0A1A222C46003B601B /* CSMainNavigationController.m */ = {isa = PBXFileReference; fileEncoding = 4; lastKnownFileType = sourcecode.c.objc; path = CSMainNavigationController.m; sourceTree = "<group>"; };
		20A55B0D1A223B32003B601B /* CSIssuesPreviewFlowLayout.h */ = {isa = PBXFileReference; fileEncoding = 4; lastKnownFileType = sourcecode.c.h; path = CSIssuesPreviewFlowLayout.h; sourceTree = "<group>"; };
		20A55B0E1A223B32003B601B /* CSIssuesPreviewFlowLayout.m */ = {isa = PBXFileReference; fileEncoding = 4; lastKnownFileType = sourcecode.c.objc; path = CSIssuesPreviewFlowLayout.m; sourceTree = "<group>"; };
		20A9A3AF1A5FEC260080E9AE /* honk-kong-interview.mp4 */ = {isa = PBXFileReference; lastKnownFileType = file; path = "honk-kong-interview.mp4"; sourceTree = "<group>"; };
		20B2A7F91A50AD5E00A9E5A8 /* CSHomeArticleTransition.h */ = {isa = PBXFileReference; fileEncoding = 4; lastKnownFileType = sourcecode.c.h; path = CSHomeArticleTransition.h; sourceTree = "<group>"; };
		20B2A7FA1A50AD5E00A9E5A8 /* CSHomeArticleTransition.m */ = {isa = PBXFileReference; fileEncoding = 4; lastKnownFileType = sourcecode.c.objc; path = CSHomeArticleTransition.m; sourceTree = "<group>"; };
		20B2A7FD1A51BC2900A9E5A8 /* CSScrollViewNavigationControl.h */ = {isa = PBXFileReference; fileEncoding = 4; lastKnownFileType = sourcecode.c.h; path = CSScrollViewNavigationControl.h; sourceTree = "<group>"; };
		20B2A7FE1A51BC2900A9E5A8 /* CSScrollViewNavigationControl.m */ = {isa = PBXFileReference; fileEncoding = 4; lastKnownFileType = sourcecode.c.objc; path = CSScrollViewNavigationControl.m; sourceTree = "<group>"; };
		20B2A8011A521F2300A9E5A8 /* CSArticleHomeTransition.h */ = {isa = PBXFileReference; fileEncoding = 4; lastKnownFileType = sourcecode.c.h; path = CSArticleHomeTransition.h; sourceTree = "<group>"; };
		20B2A8021A521F2300A9E5A8 /* CSArticleHomeTransition.m */ = {isa = PBXFileReference; fileEncoding = 4; lastKnownFileType = sourcecode.c.objc; path = CSArticleHomeTransition.m; sourceTree = "<group>"; };
		20BACB791A1AA33C00EB78CC /* CSHomeViewController.h */ = {isa = PBXFileReference; fileEncoding = 4; lastKnownFileType = sourcecode.c.h; path = CSHomeViewController.h; sourceTree = "<group>"; };
		20BACB7A1A1AA33C00EB78CC /* CSHomeViewController.m */ = {isa = PBXFileReference; fileEncoding = 4; lastKnownFileType = sourcecode.c.objc; path = CSHomeViewController.m; sourceTree = "<group>"; };
		20BBDFE81A2E6B6B00F2A8C4 /* CSAttributedLabel.h */ = {isa = PBXFileReference; fileEncoding = 4; lastKnownFileType = sourcecode.c.h; name = CSAttributedLabel.h; path = "reuters-wider/CSAttributedLabel.h"; sourceTree = "<group>"; };
		20BBDFE91A2E6B6B00F2A8C4 /* CSAttributedLabel.m */ = {isa = PBXFileReference; fileEncoding = 4; lastKnownFileType = sourcecode.c.objc; name = CSAttributedLabel.m; path = "reuters-wider/CSAttributedLabel.m"; sourceTree = "<group>"; };
		20C0E79D1A2FC4890019C874 /* CSSubtitleBlockTableViewCell.h */ = {isa = PBXFileReference; fileEncoding = 4; lastKnownFileType = sourcecode.c.h; name = CSSubtitleBlockTableViewCell.h; path = "reuters-wider/CSSubtitleBlockTableViewCell.h"; sourceTree = "<group>"; };
		20C0E79E1A2FC4890019C874 /* CSSubtitleBlockTableViewCell.m */ = {isa = PBXFileReference; fileEncoding = 4; lastKnownFileType = sourcecode.c.objc; name = CSSubtitleBlockTableViewCell.m; path = "reuters-wider/CSSubtitleBlockTableViewCell.m"; sourceTree = "<group>"; };
		20C176C41A347E0E0021C64C /* CSGlossaryDefinitionTableViewCell.h */ = {isa = PBXFileReference; fileEncoding = 4; lastKnownFileType = sourcecode.c.h; name = CSGlossaryDefinitionTableViewCell.h; path = "reuters-wider/CSGlossaryDefinitionTableViewCell.h"; sourceTree = "<group>"; };
		20C176C51A347E0E0021C64C /* CSGlossaryDefinitionTableViewCell.m */ = {isa = PBXFileReference; fileEncoding = 4; lastKnownFileType = sourcecode.c.objc; name = CSGlossaryDefinitionTableViewCell.m; path = "reuters-wider/CSGlossaryDefinitionTableViewCell.m"; sourceTree = "<group>"; };
		20C176C71A347F550021C64C /* CSDefinitionModel.h */ = {isa = PBXFileReference; fileEncoding = 4; lastKnownFileType = sourcecode.c.h; path = CSDefinitionModel.h; sourceTree = "<group>"; };
		20C176C81A347F550021C64C /* CSDefinitionModel.m */ = {isa = PBXFileReference; fileEncoding = 4; lastKnownFileType = sourcecode.c.objc; path = CSDefinitionModel.m; sourceTree = "<group>"; };
		20C176D11A349D730021C64C /* CSGlossaryTableViewController.h */ = {isa = PBXFileReference; fileEncoding = 4; lastKnownFileType = sourcecode.c.h; path = CSGlossaryTableViewController.h; sourceTree = "<group>"; };
		20C176D21A349D730021C64C /* CSGlossaryTableViewController.m */ = {isa = PBXFileReference; fileEncoding = 4; lastKnownFileType = sourcecode.c.objc; path = CSGlossaryTableViewController.m; sourceTree = "<group>"; };
		20C176E51A34DCAE0021C64C /* CSPartBlockTableViewCell.h */ = {isa = PBXFileReference; fileEncoding = 4; lastKnownFileType = sourcecode.c.h; name = CSPartBlockTableViewCell.h; path = "reuters-wider/CSPartBlockTableViewCell.h"; sourceTree = "<group>"; };
		20C176E61A34DCAE0021C64C /* CSPartBlockTableViewCell.m */ = {isa = PBXFileReference; fileEncoding = 4; lastKnownFileType = sourcecode.c.objc; name = CSPartBlockTableViewCell.m; path = "reuters-wider/CSPartBlockTableViewCell.m"; sourceTree = "<group>"; };
		20C176EA1A34E1180021C64C /* CSPartBlockTableViewCell.xib */ = {isa = PBXFileReference; fileEncoding = 4; lastKnownFileType = file.xib; name = CSPartBlockTableViewCell.xib; path = "reuters-wider/CSPartBlockTableViewCell.xib"; sourceTree = "<group>"; };
		20C176EC1A3506690021C64C /* CSArticlePartViewController.h */ = {isa = PBXFileReference; fileEncoding = 4; lastKnownFileType = sourcecode.c.h; path = CSArticlePartViewController.h; sourceTree = "<group>"; };
		20C176ED1A3506690021C64C /* CSArticlePartViewController.m */ = {isa = PBXFileReference; fileEncoding = 4; lastKnownFileType = sourcecode.c.objc; path = CSArticlePartViewController.m; sourceTree = "<group>"; };
		20C34B9B1A23293400B9D856 /* CSEnums.h */ = {isa = PBXFileReference; lastKnownFileType = sourcecode.c.h; path = CSEnums.h; sourceTree = "<group>"; };
		20CABEB21A27253A00462EE4 /* CSIssuesPreviewPictureViewCell.h */ = {isa = PBXFileReference; fileEncoding = 4; lastKnownFileType = sourcecode.c.h; name = CSIssuesPreviewPictureViewCell.h; path = "reuters-wider/CSIssuesPreviewPictureViewCell.h"; sourceTree = "<group>"; };
		20CABEB31A27253A00462EE4 /* CSIssuesPreviewPictureViewCell.m */ = {isa = PBXFileReference; fileEncoding = 4; lastKnownFileType = sourcecode.c.objc; name = CSIssuesPreviewPictureViewCell.m; path = "reuters-wider/CSIssuesPreviewPictureViewCell.m"; sourceTree = "<group>"; };
		20CABEBE1A272ED700462EE4 /* CSAbstractArticleViewCellTableViewCell.h */ = {isa = PBXFileReference; fileEncoding = 4; lastKnownFileType = sourcecode.c.h; name = CSAbstractArticleViewCellTableViewCell.h; path = "reuters-wider/CSAbstractArticleViewCellTableViewCell.h"; sourceTree = "<group>"; };
		20CABEBF1A272ED700462EE4 /* CSAbstractArticleViewCellTableViewCell.m */ = {isa = PBXFileReference; fileEncoding = 4; lastKnownFileType = sourcecode.c.objc; name = CSAbstractArticleViewCellTableViewCell.m; path = "reuters-wider/CSAbstractArticleViewCellTableViewCell.m"; sourceTree = "<group>"; };
		88E1419E8DE38584B52B073B /* Pods.release.xcconfig */ = {isa = PBXFileReference; includeInIndex = 1; lastKnownFileType = text.xcconfig; name = Pods.release.xcconfig; path = "Pods/Target Support Files/Pods/Pods.release.xcconfig"; sourceTree = "<group>"; };
		CF6F3471471999C3208FDAAE /* Pods.debug.xcconfig */ = {isa = PBXFileReference; includeInIndex = 1; lastKnownFileType = text.xcconfig; name = Pods.debug.xcconfig; path = "Pods/Target Support Files/Pods/Pods.debug.xcconfig"; sourceTree = "<group>"; };
		EB3B871E1A5AD1E000DB58AD /* CSInterviewBlockTableViewCell.xib */ = {isa = PBXFileReference; fileEncoding = 4; lastKnownFileType = file.xib; name = CSInterviewBlockTableViewCell.xib; path = "reuters-wider/CSInterviewBlockTableViewCell.xib"; sourceTree = "<group>"; };
		EB3B87201A5AD1F800DB58AD /* CSInterviewBlockTableViewCell.h */ = {isa = PBXFileReference; fileEncoding = 4; lastKnownFileType = sourcecode.c.h; name = CSInterviewBlockTableViewCell.h; path = "reuters-wider/CSInterviewBlockTableViewCell.h"; sourceTree = "<group>"; };
		EB3B87211A5AD1F800DB58AD /* CSInterviewBlockTableViewCell.m */ = {isa = PBXFileReference; fileEncoding = 4; lastKnownFileType = sourcecode.c.objc; name = CSInterviewBlockTableViewCell.m; path = "reuters-wider/CSInterviewBlockTableViewCell.m"; sourceTree = "<group>"; };
		EB469E461A27582E001C7B02 /* CSMetaBlockTableViewCell.h */ = {isa = PBXFileReference; fileEncoding = 4; lastKnownFileType = sourcecode.c.h; name = CSMetaBlockTableViewCell.h; path = "reuters-wider/CSMetaBlockTableViewCell.h"; sourceTree = "<group>"; };
		EB469E471A27582E001C7B02 /* CSMetaBlockTableViewCell.m */ = {isa = PBXFileReference; fileEncoding = 4; lastKnownFileType = sourcecode.c.objc; name = CSMetaBlockTableViewCell.m; path = "reuters-wider/CSMetaBlockTableViewCell.m"; sourceTree = "<group>"; };
		EB469E491A275841001C7B02 /* CSMetaBlockTableViewCell.xib */ = {isa = PBXFileReference; fileEncoding = 4; lastKnownFileType = file.xib; name = CSMetaBlockTableViewCell.xib; path = "reuters-wider/CSMetaBlockTableViewCell.xib"; sourceTree = "<group>"; };
		EB469E4C1A275A5F001C7B02 /* CSTeasingBlockTableViewCell.h */ = {isa = PBXFileReference; fileEncoding = 4; lastKnownFileType = sourcecode.c.h; name = CSTeasingBlockTableViewCell.h; path = "reuters-wider/CSTeasingBlockTableViewCell.h"; sourceTree = "<group>"; };
		EB469E4D1A275A5F001C7B02 /* CSTeasingBlockTableViewCell.m */ = {isa = PBXFileReference; fileEncoding = 4; lastKnownFileType = sourcecode.c.objc; name = CSTeasingBlockTableViewCell.m; path = "reuters-wider/CSTeasingBlockTableViewCell.m"; sourceTree = "<group>"; };
		EB469E4F1A275A70001C7B02 /* CSTeasingBlockTableViewCell.xib */ = {isa = PBXFileReference; fileEncoding = 4; lastKnownFileType = file.xib; name = CSTeasingBlockTableViewCell.xib; path = "reuters-wider/CSTeasingBlockTableViewCell.xib"; sourceTree = "<group>"; };
		EB469E521A275CBC001C7B02 /* CSParagraphBlockTableViewCell.h */ = {isa = PBXFileReference; fileEncoding = 4; lastKnownFileType = sourcecode.c.h; name = CSParagraphBlockTableViewCell.h; path = "reuters-wider/CSParagraphBlockTableViewCell.h"; sourceTree = "<group>"; };
		EB469E531A275CBC001C7B02 /* CSParagraphBlockTableViewCell.m */ = {isa = PBXFileReference; fileEncoding = 4; lastKnownFileType = sourcecode.c.objc; name = CSParagraphBlockTableViewCell.m; path = "reuters-wider/CSParagraphBlockTableViewCell.m"; sourceTree = "<group>"; };
		EB469E551A275CD1001C7B02 /* CSParagraphBlockTableViewCell.xib */ = {isa = PBXFileReference; fileEncoding = 4; lastKnownFileType = file.xib; name = CSParagraphBlockTableViewCell.xib; path = "reuters-wider/CSParagraphBlockTableViewCell.xib"; sourceTree = "<group>"; };
		EB469E581A275F9A001C7B02 /* CSStatementBlockTableViewCell.h */ = {isa = PBXFileReference; fileEncoding = 4; lastKnownFileType = sourcecode.c.h; name = CSStatementBlockTableViewCell.h; path = "reuters-wider/CSStatementBlockTableViewCell.h"; sourceTree = "<group>"; };
		EB469E591A275F9A001C7B02 /* CSStatementBlockTableViewCell.m */ = {isa = PBXFileReference; fileEncoding = 4; lastKnownFileType = sourcecode.c.objc; name = CSStatementBlockTableViewCell.m; path = "reuters-wider/CSStatementBlockTableViewCell.m"; sourceTree = "<group>"; };
		EB469E5B1A275FAB001C7B02 /* CSStatementBlockTableViewCell.xib */ = {isa = PBXFileReference; fileEncoding = 4; lastKnownFileType = file.xib; name = CSStatementBlockTableViewCell.xib; path = "reuters-wider/CSStatementBlockTableViewCell.xib"; sourceTree = "<group>"; };
		EB469E5E1A2764C9001C7B02 /* CSPovBlockTableViewCell.h */ = {isa = PBXFileReference; fileEncoding = 4; lastKnownFileType = sourcecode.c.h; name = CSPovBlockTableViewCell.h; path = "reuters-wider/CSPovBlockTableViewCell.h"; sourceTree = "<group>"; };
		EB469E5F1A2764C9001C7B02 /* CSPovBlockTableViewCell.m */ = {isa = PBXFileReference; fileEncoding = 4; lastKnownFileType = sourcecode.c.objc; name = CSPovBlockTableViewCell.m; path = "reuters-wider/CSPovBlockTableViewCell.m"; sourceTree = "<group>"; };
		EB469E611A276508001C7B02 /* CSPovBlockTableViewCell.xib */ = {isa = PBXFileReference; fileEncoding = 4; lastKnownFileType = file.xib; name = CSPovBlockTableViewCell.xib; path = "reuters-wider/CSPovBlockTableViewCell.xib"; sourceTree = "<group>"; };
		EB9BC7FD1A5C301B00A7BFA7 /* CSImplicationBlockTableViewCell.xib */ = {isa = PBXFileReference; fileEncoding = 4; lastKnownFileType = file.xib; name = CSImplicationBlockTableViewCell.xib; path = "reuters-wider/CSImplicationBlockTableViewCell.xib"; sourceTree = "<group>"; };
		EB9BC7FF1A5C303900A7BFA7 /* CSImplicationBlockTableViewCell.h */ = {isa = PBXFileReference; fileEncoding = 4; lastKnownFileType = sourcecode.c.h; name = CSImplicationBlockTableViewCell.h; path = "reuters-wider/CSImplicationBlockTableViewCell.h"; sourceTree = "<group>"; };
		EB9BC8001A5C303900A7BFA7 /* CSImplicationBlockTableViewCell.m */ = {isa = PBXFileReference; fileEncoding = 4; lastKnownFileType = sourcecode.c.objc; name = CSImplicationBlockTableViewCell.m; path = "reuters-wider/CSImplicationBlockTableViewCell.m"; sourceTree = "<group>"; };
		EBA936911A5D34B400689F5E /* CSNightModeLayer.xib */ = {isa = PBXFileReference; fileEncoding = 4; lastKnownFileType = file.xib; name = CSNightModeLayer.xib; path = "reuters-wider/CSNightModeLayer.xib"; sourceTree = "<group>"; };
		EBA936931A5D34CC00689F5E /* CSNightModeLayer.h */ = {isa = PBXFileReference; fileEncoding = 4; lastKnownFileType = sourcecode.c.h; name = CSNightModeLayer.h; path = "reuters-wider/CSNightModeLayer.h"; sourceTree = "<group>"; };
		EBA936941A5D34CC00689F5E /* CSNightModeLayer.m */ = {isa = PBXFileReference; fileEncoding = 4; lastKnownFileType = sourcecode.c.objc; name = CSNightModeLayer.m; path = "reuters-wider/CSNightModeLayer.m"; sourceTree = "<group>"; };
/* End PBXFileReference section */

/* Begin PBXFrameworksBuildPhase section */
		209060351A10BB50001EC87E /* Frameworks */ = {
			isa = PBXFrameworksBuildPhase;
			buildActionMask = 2147483647;
			files = (
				203EFFAF1A1658870085D493 /* QuartzCore.framework in Frameworks */,
				F76C03B76B2A679466431906 /* libPods.a in Frameworks */,
			);
			runOnlyForDeploymentPostprocessing = 0;
		};
		2090604E1A10BB51001EC87E /* Frameworks */ = {
			isa = PBXFrameworksBuildPhase;
			buildActionMask = 2147483647;
			files = (
			);
			runOnlyForDeploymentPostprocessing = 0;
		};
/* End PBXFrameworksBuildPhase section */

/* Begin PBXGroup section */
		2027E9711A530A00007B5E92 /* Tween */ = {
			isa = PBXGroup;
			children = (
				2027E9721A530A14007B5E92 /* CSTween.h */,
				2027E9731A530A14007B5E92 /* CSTween.m */,
				2027E9741A530A14007B5E92 /* CSTweenTimingFunctions.h */,
				2027E9751A530A14007B5E92 /* CSTweenTimingFunctions.m */,
			);
			name = Tween;
			sourceTree = "<group>";
		};
		202B7EEF1A30B9EA000E13C7 /* FigureBlock */ = {
			isa = PBXGroup;
			children = (
				202B7EF01A30BA13000E13C7 /* CSFigureBlockTableViewCell.h */,
				202B7EF11A30BA13000E13C7 /* CSFigureBlockTableViewCell.m */,
				202B7EF31A30BA2C000E13C7 /* CSFigureBlockTableViewCell.xib */,
			);
			name = FigureBlock;
			sourceTree = "<group>";
		};
		202E59421A5ED9C900005DE6 /* BouncingView */ = {
			isa = PBXGroup;
			children = (
				205A42891A5DE52900BD5185 /* CSBoucingView.h */,
				205A428A1A5DE52900BD5185 /* CSBoucingView.m */,
			);
			name = BouncingView;
			sourceTree = "<group>";
		};
		203010391A25FBB70088FD7C /* Models */ = {
			isa = PBXGroup;
			children = (
				2030103C1A25FC1E0088FD7C /* CSArticleModel.h */,
				2030103D1A25FC1E0088FD7C /* CSArticleModel.m */,
				203010421A25FE140088FD7C /* CSBlockModel.h */,
				203010431A25FE140088FD7C /* CSBlockModel.m */,
				203010451A26009B0088FD7C /* CSBlockContentModel.h */,
				203010461A26009B0088FD7C /* CSBlockContentModel.m */,
				2030104C1A2608330088FD7C /* CSArticlesModel.h */,
				2030104D1A2608330088FD7C /* CSArticlesModel.m */,
				20C176C71A347F550021C64C /* CSDefinitionModel.h */,
				20C176C81A347F550021C64C /* CSDefinitionModel.m */,
				209CF3061A583AD500A8A954 /* CSPartModel.h */,
				209CF3071A583AD500A8A954 /* CSPartModel.m */,
			);
			name = Models;
			sourceTree = "<group>";
		};
		203010481A2604EF0088FD7C /* Data */ = {
			isa = PBXGroup;
			children = (
				203010491A2605230088FD7C /* CSArticleData.h */,
				2030104A1A2605230088FD7C /* CSArticleData.m */,
				205A428C1A5F4DF100BD5185 /* CSGlobalData.h */,
				205A428D1A5F4DF100BD5185 /* CSGlobalData.m */,
			);
			name = Data;
			sourceTree = "<group>";
		};
		206FD8591A30CE0100636737 /* AsideBlock */ = {
			isa = PBXGroup;
			children = (
				206FD85C1A30CE4400636737 /* CSAsideBlockTableViewCell.h */,
				206FD85D1A30CE4400636737 /* CSAsideBlockTableViewCell.m */,
				206FD85A1A30CE1700636737 /* CSAsideBlockTableViewCell.xib */,
			);
			name = AsideBlock;
			sourceTree = "<group>";
		};
		20801A711A235FBD00EF38F3 /* Utils */ = {
			isa = PBXGroup;
			children = (
				20801A741A235FED00EF38F3 /* CSVariables.h */,
				208B5F6F1A53847B003D4718 /* CSLocales.h */,
				20C34B9B1A23293400B9D856 /* CSEnums.h */,
			);
			name = Utils;
			sourceTree = "<group>";
		};
		20801A721A235FC300EF38F3 /* Assets */ = {
			isa = PBXGroup;
			children = (
				20801A731A235FD100EF38F3 /* Fonts */,
			);
			name = Assets;
			sourceTree = "<group>";
		};
		20801A731A235FD100EF38F3 /* Fonts */ = {
			isa = PBXGroup;
			children = (
				20801A811A2360A800EF38F3 /* Archer-Thin.otf */,
				20801A831A2360A800EF38F3 /* Calibre-Light.otf */,
				20801A841A2360A800EF38F3 /* Calibre-Reg.otf */,
				20965A9C1A5C1DF1008DDCA6 /* Calibre-Medium.otf */,
				20801A751A23609600EF38F3 /* Leitura-Italic1.otf */,
				20801A761A23609600EF38F3 /* Leitura-Italic2.otf */,
				2088A6831A5D955F00EB2B57 /* Leitura-Italic3.otf */,
				20801A781A23609600EF38F3 /* Leitura-Roman1.otf */,
				20801A791A23609600EF38F3 /* Leitura-Roman2.otf */,
				20801A7A1A23609600EF38F3 /* Leitura-Roman3.otf */,
			);
			name = Fonts;
			sourceTree = "<group>";
		};
		20801A891A2363C700EF38F3 /* IssuesDescription */ = {
			isa = PBXGroup;
			children = (
				20801A8A1A23640200EF38F3 /* CSIssuesPreviewDescriptionViewCell.h */,
				20801A8B1A23640200EF38F3 /* CSIssuesPreviewDescriptionViewCell.m */,
			);
			name = IssuesDescription;
			sourceTree = "<group>";
		};
		208B5F4F1A5343A9003D4718 /* StickyMenu */ = {
			isa = PBXGroup;
			children = (
				208B5F501A5343FA003D4718 /* CSStickyMenu.h */,
				208B5F511A5343FA003D4718 /* CSStickyMenu.m */,
				208B5F531A534822003D4718 /* CSStickyMenu.xib */,
			);
			name = StickyMenu;
			sourceTree = "<group>";
		};
		208B5F561A537907003D4718 /* KeywordsBlock */ = {
			isa = PBXGroup;
			children = (
				208B5F571A53793A003D4718 /* CSKeywordsBlockTableViewCell.h */,
				208B5F581A53793A003D4718 /* CSKeywordsBlockTableViewCell.m */,
				208B5F5A1A537950003D4718 /* CSKeywordsBlockTableViewCell.xib */,
			);
			name = KeywordsBlock;
			sourceTree = "<group>";
		};
		208B5F5C1A537963003D4718 /* TransitionBlock */ = {
			isa = PBXGroup;
			children = (
				208B5F5F1A537980003D4718 /* CSTransitionBlockTableViewCell.h */,
				208B5F601A537980003D4718 /* CSTransitionBlockTableViewCell.m */,
				208B5F5D1A537974003D4718 /* CSTransitionBlockTableViewCell.xib */,
			);
			name = TransitionBlock;
			sourceTree = "<group>";
		};
		208B5F621A537B86003D4718 /* KeyfiguresBlock */ = {
			isa = PBXGroup;
			children = (
				20965A961A5C18F8008DDCA6 /* KeyfigureKeyView */,
				208B5F631A537BBB003D4718 /* CSKeyfiguresBlockTableViewCell.h */,
				208B5F641A537BBB003D4718 /* CSKeyfiguresBlockTableViewCell.m */,
				208B5F661A537BD0003D4718 /* CSKeyfiguresBlockTableViewCell.xib */,
			);
			name = KeyfiguresBlock;
			sourceTree = "<group>";
		};
		208B5F681A538128003D4718 /* ImageBlock */ = {
			isa = PBXGroup;
			children = (
				208B5F6B1A538154003D4718 /* CSImageBlockTableViewCell.h */,
				208B5F6C1A538154003D4718 /* CSImageBlockTableViewCell.m */,
				208B5F691A538144003D4718 /* CSImageBlockTableViewCell.xib */,
			);
			name = ImageBlock;
			sourceTree = "<group>";
		};
		208B5FA81A55E772003D4718 /* Transitions */ = {
			isa = PBXGroup;
			children = (
				208B5FB31A55FAFE003D4718 /* SummaryGlossary */,
				208B5FA91A55E77B003D4718 /* ArticleSummary */,
				208B5FB71A55FBA4003D4718 /* CSAbstractInteractiveTransition.h */,
				208B5FB81A55FBA4003D4718 /* CSAbstractInteractiveTransition.m */,
			);
			name = Transitions;
			sourceTree = "<group>";
		};
		208B5FA91A55E77B003D4718 /* ArticleSummary */ = {
			isa = PBXGroup;
			children = (
				208B5FAA1A55E7D8003D4718 /* CSArticleSummaryTransition.h */,
				208B5FAB1A55E7D8003D4718 /* CSArticleSummaryTransition.m */,
			);
			name = ArticleSummary;
			sourceTree = "<group>";
		};
		208B5FAF1A55F85F003D4718 /* Summary */ = {
			isa = PBXGroup;
			children = (
				208B5FB01A55F894003D4718 /* CSSummaryViewController.h */,
				208B5FB11A55F894003D4718 /* CSSummaryViewController.m */,
			);
			name = Summary;
			sourceTree = "<group>";
		};
		208B5FB31A55FAFE003D4718 /* SummaryGlossary */ = {
			isa = PBXGroup;
			children = (
				208B5FB41A55FB35003D4718 /* CSSummaryGlossaryTransition.h */,
				208B5FB51A55FB35003D4718 /* CSSummaryGlossaryTransition.m */,
			);
			name = SummaryGlossary;
			sourceTree = "<group>";
		};
		208C9CF51A10C62E00517B46 /* Views */ = {
			isa = PBXGroup;
			children = (
				202E59421A5ED9C900005DE6 /* BouncingView */,
				EBA936901A5D348D00689F5E /* NightModeLayer */,
				20965A9E1A5C32B5008DDCA6 /* PagingScrollViewContainerView */,
				209CF3091A59AD7200A8A954 /* ProgressionBar */,
				209CF3021A58392000A8A954 /* SummaryEntryCell */,
				208B5F4F1A5343A9003D4718 /* StickyMenu */,
				20B2A7E51A4F61A900A9E5A8 /* InArticleGlossaryDefinition */,
				20C176C31A347DE60021C64C /* GlossaryDefinitionCell */,
				20BBDFE71A2E6B4E00F2A8C4 /* AttributedLabel */,
				20CABEAD1A2724EB00462EE4 /* ArticleCells */,
				20E37A9A1A26221100CE441B /* IssuesPreviewPicture */,
				20801A891A2363C700EF38F3 /* IssuesDescription */,
				20A55B141A228712003B601B /* GradientIndicator */,
				20A55B131A2286E1003B601B /* IssuesPreview */,
			);
			name = Views;
			path = ..;
			sourceTree = "<group>";
		};
		208C9CF61A10D09B00517B46 /* ViewControllers */ = {
			isa = PBXGroup;
			children = (
				208B5FAF1A55F85F003D4718 /* Summary */,
				20C176BF1A347C0E0021C64C /* Glossary */,
				20CABEA01A27234400462EE4 /* ArticlePart */,
				20BACB7E1A1AA3A400EB78CC /* Archives */,
				20BACB7C1A1AA38700EB78CC /* Home */,
			);
			name = ViewControllers;
			sourceTree = "<group>";
		};
		208C9D061A10F0E100517B46 /* Segues */ = {
			isa = PBXGroup;
			children = (
				20B2A7F81A50AD4400A9E5A8 /* HomeArticle */,
				20BACB7F1A1AA3D200EB78CC /* HomeArchives */,
			);
			name = Segues;
			sourceTree = "<group>";
		};
		2090602F1A10BB50001EC87E = {
			isa = PBXGroup;
			children = (
				2090603A1A10BB50001EC87E /* reuters-wider */,
				209060541A10BB51001EC87E /* reuters-widerTests */,
				209060391A10BB50001EC87E /* Products */,
				64A33D5A2E0AB9C3CB7B1951 /* Pods */,
				FEE8AF2D9C66F999A4901A4F /* Frameworks */,
			);
			sourceTree = "<group>";
		};
		209060391A10BB50001EC87E /* Products */ = {
			isa = PBXGroup;
			children = (
				209060381A10BB50001EC87E /* reuters-wider.app */,
				209060511A10BB51001EC87E /* reuters-widerTests.xctest */,
			);
			name = Products;
			sourceTree = "<group>";
		};
		2090603A1A10BB50001EC87E /* reuters-wider */ = {
			isa = PBXGroup;
			children = (
				208B5FA81A55E772003D4718 /* Transitions */,
				2027E9711A530A00007B5E92 /* Tween */,
				203010481A2604EF0088FD7C /* Data */,
				203010391A25FBB70088FD7C /* Models */,
				20801A721A235FC300EF38F3 /* Assets */,
				20C34B9A1A23290400B9D856 /* Resources */,
				20A55B0C1A223B0A003B601B /* Layouts */,
				2090603F1A10BB50001EC87E /* AppDelegate.h */,
				209060401A10BB50001EC87E /* AppDelegate.m */,
				209060451A10BB50001EC87E /* Main.storyboard */,
				209060481A10BB50001EC87E /* Images.xcassets */,
				2090604A1A10BB51001EC87E /* LaunchScreen.xib */,
				20801A711A235FBD00EF38F3 /* Utils */,
				20B2A7FC1A51BC0500A9E5A8 /* Control */,
				208C9D061A10F0E100517B46 /* Segues */,
				208C9CF61A10D09B00517B46 /* ViewControllers */,
				208C9CF51A10C62E00517B46 /* Views */,
				2090603B1A10BB50001EC87E /* Supporting Files */,
				20A55B091A222C46003B601B /* CSMainNavigationController.h */,
				20A55B0A1A222C46003B601B /* CSMainNavigationController.m */,
			);
			path = "reuters-wider";
			sourceTree = "<group>";
		};
		2090603B1A10BB50001EC87E /* Supporting Files */ = {
			isa = PBXGroup;
			children = (
				2090603C1A10BB50001EC87E /* Info.plist */,
				2090603D1A10BB50001EC87E /* main.m */,
				206C55EC1A163B0400E2B152 /* reuters-wider-Prefix.pch */,
			);
			name = "Supporting Files";
			sourceTree = "<group>";
		};
		209060541A10BB51001EC87E /* reuters-widerTests */ = {
			isa = PBXGroup;
			children = (
				209060571A10BB51001EC87E /* reuters_widerTests.m */,
				209060551A10BB51001EC87E /* Supporting Files */,
			);
			path = "reuters-widerTests";
			sourceTree = "<group>";
		};
		209060551A10BB51001EC87E /* Supporting Files */ = {
			isa = PBXGroup;
			children = (
				209060561A10BB51001EC87E /* Info.plist */,
			);
			name = "Supporting Files";
			sourceTree = "<group>";
		};
		20965A961A5C18F8008DDCA6 /* KeyfigureKeyView */ = {
			isa = PBXGroup;
			children = (
				20965A971A5C191A008DDCA6 /* CSKeyfigureKeyView.h */,
				20965A981A5C191A008DDCA6 /* CSKeyfigureKeyView.m */,
				20965A9A1A5C193C008DDCA6 /* CSKeyfigureKeyView.xib */,
			);
			name = KeyfigureKeyView;
			sourceTree = "<group>";
		};
		20965A9E1A5C32B5008DDCA6 /* PagingScrollViewContainerView */ = {
			isa = PBXGroup;
			children = (
				20965A931A5BF63A008DDCA6 /* CSPagingScrollViewContainerView.h */,
				20965A941A5BF63A008DDCA6 /* CSPagingScrollViewContainerView.m */,
			);
			name = PagingScrollViewContainerView;
			sourceTree = "<group>";
		};
		209CF3021A58392000A8A954 /* SummaryEntryCell */ = {
			isa = PBXGroup;
			children = (
				209CF3031A58394200A8A954 /* CSSummaryEntryTableViewCell.h */,
				209CF3041A58394200A8A954 /* CSSummaryEntryTableViewCell.m */,
			);
			name = SummaryEntryCell;
			sourceTree = "<group>";
		};
		209CF3091A59AD7200A8A954 /* ProgressionBar */ = {
			isa = PBXGroup;
			children = (
				209CF30A1A59AD8700A8A954 /* CSProgressionBarView.h */,
				209CF30B1A59AD8700A8A954 /* CSProgressionBarView.m */,
			);
			name = ProgressionBar;
			sourceTree = "<group>";
		};
		209CF30D1A59CF5D00A8A954 /* Videos */ = {
			isa = PBXGroup;
			children = (
				20A9A3AF1A5FEC260080E9AE /* honk-kong-interview.mp4 */,
				209CF3101A59E52E00A8A954 /* cover-hong-kong-for-democracy.mp4 */,
				209CF30E1A59D33B00A8A954 /* cover-future-energy-in-cities.mp4 */,
				209CF30F1A59D33B00A8A954 /* cover-social-impact-investing.mp4 */,
			);
			name = Videos;
			sourceTree = "<group>";
		};
		20A55B0C1A223B0A003B601B /* Layouts */ = {
			isa = PBXGroup;
			children = (
				20A55B0D1A223B32003B601B /* CSIssuesPreviewFlowLayout.h */,
				20A55B0E1A223B32003B601B /* CSIssuesPreviewFlowLayout.m */,
			);
			name = Layouts;
			sourceTree = "<group>";
		};
		20A55B131A2286E1003B601B /* IssuesPreview */ = {
			isa = PBXGroup;
			children = (
				20801A8D1A237F2E00EF38F3 /* CSIssuesPreviewCollectionView.h */,
				20801A8E1A237F2E00EF38F3 /* CSIssuesPreviewCollectionView.m */,
			);
			name = IssuesPreview;
			sourceTree = "<group>";
		};
		20A55B141A228712003B601B /* GradientIndicator */ = {
			isa = PBXGroup;
			children = (
				20801A901A237F3E00EF38F3 /* CSGradientIndicatorView.h */,
				20801A911A237F3E00EF38F3 /* CSGradientIndicatorView.m */,
			);
			name = GradientIndicator;
			sourceTree = "<group>";
		};
		20B2A7E51A4F61A900A9E5A8 /* InArticleGlossaryDefinition */ = {
			isa = PBXGroup;
			children = (
				202833351A3DE528002DCA1C /* CSInArticleGlossaryDefinition.h */,
				202833361A3DE528002DCA1C /* CSInArticleGlossaryDefinition.m */,
				202833381A3DE728002DCA1C /* CSInArticleGlossaryDefinition.xib */,
			);
			name = InArticleGlossaryDefinition;
			sourceTree = "<group>";
		};
		20B2A7F81A50AD4400A9E5A8 /* HomeArticle */ = {
			isa = PBXGroup;
			children = (
				20B2A7F91A50AD5E00A9E5A8 /* CSHomeArticleTransition.h */,
				20B2A7FA1A50AD5E00A9E5A8 /* CSHomeArticleTransition.m */,
				20B2A8011A521F2300A9E5A8 /* CSArticleHomeTransition.h */,
				20B2A8021A521F2300A9E5A8 /* CSArticleHomeTransition.m */,
			);
			name = HomeArticle;
			sourceTree = "<group>";
		};
		20B2A7FC1A51BC0500A9E5A8 /* Control */ = {
			isa = PBXGroup;
			children = (
				20B2A8001A51BC3100A9E5A8 /* NavigationControl */,
			);
			name = Control;
			sourceTree = "<group>";
		};
		20B2A8001A51BC3100A9E5A8 /* NavigationControl */ = {
			isa = PBXGroup;
			children = (
				20B2A7FD1A51BC2900A9E5A8 /* CSScrollViewNavigationControl.h */,
				20B2A7FE1A51BC2900A9E5A8 /* CSScrollViewNavigationControl.m */,
			);
			name = NavigationControl;
			sourceTree = "<group>";
		};
		20BACB7C1A1AA38700EB78CC /* Home */ = {
			isa = PBXGroup;
			children = (
				20BACB791A1AA33C00EB78CC /* CSHomeViewController.h */,
				20BACB7A1A1AA33C00EB78CC /* CSHomeViewController.m */,
			);
			name = Home;
			sourceTree = "<group>";
		};
		20BACB7E1A1AA3A400EB78CC /* Archives */ = {
			isa = PBXGroup;
			children = (
				208C9D031A10EFD000517B46 /* CSArchivesViewController.h */,
				208C9D041A10EFD000517B46 /* CSArchivesViewController.m */,
			);
			name = Archives;
			sourceTree = "<group>";
		};
		20BACB7F1A1AA3D200EB78CC /* HomeArchives */ = {
			isa = PBXGroup;
			children = (
				208C9D071A10F15E00517B46 /* CSHomeArchivesTransition.h */,
				208C9D081A10F15E00517B46 /* CSHomeArchivesTransition.m */,
				206C55E81A16022400E2B152 /* CSArchivesHomeTransition.h */,
				206C55E91A16022400E2B152 /* CSArchivesHomeTransition.m */,
			);
			name = HomeArchives;
			sourceTree = "<group>";
		};
		20BBDFE71A2E6B4E00F2A8C4 /* AttributedLabel */ = {
			isa = PBXGroup;
			children = (
				20BBDFE81A2E6B6B00F2A8C4 /* CSAttributedLabel.h */,
				20BBDFE91A2E6B6B00F2A8C4 /* CSAttributedLabel.m */,
			);
			name = AttributedLabel;
			sourceTree = "<group>";
		};
		20C0E79C1A2FC4520019C874 /* SubtitleBlock */ = {
			isa = PBXGroup;
			children = (
				20C0E79D1A2FC4890019C874 /* CSSubtitleBlockTableViewCell.h */,
				20C0E79E1A2FC4890019C874 /* CSSubtitleBlockTableViewCell.m */,
				202B7EED1A3070F7000E13C7 /* CSSubtitleBlockTableViewCell.xib */,
			);
			name = SubtitleBlock;
			sourceTree = "<group>";
		};
		20C176BF1A347C0E0021C64C /* Glossary */ = {
			isa = PBXGroup;
			children = (
				20C176D11A349D730021C64C /* CSGlossaryTableViewController.h */,
				20C176D21A349D730021C64C /* CSGlossaryTableViewController.m */,
			);
			name = Glossary;
			sourceTree = "<group>";
		};
		20C176C31A347DE60021C64C /* GlossaryDefinitionCell */ = {
			isa = PBXGroup;
			children = (
				20C176C41A347E0E0021C64C /* CSGlossaryDefinitionTableViewCell.h */,
				20C176C51A347E0E0021C64C /* CSGlossaryDefinitionTableViewCell.m */,
			);
			name = GlossaryDefinitionCell;
			sourceTree = "<group>";
		};
		20C176E41A34DC830021C64C /* PartBlock */ = {
			isa = PBXGroup;
			children = (
				20C176E51A34DCAE0021C64C /* CSPartBlockTableViewCell.h */,
				20C176E61A34DCAE0021C64C /* CSPartBlockTableViewCell.m */,
				20C176EA1A34E1180021C64C /* CSPartBlockTableViewCell.xib */,
			);
			name = PartBlock;
			sourceTree = "<group>";
		};
		20C34B9A1A23290400B9D856 /* Resources */ = {
			isa = PBXGroup;
			children = (
				209CF30D1A59CF5D00A8A954 /* Videos */,
				203010371A25ECFC0088FD7C /* articles.json */,
			);
			name = Resources;
			sourceTree = "<group>";
		};
		20CABEA01A27234400462EE4 /* ArticlePart */ = {
			isa = PBXGroup;
			children = (
				20C176EC1A3506690021C64C /* CSArticlePartViewController.h */,
				20C176ED1A3506690021C64C /* CSArticlePartViewController.m */,
			);
			name = ArticlePart;
			sourceTree = "<group>";
		};
		20CABEAD1A2724EB00462EE4 /* ArticleCells */ = {
			isa = PBXGroup;
			children = (
				EB9BC7FC1A5C2FFC00A7BFA7 /* ImplicationBlock */,
				EB3B871D1A5AD1C400DB58AD /* InterviewBlock */,
				208B5F681A538128003D4718 /* ImageBlock */,
				208B5F621A537B86003D4718 /* KeyfiguresBlock */,
				208B5F5C1A537963003D4718 /* TransitionBlock */,
				208B5F561A537907003D4718 /* KeywordsBlock */,
				20C176E41A34DC830021C64C /* PartBlock */,
				206FD8591A30CE0100636737 /* AsideBlock */,
				202B7EEF1A30B9EA000E13C7 /* FigureBlock */,
				20C0E79C1A2FC4520019C874 /* SubtitleBlock */,
				EB469E5D1A2764AD001C7B02 /* POVBlock */,
				EB469E571A275F6E001C7B02 /* StatementBlock */,
				EB469E511A275CA5001C7B02 /* ParagraphBlock */,
				EB469E4B1A275A45001C7B02 /* TeasingBlock */,
				EB469E401A2757BE001C7B02 /* MetaBlock */,
				20CABEBD1A272EBD00462EE4 /* AbstractArticleViewCell */,
			);
			name = ArticleCells;
			sourceTree = "<group>";
		};
		20CABEBD1A272EBD00462EE4 /* AbstractArticleViewCell */ = {
			isa = PBXGroup;
			children = (
				20CABEBE1A272ED700462EE4 /* CSAbstractArticleViewCellTableViewCell.h */,
				20CABEBF1A272ED700462EE4 /* CSAbstractArticleViewCellTableViewCell.m */,
			);
			name = AbstractArticleViewCell;
			sourceTree = "<group>";
		};
		20E37A9A1A26221100CE441B /* IssuesPreviewPicture */ = {
			isa = PBXGroup;
			children = (
				20CABEB21A27253A00462EE4 /* CSIssuesPreviewPictureViewCell.h */,
				20CABEB31A27253A00462EE4 /* CSIssuesPreviewPictureViewCell.m */,
			);
			name = IssuesPreviewPicture;
			sourceTree = "<group>";
		};
		64A33D5A2E0AB9C3CB7B1951 /* Pods */ = {
			isa = PBXGroup;
			children = (
				CF6F3471471999C3208FDAAE /* Pods.debug.xcconfig */,
				88E1419E8DE38584B52B073B /* Pods.release.xcconfig */,
			);
			name = Pods;
			sourceTree = "<group>";
		};
		EB3B871D1A5AD1C400DB58AD /* InterviewBlock */ = {
			isa = PBXGroup;
			children = (
				EB3B87201A5AD1F800DB58AD /* CSInterviewBlockTableViewCell.h */,
				EB3B87211A5AD1F800DB58AD /* CSInterviewBlockTableViewCell.m */,
				EB3B871E1A5AD1E000DB58AD /* CSInterviewBlockTableViewCell.xib */,
			);
			name = InterviewBlock;
			sourceTree = "<group>";
		};
		EB469E401A2757BE001C7B02 /* MetaBlock */ = {
			isa = PBXGroup;
			children = (
				EB469E461A27582E001C7B02 /* CSMetaBlockTableViewCell.h */,
				EB469E471A27582E001C7B02 /* CSMetaBlockTableViewCell.m */,
				EB469E491A275841001C7B02 /* CSMetaBlockTableViewCell.xib */,
			);
			name = MetaBlock;
			sourceTree = "<group>";
		};
		EB469E4B1A275A45001C7B02 /* TeasingBlock */ = {
			isa = PBXGroup;
			children = (
				EB469E4C1A275A5F001C7B02 /* CSTeasingBlockTableViewCell.h */,
				EB469E4D1A275A5F001C7B02 /* CSTeasingBlockTableViewCell.m */,
				EB469E4F1A275A70001C7B02 /* CSTeasingBlockTableViewCell.xib */,
			);
			name = TeasingBlock;
			sourceTree = "<group>";
		};
		EB469E511A275CA5001C7B02 /* ParagraphBlock */ = {
			isa = PBXGroup;
			children = (
				EB469E521A275CBC001C7B02 /* CSParagraphBlockTableViewCell.h */,
				EB469E531A275CBC001C7B02 /* CSParagraphBlockTableViewCell.m */,
				EB469E551A275CD1001C7B02 /* CSParagraphBlockTableViewCell.xib */,
			);
			name = ParagraphBlock;
			sourceTree = "<group>";
		};
		EB469E571A275F6E001C7B02 /* StatementBlock */ = {
			isa = PBXGroup;
			children = (
				EB469E581A275F9A001C7B02 /* CSStatementBlockTableViewCell.h */,
				EB469E591A275F9A001C7B02 /* CSStatementBlockTableViewCell.m */,
				EB469E5B1A275FAB001C7B02 /* CSStatementBlockTableViewCell.xib */,
			);
			name = StatementBlock;
			sourceTree = "<group>";
		};
		EB469E5D1A2764AD001C7B02 /* POVBlock */ = {
			isa = PBXGroup;
			children = (
				EB469E5E1A2764C9001C7B02 /* CSPovBlockTableViewCell.h */,
				EB469E5F1A2764C9001C7B02 /* CSPovBlockTableViewCell.m */,
				EB469E611A276508001C7B02 /* CSPovBlockTableViewCell.xib */,
			);
			name = POVBlock;
			sourceTree = "<group>";
		};
		EB9BC7FC1A5C2FFC00A7BFA7 /* ImplicationBlock */ = {
			isa = PBXGroup;
			children = (
				EB9BC7FF1A5C303900A7BFA7 /* CSImplicationBlockTableViewCell.h */,
				EB9BC8001A5C303900A7BFA7 /* CSImplicationBlockTableViewCell.m */,
				EB9BC7FD1A5C301B00A7BFA7 /* CSImplicationBlockTableViewCell.xib */,
			);
			name = ImplicationBlock;
			sourceTree = "<group>";
		};
		EBA936901A5D348D00689F5E /* NightModeLayer */ = {
			isa = PBXGroup;
			children = (
				EBA936931A5D34CC00689F5E /* CSNightModeLayer.h */,
				EBA936941A5D34CC00689F5E /* CSNightModeLayer.m */,
				EBA936911A5D34B400689F5E /* CSNightModeLayer.xib */,
			);
			name = NightModeLayer;
			sourceTree = "<group>";
		};
		FEE8AF2D9C66F999A4901A4F /* Frameworks */ = {
			isa = PBXGroup;
			children = (
				203EFFAD1A16578E0085D493 /* QuartzCore.framework */,
				0DE9C5460100CC02C50B3172 /* libPods.a */,
			);
			name = Frameworks;
			sourceTree = "<group>";
		};
/* End PBXGroup section */

/* Begin PBXNativeTarget section */
		209060371A10BB50001EC87E /* reuters-wider */ = {
			isa = PBXNativeTarget;
			buildConfigurationList = 2090605B1A10BB51001EC87E /* Build configuration list for PBXNativeTarget "reuters-wider" */;
			buildPhases = (
				73CD3EE236D6514C38AB80C9 /* Check Pods Manifest.lock */,
				209060341A10BB50001EC87E /* Sources */,
				209060351A10BB50001EC87E /* Frameworks */,
				209060361A10BB50001EC87E /* Resources */,
				2E50AA44F2F1294BBF5B784D /* Copy Pods Resources */,
			);
			buildRules = (
			);
			dependencies = (
			);
			name = "reuters-wider";
			productName = "reuters-wider";
			productReference = 209060381A10BB50001EC87E /* reuters-wider.app */;
			productType = "com.apple.product-type.application";
		};
		209060501A10BB51001EC87E /* reuters-widerTests */ = {
			isa = PBXNativeTarget;
			buildConfigurationList = 2090605E1A10BB51001EC87E /* Build configuration list for PBXNativeTarget "reuters-widerTests" */;
			buildPhases = (
				2090604D1A10BB51001EC87E /* Sources */,
				2090604E1A10BB51001EC87E /* Frameworks */,
				2090604F1A10BB51001EC87E /* Resources */,
			);
			buildRules = (
			);
			dependencies = (
				209060531A10BB51001EC87E /* PBXTargetDependency */,
			);
			name = "reuters-widerTests";
			productName = "reuters-widerTests";
			productReference = 209060511A10BB51001EC87E /* reuters-widerTests.xctest */;
			productType = "com.apple.product-type.bundle.unit-test";
		};
/* End PBXNativeTarget section */

/* Begin PBXProject section */
		209060301A10BB50001EC87E /* Project object */ = {
			isa = PBXProject;
			attributes = {
				CLASSPREFIX = CS;
				LastUpgradeCheck = 0610;
				ORGANIZATIONNAME = Gobelins;
				TargetAttributes = {
					209060371A10BB50001EC87E = {
						CreatedOnToolsVersion = 6.1;
						DevelopmentTeam = 3RQFQA54Q5;
					};
					209060501A10BB51001EC87E = {
						CreatedOnToolsVersion = 6.1;
						TestTargetID = 209060371A10BB50001EC87E;
					};
				};
			};
			buildConfigurationList = 209060331A10BB50001EC87E /* Build configuration list for PBXProject "reuters-wider" */;
			compatibilityVersion = "Xcode 3.2";
			developmentRegion = English;
			hasScannedForEncodings = 0;
			knownRegions = (
				en,
				Base,
			);
			mainGroup = 2090602F1A10BB50001EC87E;
			productRefGroup = 209060391A10BB50001EC87E /* Products */;
			projectDirPath = "";
			projectRoot = "";
			targets = (
				209060371A10BB50001EC87E /* reuters-wider */,
				209060501A10BB51001EC87E /* reuters-widerTests */,
			);
		};
/* End PBXProject section */

/* Begin PBXResourcesBuildPhase section */
		209060361A10BB50001EC87E /* Resources */ = {
			isa = PBXResourcesBuildPhase;
			buildActionMask = 2147483647;
			files = (
				209CF3111A59E66400A8A954 /* cover-hong-kong-for-democracy.mp4 in Resources */,
				209CF3121A59E66400A8A954 /* cover-future-energy-in-cities.mp4 in Resources */,
				209CF3131A59E66400A8A954 /* cover-social-impact-investing.mp4 in Resources */,
				20801A7B1A23609600EF38F3 /* Leitura-Italic1.otf in Resources */,
				202833391A3DE728002DCA1C /* CSInArticleGlossaryDefinition.xib in Resources */,
				208B5F541A534822003D4718 /* CSStickyMenu.xib in Resources */,
				EB469E5C1A275FAB001C7B02 /* CSStatementBlockTableViewCell.xib in Resources */,
				20801A801A23609600EF38F3 /* Leitura-Roman3.otf in Resources */,
				EB469E561A275CD1001C7B02 /* CSParagraphBlockTableViewCell.xib in Resources */,
				208B5F671A537BD0003D4718 /* CSKeyfiguresBlockTableViewCell.xib in Resources */,
				2088A6841A5D955F00EB2B57 /* Leitura-Italic3.otf in Resources */,
				EB9BC7FE1A5C301B00A7BFA7 /* CSImplicationBlockTableViewCell.xib in Resources */,
				20801A7C1A23609600EF38F3 /* Leitura-Italic2.otf in Resources */,
				EB3B871F1A5AD1E000DB58AD /* CSInterviewBlockTableViewCell.xib in Resources */,
				20801A871A2360A800EF38F3 /* Calibre-Light.otf in Resources */,
				208B5F5B1A537950003D4718 /* CSKeywordsBlockTableViewCell.xib in Resources */,
				202B7EF41A30BA2C000E13C7 /* CSFigureBlockTableViewCell.xib in Resources */,
				EBA936921A5D34B400689F5E /* CSNightModeLayer.xib in Resources */,
				EB469E621A276508001C7B02 /* CSPovBlockTableViewCell.xib in Resources */,
				208B5F5E1A537974003D4718 /* CSTransitionBlockTableViewCell.xib in Resources */,
				EB469E501A275A70001C7B02 /* CSTeasingBlockTableViewCell.xib in Resources */,
				20801A851A2360A800EF38F3 /* Archer-Thin.otf in Resources */,
				20801A7E1A23609600EF38F3 /* Leitura-Roman1.otf in Resources */,
				20801A7F1A23609600EF38F3 /* Leitura-Roman2.otf in Resources */,
				20A9A3B01A5FEC260080E9AE /* honk-kong-interview.mp4 in Resources */,
				209060471A10BB50001EC87E /* Main.storyboard in Resources */,
				208B5F6A1A538144003D4718 /* CSImageBlockTableViewCell.xib in Resources */,
				206FD85B1A30CE1700636737 /* CSAsideBlockTableViewCell.xib in Resources */,
				20801A881A2360A800EF38F3 /* Calibre-Reg.otf in Resources */,
				20C176EB1A34E1180021C64C /* CSPartBlockTableViewCell.xib in Resources */,
				EB469E4A1A275841001C7B02 /* CSMetaBlockTableViewCell.xib in Resources */,
				20965A9D1A5C1DF1008DDCA6 /* Calibre-Medium.otf in Resources */,
				2090604C1A10BB51001EC87E /* LaunchScreen.xib in Resources */,
				203010381A25ECFC0088FD7C /* articles.json in Resources */,
				20965A9B1A5C193C008DDCA6 /* CSKeyfigureKeyView.xib in Resources */,
				202B7EEE1A3070F7000E13C7 /* CSSubtitleBlockTableViewCell.xib in Resources */,
				209060491A10BB50001EC87E /* Images.xcassets in Resources */,
			);
			runOnlyForDeploymentPostprocessing = 0;
		};
		2090604F1A10BB51001EC87E /* Resources */ = {
			isa = PBXResourcesBuildPhase;
			buildActionMask = 2147483647;
			files = (
			);
			runOnlyForDeploymentPostprocessing = 0;
		};
/* End PBXResourcesBuildPhase section */

/* Begin PBXShellScriptBuildPhase section */
		2E50AA44F2F1294BBF5B784D /* Copy Pods Resources */ = {
			isa = PBXShellScriptBuildPhase;
			buildActionMask = 2147483647;
			files = (
			);
			inputPaths = (
			);
			name = "Copy Pods Resources";
			outputPaths = (
			);
			runOnlyForDeploymentPostprocessing = 0;
			shellPath = /bin/sh;
			shellScript = "\"${SRCROOT}/Pods/Target Support Files/Pods/Pods-resources.sh\"\n";
			showEnvVarsInLog = 0;
		};
		73CD3EE236D6514C38AB80C9 /* Check Pods Manifest.lock */ = {
			isa = PBXShellScriptBuildPhase;
			buildActionMask = 2147483647;
			files = (
			);
			inputPaths = (
			);
			name = "Check Pods Manifest.lock";
			outputPaths = (
			);
			runOnlyForDeploymentPostprocessing = 0;
			shellPath = /bin/sh;
			shellScript = "diff \"${PODS_ROOT}/../Podfile.lock\" \"${PODS_ROOT}/Manifest.lock\" > /dev/null\nif [[ $? != 0 ]] ; then\n    cat << EOM\nerror: The sandbox is not in sync with the Podfile.lock. Run 'pod install' or update your CocoaPods installation.\nEOM\n    exit 1\nfi\n";
			showEnvVarsInLog = 0;
		};
/* End PBXShellScriptBuildPhase section */

/* Begin PBXSourcesBuildPhase section */
		209060341A10BB50001EC87E /* Sources */ = {
			isa = PBXSourcesBuildPhase;
			buildActionMask = 2147483647;
			files = (
				EB469E481A27582E001C7B02 /* CSMetaBlockTableViewCell.m in Sources */,
				209CF3051A58394200A8A954 /* CSSummaryEntryTableViewCell.m in Sources */,
				205A428B1A5DE52900BD5185 /* CSBoucingView.m in Sources */,
				EB469E601A2764C9001C7B02 /* CSPovBlockTableViewCell.m in Sources */,
				209CF3081A583AD500A8A954 /* CSPartModel.m in Sources */,
				20A55B0F1A223B32003B601B /* CSIssuesPreviewFlowLayout.m in Sources */,
				208C9D091A10F15E00517B46 /* CSHomeArchivesTransition.m in Sources */,
				208B5FAC1A55E7D8003D4718 /* CSArticleSummaryTransition.m in Sources */,
				20801A8F1A237F2E00EF38F3 /* CSIssuesPreviewCollectionView.m in Sources */,
				EB469E4E1A275A5F001C7B02 /* CSTeasingBlockTableViewCell.m in Sources */,
				209060411A10BB50001EC87E /* AppDelegate.m in Sources */,
				20C176EE1A3506690021C64C /* CSArticlePartViewController.m in Sources */,
				EB469E541A275CBC001C7B02 /* CSParagraphBlockTableViewCell.m in Sources */,
				2090603E1A10BB50001EC87E /* main.m in Sources */,
				208B5F611A537980003D4718 /* CSTransitionBlockTableViewCell.m in Sources */,
				206FD85E1A30CE4400636737 /* CSAsideBlockTableViewCell.m in Sources */,
				EB9BC8011A5C303900A7BFA7 /* CSImplicationBlockTableViewCell.m in Sources */,
				203010441A25FE140088FD7C /* CSBlockModel.m in Sources */,
				EBA936951A5D34CC00689F5E /* CSNightModeLayer.m in Sources */,
				208B5F591A53793A003D4718 /* CSKeywordsBlockTableViewCell.m in Sources */,
				20BACB7B1A1AA33C00EB78CC /* CSHomeViewController.m in Sources */,
				20C176C91A347F550021C64C /* CSDefinitionModel.m in Sources */,
				2030104B1A2605230088FD7C /* CSArticleData.m in Sources */,
				208B5F6D1A538154003D4718 /* CSImageBlockTableViewCell.m in Sources */,
				20A55B0B1A222C46003B601B /* CSMainNavigationController.m in Sources */,
				20965A991A5C191A008DDCA6 /* CSKeyfigureKeyView.m in Sources */,
				20CABEB41A27253A00462EE4 /* CSIssuesPreviewPictureViewCell.m in Sources */,
				2030104E1A2608330088FD7C /* CSArticlesModel.m in Sources */,
				20BBDFEA1A2E6B6B00F2A8C4 /* CSAttributedLabel.m in Sources */,
				20801A8C1A23640200EF38F3 /* CSIssuesPreviewDescriptionViewCell.m in Sources */,
				20C0E79F1A2FC4890019C874 /* CSSubtitleBlockTableViewCell.m in Sources */,
				EB469E5A1A275F9A001C7B02 /* CSStatementBlockTableViewCell.m in Sources */,
				20C176E71A34DCAE0021C64C /* CSPartBlockTableViewCell.m in Sources */,
				20B2A7FB1A50AD5E00A9E5A8 /* CSHomeArticleTransition.m in Sources */,
				2030103E1A25FC1E0088FD7C /* CSArticleModel.m in Sources */,
				208B5FB91A55FBA4003D4718 /* CSAbstractInteractiveTransition.m in Sources */,
				202B7EF21A30BA13000E13C7 /* CSFigureBlockTableViewCell.m in Sources */,
				20C176C61A347E0E0021C64C /* CSGlossaryDefinitionTableViewCell.m in Sources */,
				208C9D051A10EFD000517B46 /* CSArchivesViewController.m in Sources */,
				203010471A26009B0088FD7C /* CSBlockContentModel.m in Sources */,
				20965A951A5BF63A008DDCA6 /* CSPagingScrollViewContainerView.m in Sources */,
				206C55EA1A16022400E2B152 /* CSArchivesHomeTransition.m in Sources */,
				208B5FB21A55F894003D4718 /* CSSummaryViewController.m in Sources */,
				20B2A8031A521F2300A9E5A8 /* CSArticleHomeTransition.m in Sources */,
				20B2A7FF1A51BC2900A9E5A8 /* CSScrollViewNavigationControl.m in Sources */,
				209CF30C1A59AD8700A8A954 /* CSProgressionBarView.m in Sources */,
				202833371A3DE528002DCA1C /* CSInArticleGlossaryDefinition.m in Sources */,
				205A428E1A5F4DF100BD5185 /* CSGlobalData.m in Sources */,
				EB3B87221A5AD1F800DB58AD /* CSInterviewBlockTableViewCell.m in Sources */,
				208B5F521A5343FA003D4718 /* CSStickyMenu.m in Sources */,
				2027E9761A530A14007B5E92 /* CSTween.m in Sources */,
				208B5FB61A55FB35003D4718 /* CSSummaryGlossaryTransition.m in Sources */,
				20801A921A237F3E00EF38F3 /* CSGradientIndicatorView.m in Sources */,
				2027E9771A530A14007B5E92 /* CSTweenTimingFunctions.m in Sources */,
				20CABEC01A272ED700462EE4 /* CSAbstractArticleViewCellTableViewCell.m in Sources */,
				208B5F651A537BBB003D4718 /* CSKeyfiguresBlockTableViewCell.m in Sources */,
				20C176D31A349D730021C64C /* CSGlossaryTableViewController.m in Sources */,
			);
			runOnlyForDeploymentPostprocessing = 0;
		};
		2090604D1A10BB51001EC87E /* Sources */ = {
			isa = PBXSourcesBuildPhase;
			buildActionMask = 2147483647;
			files = (
				209060581A10BB51001EC87E /* reuters_widerTests.m in Sources */,
			);
			runOnlyForDeploymentPostprocessing = 0;
		};
/* End PBXSourcesBuildPhase section */

/* Begin PBXTargetDependency section */
		209060531A10BB51001EC87E /* PBXTargetDependency */ = {
			isa = PBXTargetDependency;
			target = 209060371A10BB50001EC87E /* reuters-wider */;
			targetProxy = 209060521A10BB51001EC87E /* PBXContainerItemProxy */;
		};
/* End PBXTargetDependency section */

/* Begin PBXVariantGroup section */
		209060451A10BB50001EC87E /* Main.storyboard */ = {
			isa = PBXVariantGroup;
			children = (
				209060461A10BB50001EC87E /* Base */,
			);
			name = Main.storyboard;
			sourceTree = "<group>";
		};
		2090604A1A10BB51001EC87E /* LaunchScreen.xib */ = {
			isa = PBXVariantGroup;
			children = (
				2090604B1A10BB51001EC87E /* Base */,
			);
			name = LaunchScreen.xib;
			sourceTree = "<group>";
		};
/* End PBXVariantGroup section */

/* Begin XCBuildConfiguration section */
		209060591A10BB51001EC87E /* Debug */ = {
			isa = XCBuildConfiguration;
			buildSettings = {
				ALWAYS_SEARCH_USER_PATHS = NO;
				CLANG_CXX_LANGUAGE_STANDARD = "gnu++0x";
				CLANG_CXX_LIBRARY = "libc++";
				CLANG_ENABLE_MODULES = YES;
				CLANG_ENABLE_OBJC_ARC = YES;
				CLANG_WARN_BOOL_CONVERSION = YES;
				CLANG_WARN_CONSTANT_CONVERSION = YES;
				CLANG_WARN_DIRECT_OBJC_ISA_USAGE = YES_ERROR;
				CLANG_WARN_EMPTY_BODY = YES;
				CLANG_WARN_ENUM_CONVERSION = YES;
				CLANG_WARN_INT_CONVERSION = YES;
				CLANG_WARN_OBJC_ROOT_CLASS = YES_ERROR;
				CLANG_WARN_UNREACHABLE_CODE = YES;
				CLANG_WARN__DUPLICATE_METHOD_MATCH = YES;
				"CODE_SIGN_IDENTITY[sdk=iphoneos*]" = "iPhone Developer";
				COPY_PHASE_STRIP = NO;
				ENABLE_STRICT_OBJC_MSGSEND = YES;
				GCC_C_LANGUAGE_STANDARD = gnu99;
				GCC_DYNAMIC_NO_PIC = NO;
				GCC_OPTIMIZATION_LEVEL = 0;
				GCC_PREPROCESSOR_DEFINITIONS = (
					"DEBUG=1",
					"$(inherited)",
				);
				GCC_SYMBOLS_PRIVATE_EXTERN = NO;
				GCC_WARN_64_TO_32_BIT_CONVERSION = YES;
				GCC_WARN_ABOUT_RETURN_TYPE = YES_ERROR;
				GCC_WARN_UNDECLARED_SELECTOR = YES;
				GCC_WARN_UNINITIALIZED_AUTOS = YES_AGGRESSIVE;
				GCC_WARN_UNUSED_FUNCTION = YES;
				GCC_WARN_UNUSED_VARIABLE = YES;
				IPHONEOS_DEPLOYMENT_TARGET = 8.1;
				MTL_ENABLE_DEBUG_INFO = YES;
				ONLY_ACTIVE_ARCH = YES;
				SDKROOT = iphoneos;
			};
			name = Debug;
		};
		2090605A1A10BB51001EC87E /* Release */ = {
			isa = XCBuildConfiguration;
			buildSettings = {
				ALWAYS_SEARCH_USER_PATHS = NO;
				CLANG_CXX_LANGUAGE_STANDARD = "gnu++0x";
				CLANG_CXX_LIBRARY = "libc++";
				CLANG_ENABLE_MODULES = YES;
				CLANG_ENABLE_OBJC_ARC = YES;
				CLANG_WARN_BOOL_CONVERSION = YES;
				CLANG_WARN_CONSTANT_CONVERSION = YES;
				CLANG_WARN_DIRECT_OBJC_ISA_USAGE = YES_ERROR;
				CLANG_WARN_EMPTY_BODY = YES;
				CLANG_WARN_ENUM_CONVERSION = YES;
				CLANG_WARN_INT_CONVERSION = YES;
				CLANG_WARN_OBJC_ROOT_CLASS = YES_ERROR;
				CLANG_WARN_UNREACHABLE_CODE = YES;
				CLANG_WARN__DUPLICATE_METHOD_MATCH = YES;
				"CODE_SIGN_IDENTITY[sdk=iphoneos*]" = "iPhone Developer";
				COPY_PHASE_STRIP = YES;
				ENABLE_NS_ASSERTIONS = NO;
				ENABLE_STRICT_OBJC_MSGSEND = YES;
				GCC_C_LANGUAGE_STANDARD = gnu99;
				GCC_WARN_64_TO_32_BIT_CONVERSION = YES;
				GCC_WARN_ABOUT_RETURN_TYPE = YES_ERROR;
				GCC_WARN_UNDECLARED_SELECTOR = YES;
				GCC_WARN_UNINITIALIZED_AUTOS = YES_AGGRESSIVE;
				GCC_WARN_UNUSED_FUNCTION = YES;
				GCC_WARN_UNUSED_VARIABLE = YES;
				IPHONEOS_DEPLOYMENT_TARGET = 8.1;
				MTL_ENABLE_DEBUG_INFO = NO;
				SDKROOT = iphoneos;
				VALIDATE_PRODUCT = YES;
			};
			name = Release;
		};
		2090605C1A10BB51001EC87E /* Debug */ = {
			isa = XCBuildConfiguration;
			baseConfigurationReference = CF6F3471471999C3208FDAAE /* Pods.debug.xcconfig */;
			buildSettings = {
				ASSETCATALOG_COMPILER_APPICON_NAME = AppIcon;
				CODE_SIGN_IDENTITY = "iPhone Developer";
				GCC_PRECOMPILE_PREFIX_HEADER = YES;
				GCC_PREFIX_HEADER = "$(SRCROOT)/$(PROJECT_NAME)/reuters-wider-Prefix.pch";
				INFOPLIST_FILE = "reuters-wider/Info.plist";
				LD_RUNPATH_SEARCH_PATHS = "$(inherited) @executable_path/Frameworks";
				PRODUCT_NAME = "$(TARGET_NAME)";
			};
			name = Debug;
		};
		2090605D1A10BB51001EC87E /* Release */ = {
			isa = XCBuildConfiguration;
			baseConfigurationReference = 88E1419E8DE38584B52B073B /* Pods.release.xcconfig */;
			buildSettings = {
				ASSETCATALOG_COMPILER_APPICON_NAME = AppIcon;
				CODE_SIGN_IDENTITY = "iPhone Developer";
				GCC_PRECOMPILE_PREFIX_HEADER = YES;
				GCC_PREFIX_HEADER = "$(SRCROOT)/$(PROJECT_NAME)/reuters-wider-Prefix.pch";
				INFOPLIST_FILE = "reuters-wider/Info.plist";
				LD_RUNPATH_SEARCH_PATHS = "$(inherited) @executable_path/Frameworks";
				PRODUCT_NAME = "$(TARGET_NAME)";
			};
			name = Release;
		};
		2090605F1A10BB51001EC87E /* Debug */ = {
			isa = XCBuildConfiguration;
			buildSettings = {
				BUNDLE_LOADER = "$(TEST_HOST)";
				FRAMEWORK_SEARCH_PATHS = (
					"$(SDKROOT)/Developer/Library/Frameworks",
					"$(inherited)",
				);
				GCC_PREPROCESSOR_DEFINITIONS = (
					"DEBUG=1",
					"$(inherited)",
				);
				INFOPLIST_FILE = "reuters-widerTests/Info.plist";
				LD_RUNPATH_SEARCH_PATHS = "$(inherited) @executable_path/Frameworks @loader_path/Frameworks";
				PRODUCT_NAME = "$(TARGET_NAME)";
				TEST_HOST = "$(BUILT_PRODUCTS_DIR)/reuters-wider.app/reuters-wider";
			};
			name = Debug;
		};
		209060601A10BB51001EC87E /* Release */ = {
			isa = XCBuildConfiguration;
			buildSettings = {
				BUNDLE_LOADER = "$(TEST_HOST)";
				FRAMEWORK_SEARCH_PATHS = (
					"$(SDKROOT)/Developer/Library/Frameworks",
					"$(inherited)",
				);
				INFOPLIST_FILE = "reuters-widerTests/Info.plist";
				LD_RUNPATH_SEARCH_PATHS = "$(inherited) @executable_path/Frameworks @loader_path/Frameworks";
				PRODUCT_NAME = "$(TARGET_NAME)";
				TEST_HOST = "$(BUILT_PRODUCTS_DIR)/reuters-wider.app/reuters-wider";
			};
			name = Release;
		};
/* End XCBuildConfiguration section */

/* Begin XCConfigurationList section */
		209060331A10BB50001EC87E /* Build configuration list for PBXProject "reuters-wider" */ = {
			isa = XCConfigurationList;
			buildConfigurations = (
				209060591A10BB51001EC87E /* Debug */,
				2090605A1A10BB51001EC87E /* Release */,
			);
			defaultConfigurationIsVisible = 0;
			defaultConfigurationName = Release;
		};
		2090605B1A10BB51001EC87E /* Build configuration list for PBXNativeTarget "reuters-wider" */ = {
			isa = XCConfigurationList;
			buildConfigurations = (
				2090605C1A10BB51001EC87E /* Debug */,
				2090605D1A10BB51001EC87E /* Release */,
			);
			defaultConfigurationIsVisible = 0;
			defaultConfigurationName = Release;
		};
		2090605E1A10BB51001EC87E /* Build configuration list for PBXNativeTarget "reuters-widerTests" */ = {
			isa = XCConfigurationList;
			buildConfigurations = (
				2090605F1A10BB51001EC87E /* Debug */,
				209060601A10BB51001EC87E /* Release */,
			);
			defaultConfigurationIsVisible = 0;
			defaultConfigurationName = Release;
		};
/* End XCConfigurationList section */
	};
	rootObject = 209060301A10BB50001EC87E /* Project object */;
}
